// !$*UTF8*$!
{
	archiveVersion = 1;
	classes = {
	};
	objectVersion = 56;
	objects = {

/* Begin PBXBuildFile section */
		D25BB7A328EB24EF00CC1118 /* EssentialFeed.framework in Frameworks */ = {isa = PBXBuildFile; fileRef = D25BB79A28EB24EF00CC1118 /* EssentialFeed.framework */; };
		D25BB7B428EB271500CC1118 /* FeedItemsMapperTests.swift in Sources */ = {isa = PBXBuildFile; fileRef = D25BB7B328EB271500CC1118 /* FeedItemsMapperTests.swift */; };
		D25BB7B728EB277800CC1118 /* SharedTestHelpers.swift in Sources */ = {isa = PBXBuildFile; fileRef = D25BB7B628EB277800CC1118 /* SharedTestHelpers.swift */; };
		D25BB7BA28EB27B000CC1118 /* FeedImage.swift in Sources */ = {isa = PBXBuildFile; fileRef = D25BB7B928EB27B000CC1118 /* FeedImage.swift */; };
		D25BB7BC28EB27C600CC1118 /* FeedItemsMapper.swift in Sources */ = {isa = PBXBuildFile; fileRef = D25BB7BB28EB27C600CC1118 /* FeedItemsMapper.swift */; };
		D25BB7C028EB281B00CC1118 /* HTTPURLResponse+StatusCode.swift in Sources */ = {isa = PBXBuildFile; fileRef = D25BB7BF28EB281B00CC1118 /* HTTPURLResponse+StatusCode.swift */; };
		D274AC3F28EDC9530012EAEF /* CacheFeedUseCaseTests.swift in Sources */ = {isa = PBXBuildFile; fileRef = D274AC3E28EDC9530012EAEF /* CacheFeedUseCaseTests.swift */; };
		D274AC4228EDC9C50012EAEF /* LocalFeedLoader.swift in Sources */ = {isa = PBXBuildFile; fileRef = D274AC4128EDC9C50012EAEF /* LocalFeedLoader.swift */; };
		D274AC4528EDCA040012EAEF /* FeedStoreSpy.swift in Sources */ = {isa = PBXBuildFile; fileRef = D274AC4428EDCA040012EAEF /* FeedStoreSpy.swift */; };
		D274AC4728EDCA280012EAEF /* FeedStore.swift in Sources */ = {isa = PBXBuildFile; fileRef = D274AC4628EDCA280012EAEF /* FeedStore.swift */; };
		D274AC4928EDCA3B0012EAEF /* LocalFeedImage.swift in Sources */ = {isa = PBXBuildFile; fileRef = D274AC4828EDCA3B0012EAEF /* LocalFeedImage.swift */; };
		D274AC4B28EDCAFC0012EAEF /* FeedCacheTestHelpers.swift in Sources */ = {isa = PBXBuildFile; fileRef = D274AC4A28EDCAFC0012EAEF /* FeedCacheTestHelpers.swift */; };
		D274AC4D28EDCB4F0012EAEF /* FeedCache.swift in Sources */ = {isa = PBXBuildFile; fileRef = D274AC4C28EDCB4F0012EAEF /* FeedCache.swift */; };
		D274AC4F28EDCD830012EAEF /* LoadFeedFromCacheUseCaseTests.swift in Sources */ = {isa = PBXBuildFile; fileRef = D274AC4E28EDCD830012EAEF /* LoadFeedFromCacheUseCaseTests.swift */; };
		D274AC5328EDCF8A0012EAEF /* ManagedCache.swift in Sources */ = {isa = PBXBuildFile; fileRef = D274AC5228EDCF8A0012EAEF /* ManagedCache.swift */; };
		D274AC5528EDD2770012EAEF /* FeedCachePolicy.swift in Sources */ = {isa = PBXBuildFile; fileRef = D274AC5428EDD2770012EAEF /* FeedCachePolicy.swift */; };
		D274AC5728EDD51D0012EAEF /* ValidateFeedCacheUseCaseTests.swift in Sources */ = {isa = PBXBuildFile; fileRef = D274AC5628EDD51D0012EAEF /* ValidateFeedCacheUseCaseTests.swift */; };
		D274AC5A28EDD95C0012EAEF /* FeedStoreSpecs.swift in Sources */ = {isa = PBXBuildFile; fileRef = D274AC5928EDD95C0012EAEF /* FeedStoreSpecs.swift */; };
		D274AC5C28EDDA6D0012EAEF /* CoreDataFeedStoreTests.swift in Sources */ = {isa = PBXBuildFile; fileRef = D274AC5B28EDDA6D0012EAEF /* CoreDataFeedStoreTests.swift */; };
		D274AC5E28EDDB1A0012EAEF /* XCTestCase+FeedStoreSpecs.swift in Sources */ = {isa = PBXBuildFile; fileRef = D274AC5D28EDDB1A0012EAEF /* XCTestCase+FeedStoreSpecs.swift */; };
		D274AC6228EDDBDC0012EAEF /* XCTestCase+FailableRetrieveFeedStoreSpecs.swift in Sources */ = {isa = PBXBuildFile; fileRef = D274AC6128EDDBDC0012EAEF /* XCTestCase+FailableRetrieveFeedStoreSpecs.swift */; };
		D274AC6428EDDC270012EAEF /* XCTestCase+FailableInsertFeedStoreSpecs.swift in Sources */ = {isa = PBXBuildFile; fileRef = D274AC6328EDDC270012EAEF /* XCTestCase+FailableInsertFeedStoreSpecs.swift */; };
		D2BA8BC228EC6C0F00C09910 /* FeedImageDataMapperTests.swift in Sources */ = {isa = PBXBuildFile; fileRef = D2BA8BC128EC6C0F00C09910 /* FeedImageDataMapperTests.swift */; };
		D2BA8BC428EC6C3A00C09910 /* FeedImageDataMapper.swift in Sources */ = {isa = PBXBuildFile; fileRef = D2BA8BC328EC6C3A00C09910 /* FeedImageDataMapper.swift */; };
		D2BA8BD528EC713100C09910 /* HTTPClient.swift in Sources */ = {isa = PBXBuildFile; fileRef = D2BA8BD428EC713100C09910 /* HTTPClient.swift */; };
		D2BA8BD828EC71B100C09910 /* URLSessionHTTPClientTests.swift in Sources */ = {isa = PBXBuildFile; fileRef = D2BA8BD728EC71B100C09910 /* URLSessionHTTPClientTests.swift */; };
		D2BA8BDB28EC720A00C09910 /* URLProtocolStub.swift in Sources */ = {isa = PBXBuildFile; fileRef = D2BA8BDA28EC720A00C09910 /* URLProtocolStub.swift */; };
		D2BA8BDD28EC726C00C09910 /* XCTestCase+MemoryLeakTracking.swift in Sources */ = {isa = PBXBuildFile; fileRef = D2BA8BDC28EC726C00C09910 /* XCTestCase+MemoryLeakTracking.swift */; };
		D2BA8BE028EC72B000C09910 /* URLSessionHTTPClient.swift in Sources */ = {isa = PBXBuildFile; fileRef = D2BA8BDF28EC72B000C09910 /* URLSessionHTTPClient.swift */; };
		D2BA8BE828EC755600C09910 /* EssentialFeedAPIEndToEndTests.swift in Sources */ = {isa = PBXBuildFile; fileRef = D2BA8BE728EC755600C09910 /* EssentialFeedAPIEndToEndTests.swift */; };
		D2BA8BE928EC755600C09910 /* EssentialFeed.framework in Frameworks */ = {isa = PBXBuildFile; fileRef = D25BB79A28EB24EF00CC1118 /* EssentialFeed.framework */; };
		D2BA8BEF28EC75B000C09910 /* XCTestCase+MemoryLeakTracking.swift in Sources */ = {isa = PBXBuildFile; fileRef = D2BA8BDC28EC726C00C09910 /* XCTestCase+MemoryLeakTracking.swift */; };
/* End PBXBuildFile section */

/* Begin PBXContainerItemProxy section */
		D25BB7A428EB24EF00CC1118 /* PBXContainerItemProxy */ = {
			isa = PBXContainerItemProxy;
			containerPortal = D25BB79128EB24EF00CC1118 /* Project object */;
			proxyType = 1;
			remoteGlobalIDString = D25BB79928EB24EF00CC1118;
			remoteInfo = EssentialFeed;
		};
		D2BA8BEA28EC755600C09910 /* PBXContainerItemProxy */ = {
			isa = PBXContainerItemProxy;
			containerPortal = D25BB79128EB24EF00CC1118 /* Project object */;
			proxyType = 1;
			remoteGlobalIDString = D25BB79928EB24EF00CC1118;
			remoteInfo = EssentialFeed;
		};
/* End PBXContainerItemProxy section */

/* Begin PBXFileReference section */
		D25BB79A28EB24EF00CC1118 /* EssentialFeed.framework */ = {isa = PBXFileReference; explicitFileType = wrapper.framework; includeInIndex = 0; path = EssentialFeed.framework; sourceTree = BUILT_PRODUCTS_DIR; };
		D25BB7A228EB24EF00CC1118 /* EssentialFeedTests.xctest */ = {isa = PBXFileReference; explicitFileType = wrapper.cfbundle; includeInIndex = 0; path = EssentialFeedTests.xctest; sourceTree = BUILT_PRODUCTS_DIR; };
		D25BB7B328EB271500CC1118 /* FeedItemsMapperTests.swift */ = {isa = PBXFileReference; lastKnownFileType = sourcecode.swift; path = FeedItemsMapperTests.swift; sourceTree = "<group>"; };
		D25BB7B628EB277800CC1118 /* SharedTestHelpers.swift */ = {isa = PBXFileReference; lastKnownFileType = sourcecode.swift; path = SharedTestHelpers.swift; sourceTree = "<group>"; };
		D25BB7B928EB27B000CC1118 /* FeedImage.swift */ = {isa = PBXFileReference; lastKnownFileType = sourcecode.swift; path = FeedImage.swift; sourceTree = "<group>"; };
		D25BB7BB28EB27C600CC1118 /* FeedItemsMapper.swift */ = {isa = PBXFileReference; lastKnownFileType = sourcecode.swift; path = FeedItemsMapper.swift; sourceTree = "<group>"; };
		D25BB7BF28EB281B00CC1118 /* HTTPURLResponse+StatusCode.swift */ = {isa = PBXFileReference; lastKnownFileType = sourcecode.swift; path = "HTTPURLResponse+StatusCode.swift"; sourceTree = "<group>"; };
		D274AC3E28EDC9530012EAEF /* CacheFeedUseCaseTests.swift */ = {isa = PBXFileReference; lastKnownFileType = sourcecode.swift; path = CacheFeedUseCaseTests.swift; sourceTree = "<group>"; };
		D274AC4128EDC9C50012EAEF /* LocalFeedLoader.swift */ = {isa = PBXFileReference; lastKnownFileType = sourcecode.swift; path = LocalFeedLoader.swift; sourceTree = "<group>"; };
		D274AC4428EDCA040012EAEF /* FeedStoreSpy.swift */ = {isa = PBXFileReference; lastKnownFileType = sourcecode.swift; path = FeedStoreSpy.swift; sourceTree = "<group>"; };
		D274AC4628EDCA280012EAEF /* FeedStore.swift */ = {isa = PBXFileReference; lastKnownFileType = sourcecode.swift; path = FeedStore.swift; sourceTree = "<group>"; };
		D274AC4828EDCA3B0012EAEF /* LocalFeedImage.swift */ = {isa = PBXFileReference; lastKnownFileType = sourcecode.swift; path = LocalFeedImage.swift; sourceTree = "<group>"; };
		D274AC4A28EDCAFC0012EAEF /* FeedCacheTestHelpers.swift */ = {isa = PBXFileReference; lastKnownFileType = sourcecode.swift; path = FeedCacheTestHelpers.swift; sourceTree = "<group>"; };
		D274AC4C28EDCB4F0012EAEF /* FeedCache.swift */ = {isa = PBXFileReference; lastKnownFileType = sourcecode.swift; path = FeedCache.swift; sourceTree = "<group>"; };
		D274AC4E28EDCD830012EAEF /* LoadFeedFromCacheUseCaseTests.swift */ = {isa = PBXFileReference; lastKnownFileType = sourcecode.swift; path = LoadFeedFromCacheUseCaseTests.swift; sourceTree = "<group>"; };
		D274AC5228EDCF8A0012EAEF /* ManagedCache.swift */ = {isa = PBXFileReference; lastKnownFileType = sourcecode.swift; path = ManagedCache.swift; sourceTree = "<group>"; };
		D274AC5428EDD2770012EAEF /* FeedCachePolicy.swift */ = {isa = PBXFileReference; lastKnownFileType = sourcecode.swift; path = FeedCachePolicy.swift; sourceTree = "<group>"; };
		D274AC5628EDD51D0012EAEF /* ValidateFeedCacheUseCaseTests.swift */ = {isa = PBXFileReference; lastKnownFileType = sourcecode.swift; path = ValidateFeedCacheUseCaseTests.swift; sourceTree = "<group>"; };
		D274AC5928EDD95C0012EAEF /* FeedStoreSpecs.swift */ = {isa = PBXFileReference; lastKnownFileType = sourcecode.swift; path = FeedStoreSpecs.swift; sourceTree = "<group>"; };
		D274AC5B28EDDA6D0012EAEF /* CoreDataFeedStoreTests.swift */ = {isa = PBXFileReference; lastKnownFileType = sourcecode.swift; path = CoreDataFeedStoreTests.swift; sourceTree = "<group>"; };
		D274AC5D28EDDB1A0012EAEF /* XCTestCase+FeedStoreSpecs.swift */ = {isa = PBXFileReference; lastKnownFileType = sourcecode.swift; path = "XCTestCase+FeedStoreSpecs.swift"; sourceTree = "<group>"; };
		D274AC6128EDDBDC0012EAEF /* XCTestCase+FailableRetrieveFeedStoreSpecs.swift */ = {isa = PBXFileReference; lastKnownFileType = sourcecode.swift; path = "XCTestCase+FailableRetrieveFeedStoreSpecs.swift"; sourceTree = "<group>"; };
		D274AC6328EDDC270012EAEF /* XCTestCase+FailableInsertFeedStoreSpecs.swift */ = {isa = PBXFileReference; lastKnownFileType = sourcecode.swift; path = "XCTestCase+FailableInsertFeedStoreSpecs.swift"; sourceTree = "<group>"; };
		D2BA8BC128EC6C0F00C09910 /* FeedImageDataMapperTests.swift */ = {isa = PBXFileReference; lastKnownFileType = sourcecode.swift; path = FeedImageDataMapperTests.swift; sourceTree = "<group>"; };
		D2BA8BC328EC6C3A00C09910 /* FeedImageDataMapper.swift */ = {isa = PBXFileReference; lastKnownFileType = sourcecode.swift; path = FeedImageDataMapper.swift; sourceTree = "<group>"; };
		D2BA8BD428EC713100C09910 /* HTTPClient.swift */ = {isa = PBXFileReference; lastKnownFileType = sourcecode.swift; path = HTTPClient.swift; sourceTree = "<group>"; };
		D2BA8BD728EC71B100C09910 /* URLSessionHTTPClientTests.swift */ = {isa = PBXFileReference; lastKnownFileType = sourcecode.swift; path = URLSessionHTTPClientTests.swift; sourceTree = "<group>"; };
		D2BA8BDA28EC720A00C09910 /* URLProtocolStub.swift */ = {isa = PBXFileReference; lastKnownFileType = sourcecode.swift; path = URLProtocolStub.swift; sourceTree = "<group>"; };
		D2BA8BDC28EC726C00C09910 /* XCTestCase+MemoryLeakTracking.swift */ = {isa = PBXFileReference; lastKnownFileType = sourcecode.swift; path = "XCTestCase+MemoryLeakTracking.swift"; sourceTree = "<group>"; };
		D2BA8BDF28EC72B000C09910 /* URLSessionHTTPClient.swift */ = {isa = PBXFileReference; lastKnownFileType = sourcecode.swift; path = URLSessionHTTPClient.swift; sourceTree = "<group>"; };
		D2BA8BE528EC755600C09910 /* EssentialFeedAPIEndToEndTests.xctest */ = {isa = PBXFileReference; explicitFileType = wrapper.cfbundle; includeInIndex = 0; path = EssentialFeedAPIEndToEndTests.xctest; sourceTree = BUILT_PRODUCTS_DIR; };
		D2BA8BE728EC755600C09910 /* EssentialFeedAPIEndToEndTests.swift */ = {isa = PBXFileReference; lastKnownFileType = sourcecode.swift; path = EssentialFeedAPIEndToEndTests.swift; sourceTree = "<group>"; };
/* End PBXFileReference section */

/* Begin PBXFrameworksBuildPhase section */
		D25BB79728EB24EF00CC1118 /* Frameworks */ = {
			isa = PBXFrameworksBuildPhase;
			buildActionMask = 2147483647;
			files = (
			);
			runOnlyForDeploymentPostprocessing = 0;
		};
		D25BB79F28EB24EF00CC1118 /* Frameworks */ = {
			isa = PBXFrameworksBuildPhase;
			buildActionMask = 2147483647;
			files = (
				D25BB7A328EB24EF00CC1118 /* EssentialFeed.framework in Frameworks */,
			);
			runOnlyForDeploymentPostprocessing = 0;
		};
		D2BA8BE228EC755600C09910 /* Frameworks */ = {
			isa = PBXFrameworksBuildPhase;
			buildActionMask = 2147483647;
			files = (
				D2BA8BE928EC755600C09910 /* EssentialFeed.framework in Frameworks */,
			);
			runOnlyForDeploymentPostprocessing = 0;
		};
/* End PBXFrameworksBuildPhase section */

/* Begin PBXGroup section */
		D25BB79028EB24EF00CC1118 = {
			isa = PBXGroup;
			children = (
				D25BB79C28EB24EF00CC1118 /* EssentialFeed */,
				D25BB7A628EB24EF00CC1118 /* EssentialFeedTests */,
				D2BA8BE628EC755600C09910 /* EssentialFeedAPIEndToEndTests */,
				D25BB79B28EB24EF00CC1118 /* Products */,
			);
			sourceTree = "<group>";
		};
		D25BB79B28EB24EF00CC1118 /* Products */ = {
			isa = PBXGroup;
			children = (
				D25BB79A28EB24EF00CC1118 /* EssentialFeed.framework */,
				D25BB7A228EB24EF00CC1118 /* EssentialFeedTests.xctest */,
				D2BA8BE528EC755600C09910 /* EssentialFeedAPIEndToEndTests.xctest */,
			);
			name = Products;
			sourceTree = "<group>";
		};
		D25BB79C28EB24EF00CC1118 /* EssentialFeed */ = {
			isa = PBXGroup;
			children = (
				D2BA8BD328EC712700C09910 /* Shared API */,
				D2BA8BDE28EC729800C09910 /* Shared API Infra */,
				D25BB7BD28EB27CA00CC1118 /* Feed API */,
				D274AC4028EDC9A10012EAEF /* Feed Cache */,
				D25BB7B828EB27A500CC1118 /* Feed Feature */,
			);
			path = EssentialFeed;
			sourceTree = "<group>";
		};
		D25BB7A628EB24EF00CC1118 /* EssentialFeedTests */ = {
			isa = PBXGroup;
			children = (
				D25BB7B528EB276500CC1118 /* Helpers */,
				D2BA8BD628EC719300C09910 /* Shared API Infra */,
				D25BB7B228EB270000CC1118 /* Feed API */,
				D274AC3D28EDC93C0012EAEF /* Feed Cache */,
			);
			path = EssentialFeedTests;
			sourceTree = "<group>";
		};
		D25BB7B228EB270000CC1118 /* Feed API */ = {
			isa = PBXGroup;
			children = (
				D25BB7B328EB271500CC1118 /* FeedItemsMapperTests.swift */,
				D2BA8BC128EC6C0F00C09910 /* FeedImageDataMapperTests.swift */,
			);
			path = "Feed API";
			sourceTree = "<group>";
		};
		D25BB7B528EB276500CC1118 /* Helpers */ = {
			isa = PBXGroup;
			children = (
				D25BB7B628EB277800CC1118 /* SharedTestHelpers.swift */,
				D2BA8BDC28EC726C00C09910 /* XCTestCase+MemoryLeakTracking.swift */,
			);
			path = Helpers;
			sourceTree = "<group>";
		};
		D25BB7B828EB27A500CC1118 /* Feed Feature */ = {
			isa = PBXGroup;
			children = (
				D274AC4C28EDCB4F0012EAEF /* FeedCache.swift */,
				D25BB7B928EB27B000CC1118 /* FeedImage.swift */,
			);
			path = "Feed Feature";
			sourceTree = "<group>";
		};
		D25BB7BD28EB27CA00CC1118 /* Feed API */ = {
			isa = PBXGroup;
			children = (
				D25BB7BE28EB280300CC1118 /* Helpers */,
				D2BA8BC328EC6C3A00C09910 /* FeedImageDataMapper.swift */,
				D25BB7BB28EB27C600CC1118 /* FeedItemsMapper.swift */,
			);
			path = "Feed API";
			sourceTree = "<group>";
		};
		D25BB7BE28EB280300CC1118 /* Helpers */ = {
			isa = PBXGroup;
			children = (
				D25BB7BF28EB281B00CC1118 /* HTTPURLResponse+StatusCode.swift */,
			);
			path = Helpers;
			sourceTree = "<group>";
		};
		D274AC3D28EDC93C0012EAEF /* Feed Cache */ = {
			isa = PBXGroup;
			children = (
				D274AC4328EDC9F30012EAEF /* Helpers */,
				D274AC5828EDD93C0012EAEF /* FeedStoreSpecs */,
				D274AC3E28EDC9530012EAEF /* CacheFeedUseCaseTests.swift */,
				D274AC5B28EDDA6D0012EAEF /* CoreDataFeedStoreTests.swift */,
				D274AC4E28EDCD830012EAEF /* LoadFeedFromCacheUseCaseTests.swift */,
				D274AC5628EDD51D0012EAEF /* ValidateFeedCacheUseCaseTests.swift */,
			);
			path = "Feed Cache";
			sourceTree = "<group>";
		};
		D274AC4028EDC9A10012EAEF /* Feed Cache */ = {
			isa = PBXGroup;
			children = (
				D274AC5028EDCF690012EAEF /* Infrastructure */,
				D274AC5428EDD2770012EAEF /* FeedCachePolicy.swift */,
				D274AC4628EDCA280012EAEF /* FeedStore.swift */,
				D274AC4828EDCA3B0012EAEF /* LocalFeedImage.swift */,
				D274AC4128EDC9C50012EAEF /* LocalFeedLoader.swift */,
			);
			path = "Feed Cache";
			sourceTree = "<group>";
		};
		D274AC4328EDC9F30012EAEF /* Helpers */ = {
			isa = PBXGroup;
			children = (
				D274AC4428EDCA040012EAEF /* FeedStoreSpy.swift */,
				D274AC4A28EDCAFC0012EAEF /* FeedCacheTestHelpers.swift */,
			);
			path = Helpers;
			sourceTree = "<group>";
		};
		D274AC5028EDCF690012EAEF /* Infrastructure */ = {
			isa = PBXGroup;
			children = (
				D274AC5128EDCF780012EAEF /* CoreData */,
			);
			path = Infrastructure;
			sourceTree = "<group>";
		};
		D274AC5128EDCF780012EAEF /* CoreData */ = {
			isa = PBXGroup;
			children = (
				D274AC5228EDCF8A0012EAEF /* ManagedCache.swift */,
			);
			path = CoreData;
			sourceTree = "<group>";
		};
		D274AC5828EDD93C0012EAEF /* FeedStoreSpecs */ = {
			isa = PBXGroup;
			children = (
				D274AC5928EDD95C0012EAEF /* FeedStoreSpecs.swift */,
				D274AC5D28EDDB1A0012EAEF /* XCTestCase+FeedStoreSpecs.swift */,
				D274AC6128EDDBDC0012EAEF /* XCTestCase+FailableRetrieveFeedStoreSpecs.swift */,
				D274AC6328EDDC270012EAEF /* XCTestCase+FailableInsertFeedStoreSpecs.swift */,
			);
			path = FeedStoreSpecs;
			sourceTree = "<group>";
		};
		D2BA8BD328EC712700C09910 /* Shared API */ = {
			isa = PBXGroup;
			children = (
				D2BA8BD428EC713100C09910 /* HTTPClient.swift */,
			);
			path = "Shared API";
			sourceTree = "<group>";
		};
		D2BA8BD628EC719300C09910 /* Shared API Infra */ = {
			isa = PBXGroup;
			children = (
				D2BA8BD928EC720100C09910 /* Helpers */,
				D2BA8BD728EC71B100C09910 /* URLSessionHTTPClientTests.swift */,
			);
			path = "Shared API Infra";
			sourceTree = "<group>";
		};
		D2BA8BD928EC720100C09910 /* Helpers */ = {
			isa = PBXGroup;
			children = (
				D2BA8BDA28EC720A00C09910 /* URLProtocolStub.swift */,
			);
			path = Helpers;
			sourceTree = "<group>";
		};
		D2BA8BDE28EC729800C09910 /* Shared API Infra */ = {
			isa = PBXGroup;
			children = (
				D2BA8BDF28EC72B000C09910 /* URLSessionHTTPClient.swift */,
			);
			path = "Shared API Infra";
			sourceTree = "<group>";
		};
		D2BA8BE628EC755600C09910 /* EssentialFeedAPIEndToEndTests */ = {
			isa = PBXGroup;
			children = (
				D2BA8BE728EC755600C09910 /* EssentialFeedAPIEndToEndTests.swift */,
			);
			path = EssentialFeedAPIEndToEndTests;
			sourceTree = "<group>";
		};
/* End PBXGroup section */

/* Begin PBXHeadersBuildPhase section */
		D25BB79528EB24EF00CC1118 /* Headers */ = {
			isa = PBXHeadersBuildPhase;
			buildActionMask = 2147483647;
			files = (
			);
			runOnlyForDeploymentPostprocessing = 0;
		};
/* End PBXHeadersBuildPhase section */

/* Begin PBXNativeTarget section */
		D25BB79928EB24EF00CC1118 /* EssentialFeed */ = {
			isa = PBXNativeTarget;
			buildConfigurationList = D25BB7AC28EB24EF00CC1118 /* Build configuration list for PBXNativeTarget "EssentialFeed" */;
			buildPhases = (
				D25BB79528EB24EF00CC1118 /* Headers */,
				D25BB79628EB24EF00CC1118 /* Sources */,
				D25BB79728EB24EF00CC1118 /* Frameworks */,
				D25BB79828EB24EF00CC1118 /* Resources */,
			);
			buildRules = (
			);
			dependencies = (
			);
			name = EssentialFeed;
			productName = EssentialFeed;
			productReference = D25BB79A28EB24EF00CC1118 /* EssentialFeed.framework */;
			productType = "com.apple.product-type.framework";
		};
		D25BB7A128EB24EF00CC1118 /* EssentialFeedTests */ = {
			isa = PBXNativeTarget;
			buildConfigurationList = D25BB7AF28EB24EF00CC1118 /* Build configuration list for PBXNativeTarget "EssentialFeedTests" */;
			buildPhases = (
				D25BB79E28EB24EF00CC1118 /* Sources */,
				D25BB79F28EB24EF00CC1118 /* Frameworks */,
				D25BB7A028EB24EF00CC1118 /* Resources */,
			);
			buildRules = (
			);
			dependencies = (
				D25BB7A528EB24EF00CC1118 /* PBXTargetDependency */,
			);
			name = EssentialFeedTests;
			productName = EssentialFeedTests;
			productReference = D25BB7A228EB24EF00CC1118 /* EssentialFeedTests.xctest */;
			productType = "com.apple.product-type.bundle.unit-test";
		};
		D2BA8BE428EC755600C09910 /* EssentialFeedAPIEndToEndTests */ = {
			isa = PBXNativeTarget;
			buildConfigurationList = D2BA8BEC28EC755600C09910 /* Build configuration list for PBXNativeTarget "EssentialFeedAPIEndToEndTests" */;
			buildPhases = (
				D2BA8BE128EC755600C09910 /* Sources */,
				D2BA8BE228EC755600C09910 /* Frameworks */,
				D2BA8BE328EC755600C09910 /* Resources */,
			);
			buildRules = (
			);
			dependencies = (
				D2BA8BEB28EC755600C09910 /* PBXTargetDependency */,
			);
			name = EssentialFeedAPIEndToEndTests;
			productName = EssentialFeedAPIEndToEndTests;
			productReference = D2BA8BE528EC755600C09910 /* EssentialFeedAPIEndToEndTests.xctest */;
			productType = "com.apple.product-type.bundle.unit-test";
		};
/* End PBXNativeTarget section */

/* Begin PBXProject section */
		D25BB79128EB24EF00CC1118 /* Project object */ = {
			isa = PBXProject;
			attributes = {
				BuildIndependentTargetsInParallel = 1;
				LastSwiftUpdateCheck = 1400;
				LastUpgradeCheck = 1400;
				TargetAttributes = {
					D25BB79928EB24EF00CC1118 = {
						CreatedOnToolsVersion = 14.0.1;
						LastSwiftMigration = 1400;
					};
					D25BB7A128EB24EF00CC1118 = {
						CreatedOnToolsVersion = 14.0.1;
						LastSwiftMigration = 1400;
					};
					D2BA8BE428EC755600C09910 = {
						CreatedOnToolsVersion = 14.0.1;
					};
				};
			};
			buildConfigurationList = D25BB79428EB24EF00CC1118 /* Build configuration list for PBXProject "EssentialFeed" */;
			compatibilityVersion = "Xcode 14.0";
			developmentRegion = en;
			hasScannedForEncodings = 0;
			knownRegions = (
				en,
				Base,
			);
			mainGroup = D25BB79028EB24EF00CC1118;
			productRefGroup = D25BB79B28EB24EF00CC1118 /* Products */;
			projectDirPath = "";
			projectRoot = "";
			targets = (
				D25BB79928EB24EF00CC1118 /* EssentialFeed */,
				D25BB7A128EB24EF00CC1118 /* EssentialFeedTests */,
				D2BA8BE428EC755600C09910 /* EssentialFeedAPIEndToEndTests */,
			);
		};
/* End PBXProject section */

/* Begin PBXResourcesBuildPhase section */
		D25BB79828EB24EF00CC1118 /* Resources */ = {
			isa = PBXResourcesBuildPhase;
			buildActionMask = 2147483647;
			files = (
			);
			runOnlyForDeploymentPostprocessing = 0;
		};
		D25BB7A028EB24EF00CC1118 /* Resources */ = {
			isa = PBXResourcesBuildPhase;
			buildActionMask = 2147483647;
			files = (
			);
			runOnlyForDeploymentPostprocessing = 0;
		};
		D2BA8BE328EC755600C09910 /* Resources */ = {
			isa = PBXResourcesBuildPhase;
			buildActionMask = 2147483647;
			files = (
			);
			runOnlyForDeploymentPostprocessing = 0;
		};
/* End PBXResourcesBuildPhase section */

/* Begin PBXSourcesBuildPhase section */
		D25BB79628EB24EF00CC1118 /* Sources */ = {
			isa = PBXSourcesBuildPhase;
			buildActionMask = 2147483647;
			files = (
				D25BB7BA28EB27B000CC1118 /* FeedImage.swift in Sources */,
				D2BA8BD528EC713100C09910 /* HTTPClient.swift in Sources */,
				D274AC5328EDCF8A0012EAEF /* ManagedCache.swift in Sources */,
				D274AC4928EDCA3B0012EAEF /* LocalFeedImage.swift in Sources */,
				D25BB7C028EB281B00CC1118 /* HTTPURLResponse+StatusCode.swift in Sources */,
				D274AC4728EDCA280012EAEF /* FeedStore.swift in Sources */,
				D274AC4228EDC9C50012EAEF /* LocalFeedLoader.swift in Sources */,
				D2BA8BC428EC6C3A00C09910 /* FeedImageDataMapper.swift in Sources */,
				D274AC5528EDD2770012EAEF /* FeedCachePolicy.swift in Sources */,
				D25BB7BC28EB27C600CC1118 /* FeedItemsMapper.swift in Sources */,
				D274AC4D28EDCB4F0012EAEF /* FeedCache.swift in Sources */,
				D2BA8BE028EC72B000C09910 /* URLSessionHTTPClient.swift in Sources */,
			);
			runOnlyForDeploymentPostprocessing = 0;
		};
		D25BB79E28EB24EF00CC1118 /* Sources */ = {
			isa = PBXSourcesBuildPhase;
			buildActionMask = 2147483647;
			files = (
				D25BB7B728EB277800CC1118 /* SharedTestHelpers.swift in Sources */,
				D274AC5C28EDDA6D0012EAEF /* CoreDataFeedStoreTests.swift in Sources */,
				D2BA8BC228EC6C0F00C09910 /* FeedImageDataMapperTests.swift in Sources */,
				D274AC4528EDCA040012EAEF /* FeedStoreSpy.swift in Sources */,
				D274AC5728EDD51D0012EAEF /* ValidateFeedCacheUseCaseTests.swift in Sources */,
				D274AC5E28EDDB1A0012EAEF /* XCTestCase+FeedStoreSpecs.swift in Sources */,
				D25BB7B428EB271500CC1118 /* FeedItemsMapperTests.swift in Sources */,
				D274AC6228EDDBDC0012EAEF /* XCTestCase+FailableRetrieveFeedStoreSpecs.swift in Sources */,
				D274AC4B28EDCAFC0012EAEF /* FeedCacheTestHelpers.swift in Sources */,
				D2BA8BD828EC71B100C09910 /* URLSessionHTTPClientTests.swift in Sources */,
				D2BA8BDB28EC720A00C09910 /* URLProtocolStub.swift in Sources */,
				D2BA8BDD28EC726C00C09910 /* XCTestCase+MemoryLeakTracking.swift in Sources */,
				D274AC4F28EDCD830012EAEF /* LoadFeedFromCacheUseCaseTests.swift in Sources */,
				D274AC5A28EDD95C0012EAEF /* FeedStoreSpecs.swift in Sources */,
				D274AC6428EDDC270012EAEF /* XCTestCase+FailableInsertFeedStoreSpecs.swift in Sources */,
				D274AC3F28EDC9530012EAEF /* CacheFeedUseCaseTests.swift in Sources */,
			);
			runOnlyForDeploymentPostprocessing = 0;
		};
		D2BA8BE128EC755600C09910 /* Sources */ = {
			isa = PBXSourcesBuildPhase;
			buildActionMask = 2147483647;
			files = (
				D2BA8BE828EC755600C09910 /* EssentialFeedAPIEndToEndTests.swift in Sources */,
				D2BA8BEF28EC75B000C09910 /* XCTestCase+MemoryLeakTracking.swift in Sources */,
			);
			runOnlyForDeploymentPostprocessing = 0;
		};
/* End PBXSourcesBuildPhase section */

/* Begin PBXTargetDependency section */
		D25BB7A528EB24EF00CC1118 /* PBXTargetDependency */ = {
			isa = PBXTargetDependency;
			target = D25BB79928EB24EF00CC1118 /* EssentialFeed */;
			targetProxy = D25BB7A428EB24EF00CC1118 /* PBXContainerItemProxy */;
		};
		D2BA8BEB28EC755600C09910 /* PBXTargetDependency */ = {
			isa = PBXTargetDependency;
			target = D25BB79928EB24EF00CC1118 /* EssentialFeed */;
			targetProxy = D2BA8BEA28EC755600C09910 /* PBXContainerItemProxy */;
		};
/* End PBXTargetDependency section */

/* Begin XCBuildConfiguration section */
		D25BB7AA28EB24EF00CC1118 /* Debug */ = {
			isa = XCBuildConfiguration;
			buildSettings = {
				ALWAYS_SEARCH_USER_PATHS = NO;
				CLANG_ANALYZER_NONNULL = YES;
				CLANG_ANALYZER_NUMBER_OBJECT_CONVERSION = YES_AGGRESSIVE;
				CLANG_CXX_LANGUAGE_STANDARD = "gnu++20";
				CLANG_ENABLE_MODULES = YES;
				CLANG_ENABLE_OBJC_ARC = YES;
				CLANG_ENABLE_OBJC_WEAK = YES;
				CLANG_WARN_BLOCK_CAPTURE_AUTORELEASING = YES;
				CLANG_WARN_BOOL_CONVERSION = YES;
				CLANG_WARN_COMMA = YES;
				CLANG_WARN_CONSTANT_CONVERSION = YES;
				CLANG_WARN_DEPRECATED_OBJC_IMPLEMENTATIONS = YES;
				CLANG_WARN_DIRECT_OBJC_ISA_USAGE = YES_ERROR;
				CLANG_WARN_DOCUMENTATION_COMMENTS = YES;
				CLANG_WARN_EMPTY_BODY = YES;
				CLANG_WARN_ENUM_CONVERSION = YES;
				CLANG_WARN_INFINITE_RECURSION = YES;
				CLANG_WARN_INT_CONVERSION = YES;
				CLANG_WARN_NON_LITERAL_NULL_CONVERSION = YES;
				CLANG_WARN_OBJC_IMPLICIT_RETAIN_SELF = YES;
				CLANG_WARN_OBJC_LITERAL_CONVERSION = YES;
				CLANG_WARN_OBJC_ROOT_CLASS = YES_ERROR;
				CLANG_WARN_QUOTED_INCLUDE_IN_FRAMEWORK_HEADER = YES;
				CLANG_WARN_RANGE_LOOP_ANALYSIS = YES;
				CLANG_WARN_STRICT_PROTOTYPES = YES;
				CLANG_WARN_SUSPICIOUS_MOVE = YES;
				CLANG_WARN_UNGUARDED_AVAILABILITY = YES_AGGRESSIVE;
				CLANG_WARN_UNREACHABLE_CODE = YES;
				CLANG_WARN__DUPLICATE_METHOD_MATCH = YES;
				COPY_PHASE_STRIP = NO;
				CURRENT_PROJECT_VERSION = 1;
				DEBUG_INFORMATION_FORMAT = dwarf;
				ENABLE_STRICT_OBJC_MSGSEND = YES;
				ENABLE_TESTABILITY = YES;
				GCC_C_LANGUAGE_STANDARD = gnu11;
				GCC_DYNAMIC_NO_PIC = NO;
				GCC_NO_COMMON_BLOCKS = YES;
				GCC_OPTIMIZATION_LEVEL = 0;
				GCC_PREPROCESSOR_DEFINITIONS = (
					"DEBUG=1",
					"$(inherited)",
				);
				GCC_WARN_64_TO_32_BIT_CONVERSION = YES;
				GCC_WARN_ABOUT_RETURN_TYPE = YES_ERROR;
				GCC_WARN_UNDECLARED_SELECTOR = YES;
				GCC_WARN_UNINITIALIZED_AUTOS = YES_AGGRESSIVE;
				GCC_WARN_UNUSED_FUNCTION = YES;
				GCC_WARN_UNUSED_VARIABLE = YES;
				MACOSX_DEPLOYMENT_TARGET = 12.3;
				MTL_ENABLE_DEBUG_INFO = INCLUDE_SOURCE;
				MTL_FAST_MATH = YES;
				ONLY_ACTIVE_ARCH = YES;
				SDKROOT = macosx;
				SWIFT_ACTIVE_COMPILATION_CONDITIONS = DEBUG;
				SWIFT_OPTIMIZATION_LEVEL = "-Onone";
				VERSIONING_SYSTEM = "apple-generic";
				VERSION_INFO_PREFIX = "";
			};
			name = Debug;
		};
		D25BB7AB28EB24EF00CC1118 /* Release */ = {
			isa = XCBuildConfiguration;
			buildSettings = {
				ALWAYS_SEARCH_USER_PATHS = NO;
				CLANG_ANALYZER_NONNULL = YES;
				CLANG_ANALYZER_NUMBER_OBJECT_CONVERSION = YES_AGGRESSIVE;
				CLANG_CXX_LANGUAGE_STANDARD = "gnu++20";
				CLANG_ENABLE_MODULES = YES;
				CLANG_ENABLE_OBJC_ARC = YES;
				CLANG_ENABLE_OBJC_WEAK = YES;
				CLANG_WARN_BLOCK_CAPTURE_AUTORELEASING = YES;
				CLANG_WARN_BOOL_CONVERSION = YES;
				CLANG_WARN_COMMA = YES;
				CLANG_WARN_CONSTANT_CONVERSION = YES;
				CLANG_WARN_DEPRECATED_OBJC_IMPLEMENTATIONS = YES;
				CLANG_WARN_DIRECT_OBJC_ISA_USAGE = YES_ERROR;
				CLANG_WARN_DOCUMENTATION_COMMENTS = YES;
				CLANG_WARN_EMPTY_BODY = YES;
				CLANG_WARN_ENUM_CONVERSION = YES;
				CLANG_WARN_INFINITE_RECURSION = YES;
				CLANG_WARN_INT_CONVERSION = YES;
				CLANG_WARN_NON_LITERAL_NULL_CONVERSION = YES;
				CLANG_WARN_OBJC_IMPLICIT_RETAIN_SELF = YES;
				CLANG_WARN_OBJC_LITERAL_CONVERSION = YES;
				CLANG_WARN_OBJC_ROOT_CLASS = YES_ERROR;
				CLANG_WARN_QUOTED_INCLUDE_IN_FRAMEWORK_HEADER = YES;
				CLANG_WARN_RANGE_LOOP_ANALYSIS = YES;
				CLANG_WARN_STRICT_PROTOTYPES = YES;
				CLANG_WARN_SUSPICIOUS_MOVE = YES;
				CLANG_WARN_UNGUARDED_AVAILABILITY = YES_AGGRESSIVE;
				CLANG_WARN_UNREACHABLE_CODE = YES;
				CLANG_WARN__DUPLICATE_METHOD_MATCH = YES;
				COPY_PHASE_STRIP = NO;
				CURRENT_PROJECT_VERSION = 1;
				DEBUG_INFORMATION_FORMAT = "dwarf-with-dsym";
				ENABLE_NS_ASSERTIONS = NO;
				ENABLE_STRICT_OBJC_MSGSEND = YES;
				GCC_C_LANGUAGE_STANDARD = gnu11;
				GCC_NO_COMMON_BLOCKS = YES;
				GCC_WARN_64_TO_32_BIT_CONVERSION = YES;
				GCC_WARN_ABOUT_RETURN_TYPE = YES_ERROR;
				GCC_WARN_UNDECLARED_SELECTOR = YES;
				GCC_WARN_UNINITIALIZED_AUTOS = YES_AGGRESSIVE;
				GCC_WARN_UNUSED_FUNCTION = YES;
				GCC_WARN_UNUSED_VARIABLE = YES;
				MACOSX_DEPLOYMENT_TARGET = 12.3;
				MTL_ENABLE_DEBUG_INFO = NO;
				MTL_FAST_MATH = YES;
				SDKROOT = macosx;
				SWIFT_COMPILATION_MODE = wholemodule;
				SWIFT_OPTIMIZATION_LEVEL = "-O";
				VERSIONING_SYSTEM = "apple-generic";
				VERSION_INFO_PREFIX = "";
			};
			name = Release;
		};
		D25BB7AD28EB24EF00CC1118 /* Debug */ = {
			isa = XCBuildConfiguration;
			buildSettings = {
				CLANG_ENABLE_MODULES = YES;
				CODE_SIGN_STYLE = Automatic;
				COMBINE_HIDPI_IMAGES = YES;
				CURRENT_PROJECT_VERSION = 1;
				DEFINES_MODULE = YES;
				DEVELOPMENT_TEAM = Q637DVLY4Q;
				DYLIB_COMPATIBILITY_VERSION = 1;
				DYLIB_CURRENT_VERSION = 1;
				DYLIB_INSTALL_NAME_BASE = "@rpath";
				GENERATE_INFOPLIST_FILE = YES;
				INFOPLIST_KEY_NSHumanReadableCopyright = "";
				INSTALL_PATH = "$(LOCAL_LIBRARY_DIR)/Frameworks";
				LD_RUNPATH_SEARCH_PATHS = (
					"$(inherited)",
					"@executable_path/../Frameworks",
					"@loader_path/Frameworks",
				);
				MARKETING_VERSION = 1.0;
				PRODUCT_BUNDLE_IDENTIFIER = com.keepitswift.EssentialFeed;
				PRODUCT_NAME = "$(TARGET_NAME:c99extidentifier)";
				SKIP_INSTALL = YES;
				SWIFT_EMIT_LOC_STRINGS = YES;
				SWIFT_OPTIMIZATION_LEVEL = "-Onone";
				SWIFT_VERSION = 5.0;
			};
			name = Debug;
		};
		D25BB7AE28EB24EF00CC1118 /* Release */ = {
			isa = XCBuildConfiguration;
			buildSettings = {
				CLANG_ENABLE_MODULES = YES;
				CODE_SIGN_STYLE = Automatic;
				COMBINE_HIDPI_IMAGES = YES;
				CURRENT_PROJECT_VERSION = 1;
				DEFINES_MODULE = YES;
				DEVELOPMENT_TEAM = Q637DVLY4Q;
				DYLIB_COMPATIBILITY_VERSION = 1;
				DYLIB_CURRENT_VERSION = 1;
				DYLIB_INSTALL_NAME_BASE = "@rpath";
				GENERATE_INFOPLIST_FILE = YES;
				INFOPLIST_KEY_NSHumanReadableCopyright = "";
				INSTALL_PATH = "$(LOCAL_LIBRARY_DIR)/Frameworks";
				LD_RUNPATH_SEARCH_PATHS = (
					"$(inherited)",
					"@executable_path/../Frameworks",
					"@loader_path/Frameworks",
				);
				MARKETING_VERSION = 1.0;
				PRODUCT_BUNDLE_IDENTIFIER = com.keepitswift.EssentialFeed;
				PRODUCT_NAME = "$(TARGET_NAME:c99extidentifier)";
				SKIP_INSTALL = YES;
				SWIFT_EMIT_LOC_STRINGS = YES;
				SWIFT_VERSION = 5.0;
			};
			name = Release;
		};
		D25BB7B028EB24EF00CC1118 /* Debug */ = {
			isa = XCBuildConfiguration;
			buildSettings = {
				ALWAYS_EMBED_SWIFT_STANDARD_LIBRARIES = YES;
				CLANG_ENABLE_MODULES = YES;
				CODE_SIGN_STYLE = Automatic;
				CURRENT_PROJECT_VERSION = 1;
				DEVELOPMENT_TEAM = Q637DVLY4Q;
				GENERATE_INFOPLIST_FILE = YES;
				LD_RUNPATH_SEARCH_PATHS = (
					"$(inherited)",
					"@executable_path/../Frameworks",
					"@loader_path/../Frameworks",
				);
				MARKETING_VERSION = 1.0;
				PRODUCT_BUNDLE_IDENTIFIER = com.keepitswift.EssentialFeedTests;
				PRODUCT_NAME = "$(TARGET_NAME)";
				SWIFT_EMIT_LOC_STRINGS = NO;
				SWIFT_OPTIMIZATION_LEVEL = "-Onone";
				SWIFT_VERSION = 5.0;
			};
			name = Debug;
		};
		D25BB7B128EB24EF00CC1118 /* Release */ = {
			isa = XCBuildConfiguration;
			buildSettings = {
				ALWAYS_EMBED_SWIFT_STANDARD_LIBRARIES = YES;
				CLANG_ENABLE_MODULES = YES;
				CODE_SIGN_STYLE = Automatic;
				CURRENT_PROJECT_VERSION = 1;
				DEVELOPMENT_TEAM = Q637DVLY4Q;
				GENERATE_INFOPLIST_FILE = YES;
				LD_RUNPATH_SEARCH_PATHS = (
					"$(inherited)",
					"@executable_path/../Frameworks",
					"@loader_path/../Frameworks",
				);
				MARKETING_VERSION = 1.0;
				PRODUCT_BUNDLE_IDENTIFIER = com.keepitswift.EssentialFeedTests;
				PRODUCT_NAME = "$(TARGET_NAME)";
				SWIFT_EMIT_LOC_STRINGS = NO;
				SWIFT_VERSION = 5.0;
			};
			name = Release;
		};
		D2BA8BED28EC755600C09910 /* Debug */ = {
			isa = XCBuildConfiguration;
			buildSettings = {
				CODE_SIGN_STYLE = Automatic;
				CURRENT_PROJECT_VERSION = 1;
				DEVELOPMENT_TEAM = Q637DVLY4Q;
				GENERATE_INFOPLIST_FILE = YES;
				MARKETING_VERSION = 1.0;
				PRODUCT_BUNDLE_IDENTIFIER = com.keepitswift.EssentialFeedAPIEndToEndTests;
				PRODUCT_NAME = "$(TARGET_NAME)";
				SWIFT_EMIT_LOC_STRINGS = NO;
				SWIFT_VERSION = 5.0;
			};
			name = Debug;
		};
		D2BA8BEE28EC755600C09910 /* Release */ = {
			isa = XCBuildConfiguration;
			buildSettings = {
				CODE_SIGN_STYLE = Automatic;
				CURRENT_PROJECT_VERSION = 1;
				DEVELOPMENT_TEAM = Q637DVLY4Q;
				GENERATE_INFOPLIST_FILE = YES;
				MARKETING_VERSION = 1.0;
				PRODUCT_BUNDLE_IDENTIFIER = com.keepitswift.EssentialFeedAPIEndToEndTests;
				PRODUCT_NAME = "$(TARGET_NAME)";
				SWIFT_EMIT_LOC_STRINGS = NO;
				SWIFT_VERSION = 5.0;
			};
			name = Release;
		};
/* End XCBuildConfiguration section */

/* Begin XCConfigurationList section */
		D25BB79428EB24EF00CC1118 /* Build configuration list for PBXProject "EssentialFeed" */ = {
			isa = XCConfigurationList;
			buildConfigurations = (
				D25BB7AA28EB24EF00CC1118 /* Debug */,
				D25BB7AB28EB24EF00CC1118 /* Release */,
			);
			defaultConfigurationIsVisible = 0;
			defaultConfigurationName = Release;
		};
		D25BB7AC28EB24EF00CC1118 /* Build configuration list for PBXNativeTarget "EssentialFeed" */ = {
			isa = XCConfigurationList;
			buildConfigurations = (
				D25BB7AD28EB24EF00CC1118 /* Debug */,
				D25BB7AE28EB24EF00CC1118 /* Release */,
			);
			defaultConfigurationIsVisible = 0;
			defaultConfigurationName = Release;
		};
		D25BB7AF28EB24EF00CC1118 /* Build configuration list for PBXNativeTarget "EssentialFeedTests" */ = {
			isa = XCConfigurationList;
			buildConfigurations = (
				D25BB7B028EB24EF00CC1118 /* Debug */,
				D25BB7B128EB24EF00CC1118 /* Release */,
			);
			defaultConfigurationIsVisible = 0;
			defaultConfigurationName = Release;
		};
		D2BA8BEC28EC755600C09910 /* Build configuration list for PBXNativeTarget "EssentialFeedAPIEndToEndTests" */ = {
			isa = XCConfigurationList;
			buildConfigurations = (
				D2BA8BED28EC755600C09910 /* Debug */,
				D2BA8BEE28EC755600C09910 /* Release */,
			);
			defaultConfigurationIsVisible = 0;
			defaultConfigurationName = Release;
		};
/* End XCConfigurationList section */
	};
	rootObject = D25BB79128EB24EF00CC1118 /* Project object */;
}
