// !$*UTF8*$!
{
	archiveVersion = 1;
	classes = {
	};
	objectVersion = 56;
	objects = {

/* Begin PBXBuildFile section */
		D218D9BA28F0642B0085B6A9 /* EssentialFeed.framework in Frameworks */ = {isa = PBXBuildFile; fileRef = D25BB79A28EB24EF00CC1118 /* EssentialFeed.framework */; };
		D226883A28F56CF800942613 /* EssentialFeed.framework in Frameworks */ = {isa = PBXBuildFile; fileRef = D25BB79A28EB24EF00CC1118 /* EssentialFeed.framework */; };
		D226883B28F56CF800942613 /* EssentialFeed.framework in Embed Frameworks */ = {isa = PBXBuildFile; fileRef = D25BB79A28EB24EF00CC1118 /* EssentialFeed.framework */; settings = {ATTRIBUTES = (CodeSignOnCopy, RemoveHeadersOnCopy, ); }; };
		D226884028F56D5D00942613 /* ListSnapshotTests.swift in Sources */ = {isa = PBXBuildFile; fileRef = D226883F28F56D5D00942613 /* ListSnapshotTests.swift */; };
		D226884528F56DFC00942613 /* ListViewController.swift in Sources */ = {isa = PBXBuildFile; fileRef = D226884428F56DFC00942613 /* ListViewController.swift */; };
		D226884728F56E2100942613 /* CellController.swift in Sources */ = {isa = PBXBuildFile; fileRef = D226884628F56E2100942613 /* CellController.swift */; };
		D226884B28F56E8B00942613 /* EMPTY_LIST_dark.png in Resources */ = {isa = PBXBuildFile; fileRef = D226884928F56E8B00942613 /* EMPTY_LIST_dark.png */; };
		D226884C28F56E8B00942613 /* EMPTY_LIST_light.png in Resources */ = {isa = PBXBuildFile; fileRef = D226884A28F56E8B00942613 /* EMPTY_LIST_light.png */; };
		D226884F28F56F5200942613 /* ErrorView.swift in Sources */ = {isa = PBXBuildFile; fileRef = D226884E28F56F5200942613 /* ErrorView.swift */; };
		D226885228F56FCE00942613 /* ResourceLoadingViewModel.swift in Sources */ = {isa = PBXBuildFile; fileRef = D226885128F56FCE00942613 /* ResourceLoadingViewModel.swift */; };
		D226885428F56FE500942613 /* ResourceErrorViewModel.swift in Sources */ = {isa = PBXBuildFile; fileRef = D226885328F56FE500942613 /* ResourceErrorViewModel.swift */; };
		D226885628F56FFD00942613 /* ResourceLoadingView.swift in Sources */ = {isa = PBXBuildFile; fileRef = D226885528F56FFD00942613 /* ResourceLoadingView.swift */; };
		D226885828F5701000942613 /* ResourceErrorView.swift in Sources */ = {isa = PBXBuildFile; fileRef = D226885728F5701000942613 /* ResourceErrorView.swift */; };
		D226885B28F5708400942613 /* UIRefreshControl+Helpers.swift in Sources */ = {isa = PBXBuildFile; fileRef = D226885A28F5708400942613 /* UIRefreshControl+Helpers.swift */; };
		D226885F28F570C600942613 /* LIST_WITH_ERROR_MESSAGE_dark.png in Resources */ = {isa = PBXBuildFile; fileRef = D226885C28F570C600942613 /* LIST_WITH_ERROR_MESSAGE_dark.png */; };
		D226886028F570C600942613 /* LIST_WITH_ERROR_MESSAGE_light.png in Resources */ = {isa = PBXBuildFile; fileRef = D226885D28F570C600942613 /* LIST_WITH_ERROR_MESSAGE_light.png */; };
		D226886128F570C600942613 /* LIST_WITH_ERROR_MESSAGE_light_extraExtraExtraLarge.png in Resources */ = {isa = PBXBuildFile; fileRef = D226885E28F570C600942613 /* LIST_WITH_ERROR_MESSAGE_light_extraExtraExtraLarge.png */; };
		D226886328F5736000942613 /* UITableView+HeaderSizing.swift in Sources */ = {isa = PBXBuildFile; fileRef = D226886228F5736000942613 /* UITableView+HeaderSizing.swift */; };
		D22FA24E28F05A6800810C1C /* FeedStore.xcdatamodeld in Sources */ = {isa = PBXBuildFile; fileRef = D22FA24C28F05A6800810C1C /* FeedStore.xcdatamodeld */; };
		D22FA25028F05BE700810C1C /* ManagedFeedImage.swift in Sources */ = {isa = PBXBuildFile; fileRef = D22FA24F28F05BE700810C1C /* ManagedFeedImage.swift */; };
		D25BB7A328EB24EF00CC1118 /* EssentialFeed.framework in Frameworks */ = {isa = PBXBuildFile; fileRef = D25BB79A28EB24EF00CC1118 /* EssentialFeed.framework */; };
		D25BB7B428EB271500CC1118 /* FeedItemsMapperTests.swift in Sources */ = {isa = PBXBuildFile; fileRef = D25BB7B328EB271500CC1118 /* FeedItemsMapperTests.swift */; };
		D25BB7B728EB277800CC1118 /* SharedTestHelpers.swift in Sources */ = {isa = PBXBuildFile; fileRef = D25BB7B628EB277800CC1118 /* SharedTestHelpers.swift */; };
		D25BB7BA28EB27B000CC1118 /* FeedImage.swift in Sources */ = {isa = PBXBuildFile; fileRef = D25BB7B928EB27B000CC1118 /* FeedImage.swift */; };
		D25BB7BC28EB27C600CC1118 /* FeedItemsMapper.swift in Sources */ = {isa = PBXBuildFile; fileRef = D25BB7BB28EB27C600CC1118 /* FeedItemsMapper.swift */; };
		D25BB7C028EB281B00CC1118 /* HTTPURLResponse+StatusCode.swift in Sources */ = {isa = PBXBuildFile; fileRef = D25BB7BF28EB281B00CC1118 /* HTTPURLResponse+StatusCode.swift */; };
		D274AC3F28EDC9530012EAEF /* CacheFeedUseCaseTests.swift in Sources */ = {isa = PBXBuildFile; fileRef = D274AC3E28EDC9530012EAEF /* CacheFeedUseCaseTests.swift */; };
		D274AC4228EDC9C50012EAEF /* LocalFeedLoader.swift in Sources */ = {isa = PBXBuildFile; fileRef = D274AC4128EDC9C50012EAEF /* LocalFeedLoader.swift */; };
		D274AC4528EDCA040012EAEF /* FeedStoreSpy.swift in Sources */ = {isa = PBXBuildFile; fileRef = D274AC4428EDCA040012EAEF /* FeedStoreSpy.swift */; };
		D274AC4728EDCA280012EAEF /* FeedStore.swift in Sources */ = {isa = PBXBuildFile; fileRef = D274AC4628EDCA280012EAEF /* FeedStore.swift */; };
		D274AC4928EDCA3B0012EAEF /* LocalFeedImage.swift in Sources */ = {isa = PBXBuildFile; fileRef = D274AC4828EDCA3B0012EAEF /* LocalFeedImage.swift */; };
		D274AC4B28EDCAFC0012EAEF /* FeedCacheTestHelpers.swift in Sources */ = {isa = PBXBuildFile; fileRef = D274AC4A28EDCAFC0012EAEF /* FeedCacheTestHelpers.swift */; };
		D274AC4D28EDCB4F0012EAEF /* FeedCache.swift in Sources */ = {isa = PBXBuildFile; fileRef = D274AC4C28EDCB4F0012EAEF /* FeedCache.swift */; };
		D274AC4F28EDCD830012EAEF /* LoadFeedFromCacheUseCaseTests.swift in Sources */ = {isa = PBXBuildFile; fileRef = D274AC4E28EDCD830012EAEF /* LoadFeedFromCacheUseCaseTests.swift */; };
		D274AC5328EDCF8A0012EAEF /* ManagedCache.swift in Sources */ = {isa = PBXBuildFile; fileRef = D274AC5228EDCF8A0012EAEF /* ManagedCache.swift */; };
		D274AC5528EDD2770012EAEF /* FeedCachePolicy.swift in Sources */ = {isa = PBXBuildFile; fileRef = D274AC5428EDD2770012EAEF /* FeedCachePolicy.swift */; };
		D274AC5728EDD51D0012EAEF /* ValidateFeedCacheUseCaseTests.swift in Sources */ = {isa = PBXBuildFile; fileRef = D274AC5628EDD51D0012EAEF /* ValidateFeedCacheUseCaseTests.swift */; };
		D274AC5A28EDD95C0012EAEF /* FeedStoreSpecs.swift in Sources */ = {isa = PBXBuildFile; fileRef = D274AC5928EDD95C0012EAEF /* FeedStoreSpecs.swift */; };
		D274AC5C28EDDA6D0012EAEF /* CoreDataFeedStoreTests.swift in Sources */ = {isa = PBXBuildFile; fileRef = D274AC5B28EDDA6D0012EAEF /* CoreDataFeedStoreTests.swift */; };
		D274AC5E28EDDB1A0012EAEF /* XCTestCase+FeedStoreSpecs.swift in Sources */ = {isa = PBXBuildFile; fileRef = D274AC5D28EDDB1A0012EAEF /* XCTestCase+FeedStoreSpecs.swift */; };
		D274AC6228EDDBDC0012EAEF /* XCTestCase+FailableRetrieveFeedStoreSpecs.swift in Sources */ = {isa = PBXBuildFile; fileRef = D274AC6128EDDBDC0012EAEF /* XCTestCase+FailableRetrieveFeedStoreSpecs.swift */; };
		D274AC6428EDDC270012EAEF /* XCTestCase+FailableInsertFeedStoreSpecs.swift in Sources */ = {isa = PBXBuildFile; fileRef = D274AC6328EDDC270012EAEF /* XCTestCase+FailableInsertFeedStoreSpecs.swift */; };
		D274AC6628EDDC540012EAEF /* FailableDeleteFeedStoreSpecs.swift in Sources */ = {isa = PBXBuildFile; fileRef = D274AC6528EDDC540012EAEF /* FailableDeleteFeedStoreSpecs.swift */; };
		D274AC6828EDDC940012EAEF /* CoreDataFeedStore.swift in Sources */ = {isa = PBXBuildFile; fileRef = D274AC6728EDDC940012EAEF /* CoreDataFeedStore.swift */; };
		D274AC6A28EDDCFA0012EAEF /* CoreDataFeedStore+FeedStore.swift in Sources */ = {isa = PBXBuildFile; fileRef = D274AC6928EDDCFA0012EAEF /* CoreDataFeedStore+FeedStore.swift */; };
		D274AC6C28EDDE3F0012EAEF /* CoreDataHelpers.swift in Sources */ = {isa = PBXBuildFile; fileRef = D274AC6B28EDDE3F0012EAEF /* CoreDataHelpers.swift */; };
		D29FFADC28F597E700AF6FF7 /* UIView+Container.swift in Sources */ = {isa = PBXBuildFile; fileRef = D29FFADB28F597E700AF6FF7 /* UIView+Container.swift */; };
		D29FFAEA28F59F7500AF6FF7 /* LoadResourcePresenterTests.swift in Sources */ = {isa = PBXBuildFile; fileRef = D29FFAE928F59F7500AF6FF7 /* LoadResourcePresenterTests.swift */; };
		D29FFAED28F59FB700AF6FF7 /* LoadResourcePresenter.swift in Sources */ = {isa = PBXBuildFile; fileRef = D29FFAEC28F59FB700AF6FF7 /* LoadResourcePresenter.swift */; };
		D29FFAF028F5A35100AF6FF7 /* Shared.strings in Resources */ = {isa = PBXBuildFile; fileRef = D29FFAF228F5A35100AF6FF7 /* Shared.strings */; };
		D29FFAF728F5A4C200AF6FF7 /* SharedLocalizationTests.swift in Sources */ = {isa = PBXBuildFile; fileRef = D29FFAF628F5A4C200AF6FF7 /* SharedLocalizationTests.swift */; };
		D29FFAF928F5A4EC00AF6FF7 /* SharedLocalizationTestHelpers.swift in Sources */ = {isa = PBXBuildFile; fileRef = D29FFAF828F5A4EB00AF6FF7 /* SharedLocalizationTestHelpers.swift */; };
		D29FFAFC28F5A7E900AF6FF7 /* FeedSnapshotTests.swift in Sources */ = {isa = PBXBuildFile; fileRef = D29FFAFB28F5A7E900AF6FF7 /* FeedSnapshotTests.swift */; };
		D29FFB0028F5A82700AF6FF7 /* FeedImageCellController.swift in Sources */ = {isa = PBXBuildFile; fileRef = D29FFAFF28F5A82700AF6FF7 /* FeedImageCellController.swift */; };
		D29FFB0328F5A88E00AF6FF7 /* FeedImageCell.swift in Sources */ = {isa = PBXBuildFile; fileRef = D29FFB0228F5A88E00AF6FF7 /* FeedImageCell.swift */; };
		D29FFB0628F5A8EA00AF6FF7 /* UIImageView+Animations.swift in Sources */ = {isa = PBXBuildFile; fileRef = D29FFB0528F5A8EA00AF6FF7 /* UIImageView+Animations.swift */; };
		D29FFB0828F5A8F900AF6FF7 /* UIView+Shimmering.swift in Sources */ = {isa = PBXBuildFile; fileRef = D29FFB0728F5A8F900AF6FF7 /* UIView+Shimmering.swift */; };
		D29FFB0A28F5A95B00AF6FF7 /* UIImage+TestHelpers.swift in Sources */ = {isa = PBXBuildFile; fileRef = D29FFB0928F5A95B00AF6FF7 /* UIImage+TestHelpers.swift */; };
		D29FFB0D28F5A9B300AF6FF7 /* FeedImageViewModel.swift in Sources */ = {isa = PBXBuildFile; fileRef = D29FFB0C28F5A9B300AF6FF7 /* FeedImageViewModel.swift */; };
		D29FFB0F28F5AB0D00AF6FF7 /* Feed.storyboard in Resources */ = {isa = PBXBuildFile; fileRef = D29FFB0E28F5AB0D00AF6FF7 /* Feed.storyboard */; };
		D29FFB1128F5AB4000AF6FF7 /* Feed.xcassets in Resources */ = {isa = PBXBuildFile; fileRef = D29FFB1028F5AB4000AF6FF7 /* Feed.xcassets */; };
		D29FFB1628F5AC4E00AF6FF7 /* FEED_WITH_CONTENT_dark.png in Resources */ = {isa = PBXBuildFile; fileRef = D29FFB1328F5AC4E00AF6FF7 /* FEED_WITH_CONTENT_dark.png */; };
		D29FFB1728F5AC4E00AF6FF7 /* FEED_WITH_CONTENT_light_extraExtraExtraLarge.png in Resources */ = {isa = PBXBuildFile; fileRef = D29FFB1428F5AC4E00AF6FF7 /* FEED_WITH_CONTENT_light_extraExtraExtraLarge.png */; };
		D29FFB1828F5AC4E00AF6FF7 /* FEED_WITH_CONTENT_light.png in Resources */ = {isa = PBXBuildFile; fileRef = D29FFB1528F5AC4E00AF6FF7 /* FEED_WITH_CONTENT_light.png */; };
		D29FFB1E28F5ACDA00AF6FF7 /* UITableView+Dequeueing.swift in Sources */ = {isa = PBXBuildFile; fileRef = D29FFB1D28F5ACDA00AF6FF7 /* UITableView+Dequeueing.swift */; };
		D29FFB2128F5AF0100AF6FF7 /* FEED_WITH_FAILED_IMAGE_LOADING_dark.png in Resources */ = {isa = PBXBuildFile; fileRef = D29FFB1F28F5AF0100AF6FF7 /* FEED_WITH_FAILED_IMAGE_LOADING_dark.png */; };
		D29FFB2228F5AF0100AF6FF7 /* FEED_WITH_FAILED_IMAGE_LOADING_light.png in Resources */ = {isa = PBXBuildFile; fileRef = D29FFB2028F5AF0100AF6FF7 /* FEED_WITH_FAILED_IMAGE_LOADING_light.png */; };
		D29FFB2428F5AF5000AF6FF7 /* LoadMoreCellController.swift in Sources */ = {isa = PBXBuildFile; fileRef = D29FFB2328F5AF5000AF6FF7 /* LoadMoreCellController.swift */; };
		D29FFB2628F5AFAB00AF6FF7 /* LoadMoreCell.swift in Sources */ = {isa = PBXBuildFile; fileRef = D29FFB2528F5AFAB00AF6FF7 /* LoadMoreCell.swift */; };
		D29FFB2928F5B08200AF6FF7 /* FEED_WITH_LOAD_MORE_INDICATOR_dark.png in Resources */ = {isa = PBXBuildFile; fileRef = D29FFB2728F5B08200AF6FF7 /* FEED_WITH_LOAD_MORE_INDICATOR_dark.png */; };
		D29FFB2A28F5B08200AF6FF7 /* FEED_WITH_LOAD_MORE_INDICATOR_light.png in Resources */ = {isa = PBXBuildFile; fileRef = D29FFB2828F5B08200AF6FF7 /* FEED_WITH_LOAD_MORE_INDICATOR_light.png */; };
		D29FFB2E28F5B0E600AF6FF7 /* FEED_WITH_LOAD_MORE_ERROR_light.png in Resources */ = {isa = PBXBuildFile; fileRef = D29FFB2B28F5B0E600AF6FF7 /* FEED_WITH_LOAD_MORE_ERROR_light.png */; };
		D29FFB2F28F5B0E600AF6FF7 /* FEED_WITH_LOAD_MORE_ERROR_dark.png in Resources */ = {isa = PBXBuildFile; fileRef = D29FFB2C28F5B0E600AF6FF7 /* FEED_WITH_LOAD_MORE_ERROR_dark.png */; };
		D29FFB3028F5B0E600AF6FF7 /* FEED_WITH_LOAD_MORE_ERROR_extraExtraExtraLarge.png in Resources */ = {isa = PBXBuildFile; fileRef = D29FFB2D28F5B0E600AF6FF7 /* FEED_WITH_LOAD_MORE_ERROR_extraExtraExtraLarge.png */; };
		D2A83C5328F4623E00952442 /* UIViewController+Snapshot.swift in Sources */ = {isa = PBXBuildFile; fileRef = D2A83C5228F4623E00952442 /* UIViewController+Snapshot.swift */; };
		D2A83C5528F4628300952442 /* XCTestCase+Snapshot.swift in Sources */ = {isa = PBXBuildFile; fileRef = D2A83C5428F4628300952442 /* XCTestCase+Snapshot.swift */; };
		D2B0C4B028F1761F0022ECC0 /* EssentialFeediOS.framework in Frameworks */ = {isa = PBXBuildFile; fileRef = D2B0C4A828F1761F0022ECC0 /* EssentialFeediOS.framework */; };
		D2BA8BC228EC6C0F00C09910 /* FeedImageDataMapperTests.swift in Sources */ = {isa = PBXBuildFile; fileRef = D2BA8BC128EC6C0F00C09910 /* FeedImageDataMapperTests.swift */; };
		D2BA8BC428EC6C3A00C09910 /* FeedImageDataMapper.swift in Sources */ = {isa = PBXBuildFile; fileRef = D2BA8BC328EC6C3A00C09910 /* FeedImageDataMapper.swift */; };
		D2BA8BD528EC713100C09910 /* HTTPClient.swift in Sources */ = {isa = PBXBuildFile; fileRef = D2BA8BD428EC713100C09910 /* HTTPClient.swift */; };
		D2BA8BD828EC71B100C09910 /* URLSessionHTTPClientTests.swift in Sources */ = {isa = PBXBuildFile; fileRef = D2BA8BD728EC71B100C09910 /* URLSessionHTTPClientTests.swift */; };
		D2BA8BDB28EC720A00C09910 /* URLProtocolStub.swift in Sources */ = {isa = PBXBuildFile; fileRef = D2BA8BDA28EC720A00C09910 /* URLProtocolStub.swift */; };
		D2BA8BDD28EC726C00C09910 /* XCTestCase+MemoryLeakTracking.swift in Sources */ = {isa = PBXBuildFile; fileRef = D2BA8BDC28EC726C00C09910 /* XCTestCase+MemoryLeakTracking.swift */; };
		D2BA8BE028EC72B000C09910 /* URLSessionHTTPClient.swift in Sources */ = {isa = PBXBuildFile; fileRef = D2BA8BDF28EC72B000C09910 /* URLSessionHTTPClient.swift */; };
		D2BA8BE828EC755600C09910 /* EssentialFeedAPIEndToEndTests.swift in Sources */ = {isa = PBXBuildFile; fileRef = D2BA8BE728EC755600C09910 /* EssentialFeedAPIEndToEndTests.swift */; };
		D2BA8BE928EC755600C09910 /* EssentialFeed.framework in Frameworks */ = {isa = PBXBuildFile; fileRef = D25BB79A28EB24EF00CC1118 /* EssentialFeed.framework */; };
		D2BA8BEF28EC75B000C09910 /* XCTestCase+MemoryLeakTracking.swift in Sources */ = {isa = PBXBuildFile; fileRef = D2BA8BDC28EC726C00C09910 /* XCTestCase+MemoryLeakTracking.swift */; };
		D2D5362828FEE982008DE452 /* FeedEndpointTests.swift in Sources */ = {isa = PBXBuildFile; fileRef = D2D5362728FEE982008DE452 /* FeedEndpointTests.swift */; };
		D2D5362A28FEE9A0008DE452 /* FeedEndpoint.swift in Sources */ = {isa = PBXBuildFile; fileRef = D2D5362928FEE9A0008DE452 /* FeedEndpoint.swift */; };
		D2D7303928F0654D00AFC6D7 /* XCTestCase+MemoryLeakTracking.swift in Sources */ = {isa = PBXBuildFile; fileRef = D2BA8BDC28EC726C00C09910 /* XCTestCase+MemoryLeakTracking.swift */; };
		D2D7303B28F065A400AFC6D7 /* EssentialFeedCacheIntegrationTests.swift in Sources */ = {isa = PBXBuildFile; fileRef = D2D7303A28F065A400AFC6D7 /* EssentialFeedCacheIntegrationTests.swift */; };
		D2D7303C28F0664500AFC6D7 /* SharedTestHelpers.swift in Sources */ = {isa = PBXBuildFile; fileRef = D25BB7B628EB277800CC1118 /* SharedTestHelpers.swift */; };
		D2D7303D28F0665300AFC6D7 /* FeedCacheTestHelpers.swift in Sources */ = {isa = PBXBuildFile; fileRef = D274AC4A28EDCAFC0012EAEF /* FeedCacheTestHelpers.swift */; };
		D2D7303F28F070F100AFC6D7 /* FeedImageDataStore.swift in Sources */ = {isa = PBXBuildFile; fileRef = D2D7303E28F070F100AFC6D7 /* FeedImageDataStore.swift */; };
		D2D7304128F0714E00AFC6D7 /* CoreDataFeedImageDataStoreTests.swift in Sources */ = {isa = PBXBuildFile; fileRef = D2D7304028F0714E00AFC6D7 /* CoreDataFeedImageDataStoreTests.swift */; };
		D2D7304328F071E200AFC6D7 /* CoreDataFeedStore+FeedImageDataStore.swift in Sources */ = {isa = PBXBuildFile; fileRef = D2D7304228F071E200AFC6D7 /* CoreDataFeedStore+FeedImageDataStore.swift */; };
		D2D7304528F0731000AFC6D7 /* CacheFeedImageDataUseCaseTests.swift in Sources */ = {isa = PBXBuildFile; fileRef = D2D7304428F0731000AFC6D7 /* CacheFeedImageDataUseCaseTests.swift */; };
		D2D7304728F0734800AFC6D7 /* LocalFeedImageDataLoader.swift in Sources */ = {isa = PBXBuildFile; fileRef = D2D7304628F0734800AFC6D7 /* LocalFeedImageDataLoader.swift */; };
		D2D7304928F0737700AFC6D7 /* FeedImageDataStoreSpy.swift in Sources */ = {isa = PBXBuildFile; fileRef = D2D7304828F0737700AFC6D7 /* FeedImageDataStoreSpy.swift */; };
		D2D7304B28F0740900AFC6D7 /* FeedImageDataCache.swift in Sources */ = {isa = PBXBuildFile; fileRef = D2D7304A28F0740900AFC6D7 /* FeedImageDataCache.swift */; };
		D2D7304D28F074B000AFC6D7 /* LoadFeedImageDataFromCacheUseCaseTests.swift in Sources */ = {isa = PBXBuildFile; fileRef = D2D7304C28F074B000AFC6D7 /* LoadFeedImageDataFromCacheUseCaseTests.swift */; };
		D2D7304F28F074FE00AFC6D7 /* FeedImageDataLoader.swift in Sources */ = {isa = PBXBuildFile; fileRef = D2D7304E28F074FE00AFC6D7 /* FeedImageDataLoader.swift */; };
		D2F7A13328F5BBEA00146C90 /* FeedPresenterTests.swift in Sources */ = {isa = PBXBuildFile; fileRef = D2F7A13228F5BBEA00146C90 /* FeedPresenterTests.swift */; };
		D2F7A13528F5BC0200146C90 /* FeedPresenter.swift in Sources */ = {isa = PBXBuildFile; fileRef = D2F7A13428F5BC0200146C90 /* FeedPresenter.swift */; };
		D2F7A13928F5BC9200146C90 /* FeedLocalizationTests.swift in Sources */ = {isa = PBXBuildFile; fileRef = D2F7A13828F5BC9200146C90 /* FeedLocalizationTests.swift */; };
		D2F7A13A28F5BCB700146C90 /* Feed.strings in Resources */ = {isa = PBXBuildFile; fileRef = D2F7A13C28F5BCB700146C90 /* Feed.strings */; };
		D2F7A14128F5BD4F00146C90 /* FeedImagePresenterTests.swift in Sources */ = {isa = PBXBuildFile; fileRef = D2F7A14028F5BD4F00146C90 /* FeedImagePresenterTests.swift */; };
		D2F7A14328F5BD7400146C90 /* FeedImagePresenter.swift in Sources */ = {isa = PBXBuildFile; fileRef = D2F7A14228F5BD7400146C90 /* FeedImagePresenter.swift */; };
		D2F7A14C28F5BF3000146C90 /* Paginated.swift in Sources */ = {isa = PBXBuildFile; fileRef = D2F7A14B28F5BF3000146C90 /* Paginated.swift */; };
/* End PBXBuildFile section */

/* Begin PBXContainerItemProxy section */
		D218D9BB28F0642B0085B6A9 /* PBXContainerItemProxy */ = {
			isa = PBXContainerItemProxy;
			containerPortal = D25BB79128EB24EF00CC1118 /* Project object */;
			proxyType = 1;
			remoteGlobalIDString = D25BB79928EB24EF00CC1118;
			remoteInfo = EssentialFeed;
		};
		D226883C28F56CF800942613 /* PBXContainerItemProxy */ = {
			isa = PBXContainerItemProxy;
			containerPortal = D25BB79128EB24EF00CC1118 /* Project object */;
			proxyType = 1;
			remoteGlobalIDString = D25BB79928EB24EF00CC1118;
			remoteInfo = EssentialFeed;
		};
		D25BB7A428EB24EF00CC1118 /* PBXContainerItemProxy */ = {
			isa = PBXContainerItemProxy;
			containerPortal = D25BB79128EB24EF00CC1118 /* Project object */;
			proxyType = 1;
			remoteGlobalIDString = D25BB79928EB24EF00CC1118;
			remoteInfo = EssentialFeed;
		};
		D2B0C4B128F1761F0022ECC0 /* PBXContainerItemProxy */ = {
			isa = PBXContainerItemProxy;
			containerPortal = D25BB79128EB24EF00CC1118 /* Project object */;
			proxyType = 1;
			remoteGlobalIDString = D2B0C4A728F1761F0022ECC0;
			remoteInfo = EssentialFeediOS;
		};
		D2BA8BEA28EC755600C09910 /* PBXContainerItemProxy */ = {
			isa = PBXContainerItemProxy;
			containerPortal = D25BB79128EB24EF00CC1118 /* Project object */;
			proxyType = 1;
			remoteGlobalIDString = D25BB79928EB24EF00CC1118;
			remoteInfo = EssentialFeed;
		};
/* End PBXContainerItemProxy section */

/* Begin PBXCopyFilesBuildPhase section */
		D226883E28F56CF800942613 /* Embed Frameworks */ = {
			isa = PBXCopyFilesBuildPhase;
			buildActionMask = 2147483647;
			dstPath = "";
			dstSubfolderSpec = 10;
			files = (
				D226883B28F56CF800942613 /* EssentialFeed.framework in Embed Frameworks */,
			);
			name = "Embed Frameworks";
			runOnlyForDeploymentPostprocessing = 0;
		};
/* End PBXCopyFilesBuildPhase section */

/* Begin PBXFileReference section */
		D218D9B628F0642B0085B6A9 /* EssentialFeedCacheIntegrationTests.xctest */ = {isa = PBXFileReference; explicitFileType = wrapper.cfbundle; includeInIndex = 0; path = EssentialFeedCacheIntegrationTests.xctest; sourceTree = BUILT_PRODUCTS_DIR; };
		D226883F28F56D5D00942613 /* ListSnapshotTests.swift */ = {isa = PBXFileReference; lastKnownFileType = sourcecode.swift; path = ListSnapshotTests.swift; sourceTree = "<group>"; };
		D226884428F56DFC00942613 /* ListViewController.swift */ = {isa = PBXFileReference; lastKnownFileType = sourcecode.swift; path = ListViewController.swift; sourceTree = "<group>"; };
		D226884628F56E2100942613 /* CellController.swift */ = {isa = PBXFileReference; lastKnownFileType = sourcecode.swift; path = CellController.swift; sourceTree = "<group>"; };
		D226884928F56E8B00942613 /* EMPTY_LIST_dark.png */ = {isa = PBXFileReference; lastKnownFileType = image.png; path = EMPTY_LIST_dark.png; sourceTree = "<group>"; };
		D226884A28F56E8B00942613 /* EMPTY_LIST_light.png */ = {isa = PBXFileReference; lastKnownFileType = image.png; path = EMPTY_LIST_light.png; sourceTree = "<group>"; };
		D226884E28F56F5200942613 /* ErrorView.swift */ = {isa = PBXFileReference; lastKnownFileType = sourcecode.swift; path = ErrorView.swift; sourceTree = "<group>"; };
		D226885128F56FCE00942613 /* ResourceLoadingViewModel.swift */ = {isa = PBXFileReference; lastKnownFileType = sourcecode.swift; path = ResourceLoadingViewModel.swift; sourceTree = "<group>"; };
		D226885328F56FE500942613 /* ResourceErrorViewModel.swift */ = {isa = PBXFileReference; lastKnownFileType = sourcecode.swift; path = ResourceErrorViewModel.swift; sourceTree = "<group>"; };
		D226885528F56FFD00942613 /* ResourceLoadingView.swift */ = {isa = PBXFileReference; lastKnownFileType = sourcecode.swift; path = ResourceLoadingView.swift; sourceTree = "<group>"; };
		D226885728F5701000942613 /* ResourceErrorView.swift */ = {isa = PBXFileReference; lastKnownFileType = sourcecode.swift; path = ResourceErrorView.swift; sourceTree = "<group>"; };
		D226885A28F5708400942613 /* UIRefreshControl+Helpers.swift */ = {isa = PBXFileReference; lastKnownFileType = sourcecode.swift; path = "UIRefreshControl+Helpers.swift"; sourceTree = "<group>"; };
		D226885C28F570C600942613 /* LIST_WITH_ERROR_MESSAGE_dark.png */ = {isa = PBXFileReference; lastKnownFileType = image.png; path = LIST_WITH_ERROR_MESSAGE_dark.png; sourceTree = "<group>"; };
		D226885D28F570C600942613 /* LIST_WITH_ERROR_MESSAGE_light.png */ = {isa = PBXFileReference; lastKnownFileType = image.png; path = LIST_WITH_ERROR_MESSAGE_light.png; sourceTree = "<group>"; };
		D226885E28F570C600942613 /* LIST_WITH_ERROR_MESSAGE_light_extraExtraExtraLarge.png */ = {isa = PBXFileReference; lastKnownFileType = image.png; path = LIST_WITH_ERROR_MESSAGE_light_extraExtraExtraLarge.png; sourceTree = "<group>"; };
		D226886228F5736000942613 /* UITableView+HeaderSizing.swift */ = {isa = PBXFileReference; lastKnownFileType = sourcecode.swift; path = "UITableView+HeaderSizing.swift"; sourceTree = "<group>"; };
		D22FA24D28F05A6800810C1C /* FeedStore.xcdatamodel */ = {isa = PBXFileReference; lastKnownFileType = wrapper.xcdatamodel; path = FeedStore.xcdatamodel; sourceTree = "<group>"; };
		D22FA24F28F05BE700810C1C /* ManagedFeedImage.swift */ = {isa = PBXFileReference; lastKnownFileType = sourcecode.swift; path = ManagedFeedImage.swift; sourceTree = "<group>"; };
		D25BB79A28EB24EF00CC1118 /* EssentialFeed.framework */ = {isa = PBXFileReference; explicitFileType = wrapper.framework; includeInIndex = 0; path = EssentialFeed.framework; sourceTree = BUILT_PRODUCTS_DIR; };
		D25BB7A228EB24EF00CC1118 /* EssentialFeedTests.xctest */ = {isa = PBXFileReference; explicitFileType = wrapper.cfbundle; includeInIndex = 0; path = EssentialFeedTests.xctest; sourceTree = BUILT_PRODUCTS_DIR; };
		D25BB7B328EB271500CC1118 /* FeedItemsMapperTests.swift */ = {isa = PBXFileReference; lastKnownFileType = sourcecode.swift; path = FeedItemsMapperTests.swift; sourceTree = "<group>"; };
		D25BB7B628EB277800CC1118 /* SharedTestHelpers.swift */ = {isa = PBXFileReference; lastKnownFileType = sourcecode.swift; path = SharedTestHelpers.swift; sourceTree = "<group>"; };
		D25BB7B928EB27B000CC1118 /* FeedImage.swift */ = {isa = PBXFileReference; lastKnownFileType = sourcecode.swift; path = FeedImage.swift; sourceTree = "<group>"; };
		D25BB7BB28EB27C600CC1118 /* FeedItemsMapper.swift */ = {isa = PBXFileReference; lastKnownFileType = sourcecode.swift; path = FeedItemsMapper.swift; sourceTree = "<group>"; };
		D25BB7BF28EB281B00CC1118 /* HTTPURLResponse+StatusCode.swift */ = {isa = PBXFileReference; lastKnownFileType = sourcecode.swift; path = "HTTPURLResponse+StatusCode.swift"; sourceTree = "<group>"; };
		D274AC3E28EDC9530012EAEF /* CacheFeedUseCaseTests.swift */ = {isa = PBXFileReference; lastKnownFileType = sourcecode.swift; path = CacheFeedUseCaseTests.swift; sourceTree = "<group>"; };
		D274AC4128EDC9C50012EAEF /* LocalFeedLoader.swift */ = {isa = PBXFileReference; lastKnownFileType = sourcecode.swift; path = LocalFeedLoader.swift; sourceTree = "<group>"; };
		D274AC4428EDCA040012EAEF /* FeedStoreSpy.swift */ = {isa = PBXFileReference; lastKnownFileType = sourcecode.swift; path = FeedStoreSpy.swift; sourceTree = "<group>"; };
		D274AC4628EDCA280012EAEF /* FeedStore.swift */ = {isa = PBXFileReference; lastKnownFileType = sourcecode.swift; path = FeedStore.swift; sourceTree = "<group>"; };
		D274AC4828EDCA3B0012EAEF /* LocalFeedImage.swift */ = {isa = PBXFileReference; lastKnownFileType = sourcecode.swift; path = LocalFeedImage.swift; sourceTree = "<group>"; };
		D274AC4A28EDCAFC0012EAEF /* FeedCacheTestHelpers.swift */ = {isa = PBXFileReference; lastKnownFileType = sourcecode.swift; path = FeedCacheTestHelpers.swift; sourceTree = "<group>"; };
		D274AC4C28EDCB4F0012EAEF /* FeedCache.swift */ = {isa = PBXFileReference; lastKnownFileType = sourcecode.swift; path = FeedCache.swift; sourceTree = "<group>"; };
		D274AC4E28EDCD830012EAEF /* LoadFeedFromCacheUseCaseTests.swift */ = {isa = PBXFileReference; lastKnownFileType = sourcecode.swift; path = LoadFeedFromCacheUseCaseTests.swift; sourceTree = "<group>"; };
		D274AC5228EDCF8A0012EAEF /* ManagedCache.swift */ = {isa = PBXFileReference; lastKnownFileType = sourcecode.swift; path = ManagedCache.swift; sourceTree = "<group>"; };
		D274AC5428EDD2770012EAEF /* FeedCachePolicy.swift */ = {isa = PBXFileReference; lastKnownFileType = sourcecode.swift; path = FeedCachePolicy.swift; sourceTree = "<group>"; };
		D274AC5628EDD51D0012EAEF /* ValidateFeedCacheUseCaseTests.swift */ = {isa = PBXFileReference; lastKnownFileType = sourcecode.swift; path = ValidateFeedCacheUseCaseTests.swift; sourceTree = "<group>"; };
		D274AC5928EDD95C0012EAEF /* FeedStoreSpecs.swift */ = {isa = PBXFileReference; lastKnownFileType = sourcecode.swift; path = FeedStoreSpecs.swift; sourceTree = "<group>"; };
		D274AC5B28EDDA6D0012EAEF /* CoreDataFeedStoreTests.swift */ = {isa = PBXFileReference; lastKnownFileType = sourcecode.swift; path = CoreDataFeedStoreTests.swift; sourceTree = "<group>"; };
		D274AC5D28EDDB1A0012EAEF /* XCTestCase+FeedStoreSpecs.swift */ = {isa = PBXFileReference; lastKnownFileType = sourcecode.swift; path = "XCTestCase+FeedStoreSpecs.swift"; sourceTree = "<group>"; };
		D274AC6128EDDBDC0012EAEF /* XCTestCase+FailableRetrieveFeedStoreSpecs.swift */ = {isa = PBXFileReference; lastKnownFileType = sourcecode.swift; path = "XCTestCase+FailableRetrieveFeedStoreSpecs.swift"; sourceTree = "<group>"; };
		D274AC6328EDDC270012EAEF /* XCTestCase+FailableInsertFeedStoreSpecs.swift */ = {isa = PBXFileReference; lastKnownFileType = sourcecode.swift; path = "XCTestCase+FailableInsertFeedStoreSpecs.swift"; sourceTree = "<group>"; };
		D274AC6528EDDC540012EAEF /* FailableDeleteFeedStoreSpecs.swift */ = {isa = PBXFileReference; lastKnownFileType = sourcecode.swift; path = FailableDeleteFeedStoreSpecs.swift; sourceTree = "<group>"; };
		D274AC6728EDDC940012EAEF /* CoreDataFeedStore.swift */ = {isa = PBXFileReference; lastKnownFileType = sourcecode.swift; path = CoreDataFeedStore.swift; sourceTree = "<group>"; };
		D274AC6928EDDCFA0012EAEF /* CoreDataFeedStore+FeedStore.swift */ = {isa = PBXFileReference; lastKnownFileType = sourcecode.swift; path = "CoreDataFeedStore+FeedStore.swift"; sourceTree = "<group>"; };
		D274AC6B28EDDE3F0012EAEF /* CoreDataHelpers.swift */ = {isa = PBXFileReference; lastKnownFileType = sourcecode.swift; path = CoreDataHelpers.swift; sourceTree = "<group>"; };
		D29FFADB28F597E700AF6FF7 /* UIView+Container.swift */ = {isa = PBXFileReference; lastKnownFileType = sourcecode.swift; path = "UIView+Container.swift"; sourceTree = "<group>"; };
		D29FFAE928F59F7500AF6FF7 /* LoadResourcePresenterTests.swift */ = {isa = PBXFileReference; lastKnownFileType = sourcecode.swift; path = LoadResourcePresenterTests.swift; sourceTree = "<group>"; };
		D29FFAEC28F59FB700AF6FF7 /* LoadResourcePresenter.swift */ = {isa = PBXFileReference; lastKnownFileType = sourcecode.swift; path = LoadResourcePresenter.swift; sourceTree = "<group>"; };
		D29FFAF128F5A35100AF6FF7 /* en */ = {isa = PBXFileReference; lastKnownFileType = text.plist.strings; name = en; path = en.lproj/Shared.strings; sourceTree = "<group>"; };
		D29FFAF328F5A45300AF6FF7 /* el */ = {isa = PBXFileReference; lastKnownFileType = text.plist.strings; name = el; path = el.lproj/Shared.strings; sourceTree = "<group>"; };
		D29FFAF428F5A45900AF6FF7 /* pt-BR */ = {isa = PBXFileReference; lastKnownFileType = text.plist.strings; name = "pt-BR"; path = "pt-BR.lproj/Shared.strings"; sourceTree = "<group>"; };
		D29FFAF528F5A45F00AF6FF7 /* nl */ = {isa = PBXFileReference; lastKnownFileType = text.plist.strings; name = nl; path = nl.lproj/Shared.strings; sourceTree = "<group>"; };
		D29FFAF628F5A4C200AF6FF7 /* SharedLocalizationTests.swift */ = {isa = PBXFileReference; lastKnownFileType = sourcecode.swift; path = SharedLocalizationTests.swift; sourceTree = "<group>"; };
		D29FFAF828F5A4EB00AF6FF7 /* SharedLocalizationTestHelpers.swift */ = {isa = PBXFileReference; lastKnownFileType = sourcecode.swift; path = SharedLocalizationTestHelpers.swift; sourceTree = "<group>"; };
		D29FFAFB28F5A7E900AF6FF7 /* FeedSnapshotTests.swift */ = {isa = PBXFileReference; lastKnownFileType = sourcecode.swift; path = FeedSnapshotTests.swift; sourceTree = "<group>"; };
		D29FFAFF28F5A82700AF6FF7 /* FeedImageCellController.swift */ = {isa = PBXFileReference; lastKnownFileType = sourcecode.swift; path = FeedImageCellController.swift; sourceTree = "<group>"; };
		D29FFB0228F5A88E00AF6FF7 /* FeedImageCell.swift */ = {isa = PBXFileReference; lastKnownFileType = sourcecode.swift; path = FeedImageCell.swift; sourceTree = "<group>"; };
		D29FFB0528F5A8EA00AF6FF7 /* UIImageView+Animations.swift */ = {isa = PBXFileReference; lastKnownFileType = sourcecode.swift; path = "UIImageView+Animations.swift"; sourceTree = "<group>"; };
		D29FFB0728F5A8F900AF6FF7 /* UIView+Shimmering.swift */ = {isa = PBXFileReference; lastKnownFileType = sourcecode.swift; path = "UIView+Shimmering.swift"; sourceTree = "<group>"; };
		D29FFB0928F5A95B00AF6FF7 /* UIImage+TestHelpers.swift */ = {isa = PBXFileReference; lastKnownFileType = sourcecode.swift; path = "UIImage+TestHelpers.swift"; sourceTree = "<group>"; };
		D29FFB0C28F5A9B300AF6FF7 /* FeedImageViewModel.swift */ = {isa = PBXFileReference; lastKnownFileType = sourcecode.swift; path = FeedImageViewModel.swift; sourceTree = "<group>"; };
		D29FFB0E28F5AB0D00AF6FF7 /* Feed.storyboard */ = {isa = PBXFileReference; lastKnownFileType = file.storyboard; path = Feed.storyboard; sourceTree = "<group>"; };
		D29FFB1028F5AB4000AF6FF7 /* Feed.xcassets */ = {isa = PBXFileReference; lastKnownFileType = folder.assetcatalog; path = Feed.xcassets; sourceTree = "<group>"; };
		D29FFB1328F5AC4E00AF6FF7 /* FEED_WITH_CONTENT_dark.png */ = {isa = PBXFileReference; lastKnownFileType = image.png; path = FEED_WITH_CONTENT_dark.png; sourceTree = "<group>"; };
		D29FFB1428F5AC4E00AF6FF7 /* FEED_WITH_CONTENT_light_extraExtraExtraLarge.png */ = {isa = PBXFileReference; lastKnownFileType = image.png; path = FEED_WITH_CONTENT_light_extraExtraExtraLarge.png; sourceTree = "<group>"; };
		D29FFB1528F5AC4E00AF6FF7 /* FEED_WITH_CONTENT_light.png */ = {isa = PBXFileReference; lastKnownFileType = image.png; path = FEED_WITH_CONTENT_light.png; sourceTree = "<group>"; };
		D29FFB1D28F5ACDA00AF6FF7 /* UITableView+Dequeueing.swift */ = {isa = PBXFileReference; lastKnownFileType = sourcecode.swift; path = "UITableView+Dequeueing.swift"; sourceTree = "<group>"; };
		D29FFB1F28F5AF0100AF6FF7 /* FEED_WITH_FAILED_IMAGE_LOADING_dark.png */ = {isa = PBXFileReference; lastKnownFileType = image.png; path = FEED_WITH_FAILED_IMAGE_LOADING_dark.png; sourceTree = "<group>"; };
		D29FFB2028F5AF0100AF6FF7 /* FEED_WITH_FAILED_IMAGE_LOADING_light.png */ = {isa = PBXFileReference; lastKnownFileType = image.png; path = FEED_WITH_FAILED_IMAGE_LOADING_light.png; sourceTree = "<group>"; };
		D29FFB2328F5AF5000AF6FF7 /* LoadMoreCellController.swift */ = {isa = PBXFileReference; lastKnownFileType = sourcecode.swift; path = LoadMoreCellController.swift; sourceTree = "<group>"; };
		D29FFB2528F5AFAB00AF6FF7 /* LoadMoreCell.swift */ = {isa = PBXFileReference; lastKnownFileType = sourcecode.swift; path = LoadMoreCell.swift; sourceTree = "<group>"; };
		D29FFB2728F5B08200AF6FF7 /* FEED_WITH_LOAD_MORE_INDICATOR_dark.png */ = {isa = PBXFileReference; lastKnownFileType = image.png; path = FEED_WITH_LOAD_MORE_INDICATOR_dark.png; sourceTree = "<group>"; };
		D29FFB2828F5B08200AF6FF7 /* FEED_WITH_LOAD_MORE_INDICATOR_light.png */ = {isa = PBXFileReference; lastKnownFileType = image.png; path = FEED_WITH_LOAD_MORE_INDICATOR_light.png; sourceTree = "<group>"; };
		D29FFB2B28F5B0E600AF6FF7 /* FEED_WITH_LOAD_MORE_ERROR_light.png */ = {isa = PBXFileReference; lastKnownFileType = image.png; path = FEED_WITH_LOAD_MORE_ERROR_light.png; sourceTree = "<group>"; };
		D29FFB2C28F5B0E600AF6FF7 /* FEED_WITH_LOAD_MORE_ERROR_dark.png */ = {isa = PBXFileReference; lastKnownFileType = image.png; path = FEED_WITH_LOAD_MORE_ERROR_dark.png; sourceTree = "<group>"; };
		D29FFB2D28F5B0E600AF6FF7 /* FEED_WITH_LOAD_MORE_ERROR_extraExtraExtraLarge.png */ = {isa = PBXFileReference; lastKnownFileType = image.png; path = FEED_WITH_LOAD_MORE_ERROR_extraExtraExtraLarge.png; sourceTree = "<group>"; };
		D2A83C5228F4623E00952442 /* UIViewController+Snapshot.swift */ = {isa = PBXFileReference; lastKnownFileType = sourcecode.swift; path = "UIViewController+Snapshot.swift"; sourceTree = "<group>"; };
		D2A83C5428F4628300952442 /* XCTestCase+Snapshot.swift */ = {isa = PBXFileReference; lastKnownFileType = sourcecode.swift; path = "XCTestCase+Snapshot.swift"; sourceTree = "<group>"; };
		D2B0C4A828F1761F0022ECC0 /* EssentialFeediOS.framework */ = {isa = PBXFileReference; explicitFileType = wrapper.framework; includeInIndex = 0; path = EssentialFeediOS.framework; sourceTree = BUILT_PRODUCTS_DIR; };
		D2B0C4AF28F1761F0022ECC0 /* EssentialFeediOSTests.xctest */ = {isa = PBXFileReference; explicitFileType = wrapper.cfbundle; includeInIndex = 0; path = EssentialFeediOSTests.xctest; sourceTree = BUILT_PRODUCTS_DIR; };
		D2BA8BC128EC6C0F00C09910 /* FeedImageDataMapperTests.swift */ = {isa = PBXFileReference; lastKnownFileType = sourcecode.swift; path = FeedImageDataMapperTests.swift; sourceTree = "<group>"; };
		D2BA8BC328EC6C3A00C09910 /* FeedImageDataMapper.swift */ = {isa = PBXFileReference; lastKnownFileType = sourcecode.swift; path = FeedImageDataMapper.swift; sourceTree = "<group>"; };
		D2BA8BD428EC713100C09910 /* HTTPClient.swift */ = {isa = PBXFileReference; lastKnownFileType = sourcecode.swift; path = HTTPClient.swift; sourceTree = "<group>"; };
		D2BA8BD728EC71B100C09910 /* URLSessionHTTPClientTests.swift */ = {isa = PBXFileReference; lastKnownFileType = sourcecode.swift; path = URLSessionHTTPClientTests.swift; sourceTree = "<group>"; };
		D2BA8BDA28EC720A00C09910 /* URLProtocolStub.swift */ = {isa = PBXFileReference; lastKnownFileType = sourcecode.swift; path = URLProtocolStub.swift; sourceTree = "<group>"; };
		D2BA8BDC28EC726C00C09910 /* XCTestCase+MemoryLeakTracking.swift */ = {isa = PBXFileReference; lastKnownFileType = sourcecode.swift; path = "XCTestCase+MemoryLeakTracking.swift"; sourceTree = "<group>"; };
		D2BA8BDF28EC72B000C09910 /* URLSessionHTTPClient.swift */ = {isa = PBXFileReference; lastKnownFileType = sourcecode.swift; path = URLSessionHTTPClient.swift; sourceTree = "<group>"; };
		D2BA8BE528EC755600C09910 /* EssentialFeedAPIEndToEndTests.xctest */ = {isa = PBXFileReference; explicitFileType = wrapper.cfbundle; includeInIndex = 0; path = EssentialFeedAPIEndToEndTests.xctest; sourceTree = BUILT_PRODUCTS_DIR; };
		D2BA8BE728EC755600C09910 /* EssentialFeedAPIEndToEndTests.swift */ = {isa = PBXFileReference; lastKnownFileType = sourcecode.swift; path = EssentialFeedAPIEndToEndTests.swift; sourceTree = "<group>"; };
		D2D5362728FEE982008DE452 /* FeedEndpointTests.swift */ = {isa = PBXFileReference; lastKnownFileType = sourcecode.swift; path = FeedEndpointTests.swift; sourceTree = "<group>"; };
		D2D5362928FEE9A0008DE452 /* FeedEndpoint.swift */ = {isa = PBXFileReference; lastKnownFileType = sourcecode.swift; path = FeedEndpoint.swift; sourceTree = "<group>"; };
		D2D7303A28F065A400AFC6D7 /* EssentialFeedCacheIntegrationTests.swift */ = {isa = PBXFileReference; lastKnownFileType = sourcecode.swift; path = EssentialFeedCacheIntegrationTests.swift; sourceTree = "<group>"; };
		D2D7303E28F070F100AFC6D7 /* FeedImageDataStore.swift */ = {isa = PBXFileReference; lastKnownFileType = sourcecode.swift; path = FeedImageDataStore.swift; sourceTree = "<group>"; };
		D2D7304028F0714E00AFC6D7 /* CoreDataFeedImageDataStoreTests.swift */ = {isa = PBXFileReference; lastKnownFileType = sourcecode.swift; path = CoreDataFeedImageDataStoreTests.swift; sourceTree = "<group>"; };
		D2D7304228F071E200AFC6D7 /* CoreDataFeedStore+FeedImageDataStore.swift */ = {isa = PBXFileReference; lastKnownFileType = sourcecode.swift; path = "CoreDataFeedStore+FeedImageDataStore.swift"; sourceTree = "<group>"; };
		D2D7304428F0731000AFC6D7 /* CacheFeedImageDataUseCaseTests.swift */ = {isa = PBXFileReference; lastKnownFileType = sourcecode.swift; path = CacheFeedImageDataUseCaseTests.swift; sourceTree = "<group>"; };
		D2D7304628F0734800AFC6D7 /* LocalFeedImageDataLoader.swift */ = {isa = PBXFileReference; lastKnownFileType = sourcecode.swift; path = LocalFeedImageDataLoader.swift; sourceTree = "<group>"; };
		D2D7304828F0737700AFC6D7 /* FeedImageDataStoreSpy.swift */ = {isa = PBXFileReference; lastKnownFileType = sourcecode.swift; path = FeedImageDataStoreSpy.swift; sourceTree = "<group>"; };
		D2D7304A28F0740900AFC6D7 /* FeedImageDataCache.swift */ = {isa = PBXFileReference; lastKnownFileType = sourcecode.swift; path = FeedImageDataCache.swift; sourceTree = "<group>"; };
		D2D7304C28F074B000AFC6D7 /* LoadFeedImageDataFromCacheUseCaseTests.swift */ = {isa = PBXFileReference; lastKnownFileType = sourcecode.swift; path = LoadFeedImageDataFromCacheUseCaseTests.swift; sourceTree = "<group>"; };
		D2D7304E28F074FE00AFC6D7 /* FeedImageDataLoader.swift */ = {isa = PBXFileReference; lastKnownFileType = sourcecode.swift; path = FeedImageDataLoader.swift; sourceTree = "<group>"; };
		D2F7A13228F5BBEA00146C90 /* FeedPresenterTests.swift */ = {isa = PBXFileReference; lastKnownFileType = sourcecode.swift; path = FeedPresenterTests.swift; sourceTree = "<group>"; };
		D2F7A13428F5BC0200146C90 /* FeedPresenter.swift */ = {isa = PBXFileReference; lastKnownFileType = sourcecode.swift; path = FeedPresenter.swift; sourceTree = "<group>"; };
		D2F7A13828F5BC9200146C90 /* FeedLocalizationTests.swift */ = {isa = PBXFileReference; lastKnownFileType = sourcecode.swift; path = FeedLocalizationTests.swift; sourceTree = "<group>"; };
		D2F7A13B28F5BCB700146C90 /* en */ = {isa = PBXFileReference; lastKnownFileType = text.plist.strings; name = en; path = en.lproj/Feed.strings; sourceTree = "<group>"; };
		D2F7A13D28F5BCBF00146C90 /* pt-BR */ = {isa = PBXFileReference; lastKnownFileType = text.plist.strings; name = "pt-BR"; path = "pt-BR.lproj/Feed.strings"; sourceTree = "<group>"; };
		D2F7A13E28F5BCC000146C90 /* el */ = {isa = PBXFileReference; lastKnownFileType = text.plist.strings; name = el; path = el.lproj/Feed.strings; sourceTree = "<group>"; };
		D2F7A13F28F5BCC100146C90 /* nl */ = {isa = PBXFileReference; lastKnownFileType = text.plist.strings; name = nl; path = nl.lproj/Feed.strings; sourceTree = "<group>"; };
		D2F7A14028F5BD4F00146C90 /* FeedImagePresenterTests.swift */ = {isa = PBXFileReference; lastKnownFileType = sourcecode.swift; path = FeedImagePresenterTests.swift; sourceTree = "<group>"; };
		D2F7A14228F5BD7400146C90 /* FeedImagePresenter.swift */ = {isa = PBXFileReference; lastKnownFileType = sourcecode.swift; path = FeedImagePresenter.swift; sourceTree = "<group>"; };
		D2F7A14B28F5BF3000146C90 /* Paginated.swift */ = {isa = PBXFileReference; lastKnownFileType = sourcecode.swift; path = Paginated.swift; sourceTree = "<group>"; };
/* End PBXFileReference section */

/* Begin PBXFrameworksBuildPhase section */
		D218D9B328F0642B0085B6A9 /* Frameworks */ = {
			isa = PBXFrameworksBuildPhase;
			buildActionMask = 2147483647;
			files = (
				D218D9BA28F0642B0085B6A9 /* EssentialFeed.framework in Frameworks */,
			);
			runOnlyForDeploymentPostprocessing = 0;
		};
		D25BB79728EB24EF00CC1118 /* Frameworks */ = {
			isa = PBXFrameworksBuildPhase;
			buildActionMask = 2147483647;
			files = (
			);
			runOnlyForDeploymentPostprocessing = 0;
		};
		D25BB79F28EB24EF00CC1118 /* Frameworks */ = {
			isa = PBXFrameworksBuildPhase;
			buildActionMask = 2147483647;
			files = (
				D25BB7A328EB24EF00CC1118 /* EssentialFeed.framework in Frameworks */,
			);
			runOnlyForDeploymentPostprocessing = 0;
		};
		D2B0C4A528F1761F0022ECC0 /* Frameworks */ = {
			isa = PBXFrameworksBuildPhase;
			buildActionMask = 2147483647;
			files = (
				D226883A28F56CF800942613 /* EssentialFeed.framework in Frameworks */,
			);
			runOnlyForDeploymentPostprocessing = 0;
		};
		D2B0C4AC28F1761F0022ECC0 /* Frameworks */ = {
			isa = PBXFrameworksBuildPhase;
			buildActionMask = 2147483647;
			files = (
				D2B0C4B028F1761F0022ECC0 /* EssentialFeediOS.framework in Frameworks */,
			);
			runOnlyForDeploymentPostprocessing = 0;
		};
		D2BA8BE228EC755600C09910 /* Frameworks */ = {
			isa = PBXFrameworksBuildPhase;
			buildActionMask = 2147483647;
			files = (
				D2BA8BE928EC755600C09910 /* EssentialFeed.framework in Frameworks */,
			);
			runOnlyForDeploymentPostprocessing = 0;
		};
/* End PBXFrameworksBuildPhase section */

/* Begin PBXGroup section */
		D218D9B728F0642B0085B6A9 /* EssentialFeedCacheIntegrationTests */ = {
			isa = PBXGroup;
			children = (
				D2D7303A28F065A400AFC6D7 /* EssentialFeedCacheIntegrationTests.swift */,
			);
			path = EssentialFeedCacheIntegrationTests;
			sourceTree = "<group>";
		};
		D226883928F56CF800942613 /* Frameworks */ = {
			isa = PBXGroup;
			children = (
			);
			name = Frameworks;
			sourceTree = "<group>";
		};
		D226884128F56D6300942613 /* Shared UI */ = {
			isa = PBXGroup;
			children = (
				D226884828F56E8B00942613 /* snapshots */,
				D226883F28F56D5D00942613 /* ListSnapshotTests.swift */,
			);
			path = "Shared UI";
			sourceTree = "<group>";
		};
		D226884228F56DE000942613 /* Shared UI */ = {
			isa = PBXGroup;
			children = (
				D226884328F56DEB00942613 /* Controllers */,
				D226884D28F56F4700942613 /* Views */,
			);
			path = "Shared UI";
			sourceTree = "<group>";
		};
		D226884328F56DEB00942613 /* Controllers */ = {
			isa = PBXGroup;
			children = (
				D226884628F56E2100942613 /* CellController.swift */,
				D226884428F56DFC00942613 /* ListViewController.swift */,
			);
			path = Controllers;
			sourceTree = "<group>";
		};
		D226884828F56E8B00942613 /* snapshots */ = {
			isa = PBXGroup;
			children = (
				D226884928F56E8B00942613 /* EMPTY_LIST_dark.png */,
				D226884A28F56E8B00942613 /* EMPTY_LIST_light.png */,
				D226885C28F570C600942613 /* LIST_WITH_ERROR_MESSAGE_dark.png */,
				D226885E28F570C600942613 /* LIST_WITH_ERROR_MESSAGE_light_extraExtraExtraLarge.png */,
				D226885D28F570C600942613 /* LIST_WITH_ERROR_MESSAGE_light.png */,
			);
			path = snapshots;
			sourceTree = "<group>";
		};
		D226884D28F56F4700942613 /* Views */ = {
			isa = PBXGroup;
			children = (
				D226885928F5707600942613 /* Helpers */,
				D226884E28F56F5200942613 /* ErrorView.swift */,
			);
			path = Views;
			sourceTree = "<group>";
		};
		D226885028F56FB200942613 /* Shared Presentation */ = {
			isa = PBXGroup;
			children = (
				D29FFAEC28F59FB700AF6FF7 /* LoadResourcePresenter.swift */,
				D226885728F5701000942613 /* ResourceErrorView.swift */,
				D226885328F56FE500942613 /* ResourceErrorViewModel.swift */,
				D226885528F56FFD00942613 /* ResourceLoadingView.swift */,
				D226885128F56FCE00942613 /* ResourceLoadingViewModel.swift */,
				D29FFAF228F5A35100AF6FF7 /* Shared.strings */,
			);
			path = "Shared Presentation";
			sourceTree = "<group>";
		};
		D226885928F5707600942613 /* Helpers */ = {
			isa = PBXGroup;
			children = (
				D226885A28F5708400942613 /* UIRefreshControl+Helpers.swift */,
				D29FFB1D28F5ACDA00AF6FF7 /* UITableView+Dequeueing.swift */,
				D226886228F5736000942613 /* UITableView+HeaderSizing.swift */,
				D29FFADB28F597E700AF6FF7 /* UIView+Container.swift */,
			);
			path = Helpers;
			sourceTree = "<group>";
		};
		D25BB79028EB24EF00CC1118 = {
			isa = PBXGroup;
			children = (
				D25BB79C28EB24EF00CC1118 /* EssentialFeed */,
				D25BB7A628EB24EF00CC1118 /* EssentialFeedTests */,
				D2BA8BE628EC755600C09910 /* EssentialFeedAPIEndToEndTests */,
				D218D9B728F0642B0085B6A9 /* EssentialFeedCacheIntegrationTests */,
				D2B0C4A928F1761F0022ECC0 /* EssentialFeediOS */,
				D2B0C4B328F176200022ECC0 /* EssentialFeediOSTests */,
				D25BB79B28EB24EF00CC1118 /* Products */,
				D226883928F56CF800942613 /* Frameworks */,
			);
			sourceTree = "<group>";
		};
		D25BB79B28EB24EF00CC1118 /* Products */ = {
			isa = PBXGroup;
			children = (
				D25BB79A28EB24EF00CC1118 /* EssentialFeed.framework */,
				D25BB7A228EB24EF00CC1118 /* EssentialFeedTests.xctest */,
				D2BA8BE528EC755600C09910 /* EssentialFeedAPIEndToEndTests.xctest */,
				D218D9B628F0642B0085B6A9 /* EssentialFeedCacheIntegrationTests.xctest */,
				D2B0C4A828F1761F0022ECC0 /* EssentialFeediOS.framework */,
				D2B0C4AF28F1761F0022ECC0 /* EssentialFeediOSTests.xctest */,
			);
			name = Products;
			sourceTree = "<group>";
		};
		D25BB79C28EB24EF00CC1118 /* EssentialFeed */ = {
			isa = PBXGroup;
			children = (
				D2BA8BD328EC712700C09910 /* Shared API */,
				D2BA8BDE28EC729800C09910 /* Shared API Infra */,
				D226885028F56FB200942613 /* Shared Presentation */,
				D25BB7BD28EB27CA00CC1118 /* Feed API */,
				D274AC4028EDC9A10012EAEF /* Feed Cache */,
				D25BB7B828EB27A500CC1118 /* Feed Feature */,
				D29FFB0B28F5A98300AF6FF7 /* Feed Presentation */,
			);
			path = EssentialFeed;
			sourceTree = "<group>";
		};
		D25BB7A628EB24EF00CC1118 /* EssentialFeedTests */ = {
			isa = PBXGroup;
			children = (
				D25BB7B528EB276500CC1118 /* Helpers */,
				D2BA8BD628EC719300C09910 /* Shared API Infra */,
				D29FFAEB28F59F7800AF6FF7 /* Shared Presentation */,
				D25BB7B228EB270000CC1118 /* Feed API */,
				D274AC3D28EDC93C0012EAEF /* Feed Cache */,
				D2F7A13128F5BBD300146C90 /* Feed Presentation */,
			);
			path = EssentialFeedTests;
			sourceTree = "<group>";
		};
		D25BB7B228EB270000CC1118 /* Feed API */ = {
			isa = PBXGroup;
			children = (
				D2D5362728FEE982008DE452 /* FeedEndpointTests.swift */,
				D2BA8BC128EC6C0F00C09910 /* FeedImageDataMapperTests.swift */,
				D25BB7B328EB271500CC1118 /* FeedItemsMapperTests.swift */,
			);
			path = "Feed API";
			sourceTree = "<group>";
		};
		D25BB7B528EB276500CC1118 /* Helpers */ = {
			isa = PBXGroup;
			children = (
				D29FFAF828F5A4EB00AF6FF7 /* SharedLocalizationTestHelpers.swift */,
				D25BB7B628EB277800CC1118 /* SharedTestHelpers.swift */,
				D2BA8BDC28EC726C00C09910 /* XCTestCase+MemoryLeakTracking.swift */,
			);
			path = Helpers;
			sourceTree = "<group>";
		};
		D25BB7B828EB27A500CC1118 /* Feed Feature */ = {
			isa = PBXGroup;
			children = (
				D274AC4C28EDCB4F0012EAEF /* FeedCache.swift */,
				D25BB7B928EB27B000CC1118 /* FeedImage.swift */,
				D2D7304A28F0740900AFC6D7 /* FeedImageDataCache.swift */,
				D2D7304E28F074FE00AFC6D7 /* FeedImageDataLoader.swift */,
			);
			path = "Feed Feature";
			sourceTree = "<group>";
		};
		D25BB7BD28EB27CA00CC1118 /* Feed API */ = {
			isa = PBXGroup;
			children = (
				D25BB7BE28EB280300CC1118 /* Helpers */,
				D2D5362928FEE9A0008DE452 /* FeedEndpoint.swift */,
				D2BA8BC328EC6C3A00C09910 /* FeedImageDataMapper.swift */,
				D25BB7BB28EB27C600CC1118 /* FeedItemsMapper.swift */,
			);
			path = "Feed API";
			sourceTree = "<group>";
		};
		D25BB7BE28EB280300CC1118 /* Helpers */ = {
			isa = PBXGroup;
			children = (
				D25BB7BF28EB281B00CC1118 /* HTTPURLResponse+StatusCode.swift */,
			);
			path = Helpers;
			sourceTree = "<group>";
		};
		D274AC3D28EDC93C0012EAEF /* Feed Cache */ = {
			isa = PBXGroup;
			children = (
				D274AC4328EDC9F30012EAEF /* Helpers */,
				D274AC5828EDD93C0012EAEF /* FeedStoreSpecs */,
				D2D7304428F0731000AFC6D7 /* CacheFeedImageDataUseCaseTests.swift */,
				D274AC3E28EDC9530012EAEF /* CacheFeedUseCaseTests.swift */,
				D2D7304028F0714E00AFC6D7 /* CoreDataFeedImageDataStoreTests.swift */,
				D274AC5B28EDDA6D0012EAEF /* CoreDataFeedStoreTests.swift */,
				D274AC4E28EDCD830012EAEF /* LoadFeedFromCacheUseCaseTests.swift */,
				D2D7304C28F074B000AFC6D7 /* LoadFeedImageDataFromCacheUseCaseTests.swift */,
				D274AC5628EDD51D0012EAEF /* ValidateFeedCacheUseCaseTests.swift */,
			);
			path = "Feed Cache";
			sourceTree = "<group>";
		};
		D274AC4028EDC9A10012EAEF /* Feed Cache */ = {
			isa = PBXGroup;
			children = (
				D274AC5028EDCF690012EAEF /* Infrastructure */,
				D274AC5428EDD2770012EAEF /* FeedCachePolicy.swift */,
				D2D7303E28F070F100AFC6D7 /* FeedImageDataStore.swift */,
				D274AC4628EDCA280012EAEF /* FeedStore.swift */,
				D274AC4828EDCA3B0012EAEF /* LocalFeedImage.swift */,
				D2D7304628F0734800AFC6D7 /* LocalFeedImageDataLoader.swift */,
				D274AC4128EDC9C50012EAEF /* LocalFeedLoader.swift */,
			);
			path = "Feed Cache";
			sourceTree = "<group>";
		};
		D274AC4328EDC9F30012EAEF /* Helpers */ = {
			isa = PBXGroup;
			children = (
				D274AC4428EDCA040012EAEF /* FeedStoreSpy.swift */,
				D274AC4A28EDCAFC0012EAEF /* FeedCacheTestHelpers.swift */,
				D2D7304828F0737700AFC6D7 /* FeedImageDataStoreSpy.swift */,
			);
			path = Helpers;
			sourceTree = "<group>";
		};
		D274AC5028EDCF690012EAEF /* Infrastructure */ = {
			isa = PBXGroup;
			children = (
				D274AC5128EDCF780012EAEF /* CoreData */,
			);
			path = Infrastructure;
			sourceTree = "<group>";
		};
		D274AC5128EDCF780012EAEF /* CoreData */ = {
			isa = PBXGroup;
			children = (
				D274AC6728EDDC940012EAEF /* CoreDataFeedStore.swift */,
				D274AC6928EDDCFA0012EAEF /* CoreDataFeedStore+FeedStore.swift */,
				D2D7304228F071E200AFC6D7 /* CoreDataFeedStore+FeedImageDataStore.swift */,
				D274AC6B28EDDE3F0012EAEF /* CoreDataHelpers.swift */,
				D274AC5228EDCF8A0012EAEF /* ManagedCache.swift */,
				D22FA24F28F05BE700810C1C /* ManagedFeedImage.swift */,
				D22FA24C28F05A6800810C1C /* FeedStore.xcdatamodeld */,
			);
			path = CoreData;
			sourceTree = "<group>";
		};
		D274AC5828EDD93C0012EAEF /* FeedStoreSpecs */ = {
			isa = PBXGroup;
			children = (
				D274AC5928EDD95C0012EAEF /* FeedStoreSpecs.swift */,
				D274AC5D28EDDB1A0012EAEF /* XCTestCase+FeedStoreSpecs.swift */,
				D274AC6128EDDBDC0012EAEF /* XCTestCase+FailableRetrieveFeedStoreSpecs.swift */,
				D274AC6328EDDC270012EAEF /* XCTestCase+FailableInsertFeedStoreSpecs.swift */,
				D274AC6528EDDC540012EAEF /* FailableDeleteFeedStoreSpecs.swift */,
			);
			path = FeedStoreSpecs;
			sourceTree = "<group>";
		};
		D29FFAEB28F59F7800AF6FF7 /* Shared Presentation */ = {
			isa = PBXGroup;
			children = (
				D29FFAE928F59F7500AF6FF7 /* LoadResourcePresenterTests.swift */,
				D29FFAF628F5A4C200AF6FF7 /* SharedLocalizationTests.swift */,
			);
			path = "Shared Presentation";
			sourceTree = "<group>";
		};
		D29FFAFA28F5A7D500AF6FF7 /* Feed UI */ = {
			isa = PBXGroup;
			children = (
				D29FFB1228F5AC4E00AF6FF7 /* snapshots */,
				D29FFAFB28F5A7E900AF6FF7 /* FeedSnapshotTests.swift */,
			);
			path = "Feed UI";
			sourceTree = "<group>";
		};
		D29FFAFD28F5A81900AF6FF7 /* Feed UI */ = {
			isa = PBXGroup;
			children = (
				D29FFAFE28F5A82000AF6FF7 /* Controllers */,
				D29FFB0128F5A87500AF6FF7 /* Views */,
			);
			path = "Feed UI";
			sourceTree = "<group>";
		};
		D29FFAFE28F5A82000AF6FF7 /* Controllers */ = {
			isa = PBXGroup;
			children = (
				D29FFAFF28F5A82700AF6FF7 /* FeedImageCellController.swift */,
				D29FFB2328F5AF5000AF6FF7 /* LoadMoreCellController.swift */,
			);
			path = Controllers;
			sourceTree = "<group>";
		};
		D29FFB0128F5A87500AF6FF7 /* Views */ = {
			isa = PBXGroup;
			children = (
				D29FFB0428F5A8D800AF6FF7 /* Helpers */,
				D29FFB0228F5A88E00AF6FF7 /* FeedImageCell.swift */,
				D29FFB2528F5AFAB00AF6FF7 /* LoadMoreCell.swift */,
				D29FFB0E28F5AB0D00AF6FF7 /* Feed.storyboard */,
				D29FFB1028F5AB4000AF6FF7 /* Feed.xcassets */,
			);
			path = Views;
			sourceTree = "<group>";
		};
		D29FFB0428F5A8D800AF6FF7 /* Helpers */ = {
			isa = PBXGroup;
			children = (
				D29FFB0528F5A8EA00AF6FF7 /* UIImageView+Animations.swift */,
				D29FFB0728F5A8F900AF6FF7 /* UIView+Shimmering.swift */,
			);
			path = Helpers;
			sourceTree = "<group>";
		};
		D29FFB0B28F5A98300AF6FF7 /* Feed Presentation */ = {
			isa = PBXGroup;
			children = (
				D29FFB0C28F5A9B300AF6FF7 /* FeedImageViewModel.swift */,
				D2F7A14228F5BD7400146C90 /* FeedImagePresenter.swift */,
				D2F7A13428F5BC0200146C90 /* FeedPresenter.swift */,
				D2F7A13C28F5BCB700146C90 /* Feed.strings */,
			);
			path = "Feed Presentation";
			sourceTree = "<group>";
		};
		D29FFB1228F5AC4E00AF6FF7 /* snapshots */ = {
			isa = PBXGroup;
			children = (
				D29FFB1328F5AC4E00AF6FF7 /* FEED_WITH_CONTENT_dark.png */,
				D29FFB1428F5AC4E00AF6FF7 /* FEED_WITH_CONTENT_light_extraExtraExtraLarge.png */,
				D29FFB1528F5AC4E00AF6FF7 /* FEED_WITH_CONTENT_light.png */,
				D29FFB1F28F5AF0100AF6FF7 /* FEED_WITH_FAILED_IMAGE_LOADING_dark.png */,
				D29FFB2028F5AF0100AF6FF7 /* FEED_WITH_FAILED_IMAGE_LOADING_light.png */,
				D29FFB2728F5B08200AF6FF7 /* FEED_WITH_LOAD_MORE_INDICATOR_dark.png */,
				D29FFB2828F5B08200AF6FF7 /* FEED_WITH_LOAD_MORE_INDICATOR_light.png */,
				D29FFB2C28F5B0E600AF6FF7 /* FEED_WITH_LOAD_MORE_ERROR_dark.png */,
				D29FFB2D28F5B0E600AF6FF7 /* FEED_WITH_LOAD_MORE_ERROR_extraExtraExtraLarge.png */,
				D29FFB2B28F5B0E600AF6FF7 /* FEED_WITH_LOAD_MORE_ERROR_light.png */,
			);
			path = snapshots;
			sourceTree = "<group>";
		};
		D2A83C5128F4622900952442 /* Helpers */ = {
			isa = PBXGroup;
			children = (
				D29FFB0928F5A95B00AF6FF7 /* UIImage+TestHelpers.swift */,
				D2A83C5228F4623E00952442 /* UIViewController+Snapshot.swift */,
				D2A83C5428F4628300952442 /* XCTestCase+Snapshot.swift */,
			);
			path = Helpers;
			sourceTree = "<group>";
		};
		D2B0C4A928F1761F0022ECC0 /* EssentialFeediOS */ = {
			isa = PBXGroup;
			children = (
				D29FFAFD28F5A81900AF6FF7 /* Feed UI */,
				D226884228F56DE000942613 /* Shared UI */,
			);
			path = EssentialFeediOS;
			sourceTree = "<group>";
		};
		D2B0C4B328F176200022ECC0 /* EssentialFeediOSTests */ = {
			isa = PBXGroup;
			children = (
				D2A83C5128F4622900952442 /* Helpers */,
				D29FFAFA28F5A7D500AF6FF7 /* Feed UI */,
				D226884128F56D6300942613 /* Shared UI */,
			);
			path = EssentialFeediOSTests;
			sourceTree = "<group>";
		};
		D2BA8BD328EC712700C09910 /* Shared API */ = {
			isa = PBXGroup;
			children = (
				D2BA8BD428EC713100C09910 /* HTTPClient.swift */,
				D2F7A14B28F5BF3000146C90 /* Paginated.swift */,
			);
			path = "Shared API";
			sourceTree = "<group>";
		};
		D2BA8BD628EC719300C09910 /* Shared API Infra */ = {
			isa = PBXGroup;
			children = (
				D2BA8BD928EC720100C09910 /* Helpers */,
				D2BA8BD728EC71B100C09910 /* URLSessionHTTPClientTests.swift */,
			);
			path = "Shared API Infra";
			sourceTree = "<group>";
		};
		D2BA8BD928EC720100C09910 /* Helpers */ = {
			isa = PBXGroup;
			children = (
				D2BA8BDA28EC720A00C09910 /* URLProtocolStub.swift */,
			);
			path = Helpers;
			sourceTree = "<group>";
		};
		D2BA8BDE28EC729800C09910 /* Shared API Infra */ = {
			isa = PBXGroup;
			children = (
				D2BA8BDF28EC72B000C09910 /* URLSessionHTTPClient.swift */,
			);
			path = "Shared API Infra";
			sourceTree = "<group>";
		};
		D2BA8BE628EC755600C09910 /* EssentialFeedAPIEndToEndTests */ = {
			isa = PBXGroup;
			children = (
				D2BA8BE728EC755600C09910 /* EssentialFeedAPIEndToEndTests.swift */,
			);
			path = EssentialFeedAPIEndToEndTests;
			sourceTree = "<group>";
		};
		D2F7A13128F5BBD300146C90 /* Feed Presentation */ = {
			isa = PBXGroup;
			children = (
				D2F7A14028F5BD4F00146C90 /* FeedImagePresenterTests.swift */,
				D2F7A13828F5BC9200146C90 /* FeedLocalizationTests.swift */,
				D2F7A13228F5BBEA00146C90 /* FeedPresenterTests.swift */,
			);
			path = "Feed Presentation";
			sourceTree = "<group>";
		};
/* End PBXGroup section */

/* Begin PBXHeadersBuildPhase section */
		D25BB79528EB24EF00CC1118 /* Headers */ = {
			isa = PBXHeadersBuildPhase;
			buildActionMask = 2147483647;
			files = (
			);
			runOnlyForDeploymentPostprocessing = 0;
		};
		D2B0C4A328F1761F0022ECC0 /* Headers */ = {
			isa = PBXHeadersBuildPhase;
			buildActionMask = 2147483647;
			files = (
			);
			runOnlyForDeploymentPostprocessing = 0;
		};
/* End PBXHeadersBuildPhase section */

/* Begin PBXNativeTarget section */
		D218D9B528F0642B0085B6A9 /* EssentialFeedCacheIntegrationTests */ = {
			isa = PBXNativeTarget;
			buildConfigurationList = D218D9BF28F0642B0085B6A9 /* Build configuration list for PBXNativeTarget "EssentialFeedCacheIntegrationTests" */;
			buildPhases = (
				D218D9B228F0642B0085B6A9 /* Sources */,
				D218D9B328F0642B0085B6A9 /* Frameworks */,
				D218D9B428F0642B0085B6A9 /* Resources */,
			);
			buildRules = (
			);
			dependencies = (
				D218D9BC28F0642B0085B6A9 /* PBXTargetDependency */,
			);
			name = EssentialFeedCacheIntegrationTests;
			productName = EssentialFeedCacheIntegrationTests;
			productReference = D218D9B628F0642B0085B6A9 /* EssentialFeedCacheIntegrationTests.xctest */;
			productType = "com.apple.product-type.bundle.unit-test";
		};
		D25BB79928EB24EF00CC1118 /* EssentialFeed */ = {
			isa = PBXNativeTarget;
			buildConfigurationList = D25BB7AC28EB24EF00CC1118 /* Build configuration list for PBXNativeTarget "EssentialFeed" */;
			buildPhases = (
				D25BB79528EB24EF00CC1118 /* Headers */,
				D25BB79628EB24EF00CC1118 /* Sources */,
				D25BB79728EB24EF00CC1118 /* Frameworks */,
				D25BB79828EB24EF00CC1118 /* Resources */,
			);
			buildRules = (
			);
			dependencies = (
			);
			name = EssentialFeed;
			productName = EssentialFeed;
			productReference = D25BB79A28EB24EF00CC1118 /* EssentialFeed.framework */;
			productType = "com.apple.product-type.framework";
		};
		D25BB7A128EB24EF00CC1118 /* EssentialFeedTests */ = {
			isa = PBXNativeTarget;
			buildConfigurationList = D25BB7AF28EB24EF00CC1118 /* Build configuration list for PBXNativeTarget "EssentialFeedTests" */;
			buildPhases = (
				D25BB79E28EB24EF00CC1118 /* Sources */,
				D25BB79F28EB24EF00CC1118 /* Frameworks */,
				D25BB7A028EB24EF00CC1118 /* Resources */,
			);
			buildRules = (
			);
			dependencies = (
				D25BB7A528EB24EF00CC1118 /* PBXTargetDependency */,
			);
			name = EssentialFeedTests;
			productName = EssentialFeedTests;
			productReference = D25BB7A228EB24EF00CC1118 /* EssentialFeedTests.xctest */;
			productType = "com.apple.product-type.bundle.unit-test";
		};
		D2B0C4A728F1761F0022ECC0 /* EssentialFeediOS */ = {
			isa = PBXNativeTarget;
			buildConfigurationList = D2B0C4B728F176200022ECC0 /* Build configuration list for PBXNativeTarget "EssentialFeediOS" */;
			buildPhases = (
				D2B0C4A328F1761F0022ECC0 /* Headers */,
				D2B0C4A428F1761F0022ECC0 /* Sources */,
				D2B0C4A528F1761F0022ECC0 /* Frameworks */,
				D2B0C4A628F1761F0022ECC0 /* Resources */,
				D226883E28F56CF800942613 /* Embed Frameworks */,
			);
			buildRules = (
			);
			dependencies = (
				D226883D28F56CF800942613 /* PBXTargetDependency */,
			);
			name = EssentialFeediOS;
			productName = EssentialFeediOS;
			productReference = D2B0C4A828F1761F0022ECC0 /* EssentialFeediOS.framework */;
			productType = "com.apple.product-type.framework";
		};
		D2B0C4AE28F1761F0022ECC0 /* EssentialFeediOSTests */ = {
			isa = PBXNativeTarget;
			buildConfigurationList = D2B0C4BA28F176200022ECC0 /* Build configuration list for PBXNativeTarget "EssentialFeediOSTests" */;
			buildPhases = (
				D2B0C4AB28F1761F0022ECC0 /* Sources */,
				D2B0C4AC28F1761F0022ECC0 /* Frameworks */,
				D2B0C4AD28F1761F0022ECC0 /* Resources */,
			);
			buildRules = (
			);
			dependencies = (
				D2B0C4B228F1761F0022ECC0 /* PBXTargetDependency */,
			);
			name = EssentialFeediOSTests;
			productName = EssentialFeediOSTests;
			productReference = D2B0C4AF28F1761F0022ECC0 /* EssentialFeediOSTests.xctest */;
			productType = "com.apple.product-type.bundle.unit-test";
		};
		D2BA8BE428EC755600C09910 /* EssentialFeedAPIEndToEndTests */ = {
			isa = PBXNativeTarget;
			buildConfigurationList = D2BA8BEC28EC755600C09910 /* Build configuration list for PBXNativeTarget "EssentialFeedAPIEndToEndTests" */;
			buildPhases = (
				D2BA8BE128EC755600C09910 /* Sources */,
				D2BA8BE228EC755600C09910 /* Frameworks */,
				D2BA8BE328EC755600C09910 /* Resources */,
			);
			buildRules = (
			);
			dependencies = (
				D2BA8BEB28EC755600C09910 /* PBXTargetDependency */,
			);
			name = EssentialFeedAPIEndToEndTests;
			productName = EssentialFeedAPIEndToEndTests;
			productReference = D2BA8BE528EC755600C09910 /* EssentialFeedAPIEndToEndTests.xctest */;
			productType = "com.apple.product-type.bundle.unit-test";
		};
/* End PBXNativeTarget section */

/* Begin PBXProject section */
		D25BB79128EB24EF00CC1118 /* Project object */ = {
			isa = PBXProject;
			attributes = {
				BuildIndependentTargetsInParallel = 1;
				LastSwiftUpdateCheck = 1400;
				LastUpgradeCheck = 1400;
				TargetAttributes = {
					D218D9B528F0642B0085B6A9 = {
						CreatedOnToolsVersion = 14.0.1;
					};
					D25BB79928EB24EF00CC1118 = {
						CreatedOnToolsVersion = 14.0.1;
						LastSwiftMigration = 1400;
					};
					D25BB7A128EB24EF00CC1118 = {
						CreatedOnToolsVersion = 14.0.1;
						LastSwiftMigration = 1400;
					};
					D2B0C4A728F1761F0022ECC0 = {
						CreatedOnToolsVersion = 14.0.1;
						LastSwiftMigration = 1400;
					};
					D2B0C4AE28F1761F0022ECC0 = {
						CreatedOnToolsVersion = 14.0.1;
						LastSwiftMigration = 1400;
					};
					D2BA8BE428EC755600C09910 = {
						CreatedOnToolsVersion = 14.0.1;
					};
				};
			};
			buildConfigurationList = D25BB79428EB24EF00CC1118 /* Build configuration list for PBXProject "EssentialFeed" */;
			compatibilityVersion = "Xcode 14.0";
			developmentRegion = en;
			hasScannedForEncodings = 0;
			knownRegions = (
				en,
				Base,
				el,
				"pt-BR",
				nl,
			);
			mainGroup = D25BB79028EB24EF00CC1118;
			productRefGroup = D25BB79B28EB24EF00CC1118 /* Products */;
			projectDirPath = "";
			projectRoot = "";
			targets = (
				D25BB79928EB24EF00CC1118 /* EssentialFeed */,
				D25BB7A128EB24EF00CC1118 /* EssentialFeedTests */,
				D2BA8BE428EC755600C09910 /* EssentialFeedAPIEndToEndTests */,
				D218D9B528F0642B0085B6A9 /* EssentialFeedCacheIntegrationTests */,
				D2B0C4A728F1761F0022ECC0 /* EssentialFeediOS */,
				D2B0C4AE28F1761F0022ECC0 /* EssentialFeediOSTests */,
			);
		};
/* End PBXProject section */

/* Begin PBXResourcesBuildPhase section */
		D218D9B428F0642B0085B6A9 /* Resources */ = {
			isa = PBXResourcesBuildPhase;
			buildActionMask = 2147483647;
			files = (
			);
			runOnlyForDeploymentPostprocessing = 0;
		};
		D25BB79828EB24EF00CC1118 /* Resources */ = {
			isa = PBXResourcesBuildPhase;
			buildActionMask = 2147483647;
			files = (
				D2F7A13A28F5BCB700146C90 /* Feed.strings in Resources */,
				D29FFAF028F5A35100AF6FF7 /* Shared.strings in Resources */,
			);
			runOnlyForDeploymentPostprocessing = 0;
		};
		D25BB7A028EB24EF00CC1118 /* Resources */ = {
			isa = PBXResourcesBuildPhase;
			buildActionMask = 2147483647;
			files = (
			);
			runOnlyForDeploymentPostprocessing = 0;
		};
		D2B0C4A628F1761F0022ECC0 /* Resources */ = {
			isa = PBXResourcesBuildPhase;
			buildActionMask = 2147483647;
			files = (
				D29FFB0F28F5AB0D00AF6FF7 /* Feed.storyboard in Resources */,
				D29FFB1128F5AB4000AF6FF7 /* Feed.xcassets in Resources */,
			);
			runOnlyForDeploymentPostprocessing = 0;
		};
		D2B0C4AD28F1761F0022ECC0 /* Resources */ = {
			isa = PBXResourcesBuildPhase;
			buildActionMask = 2147483647;
			files = (
				D226884C28F56E8B00942613 /* EMPTY_LIST_light.png in Resources */,
				D29FFB1628F5AC4E00AF6FF7 /* FEED_WITH_CONTENT_dark.png in Resources */,
				D29FFB3028F5B0E600AF6FF7 /* FEED_WITH_LOAD_MORE_ERROR_extraExtraExtraLarge.png in Resources */,
				D29FFB1728F5AC4E00AF6FF7 /* FEED_WITH_CONTENT_light_extraExtraExtraLarge.png in Resources */,
				D29FFB2F28F5B0E600AF6FF7 /* FEED_WITH_LOAD_MORE_ERROR_dark.png in Resources */,
				D29FFB2E28F5B0E600AF6FF7 /* FEED_WITH_LOAD_MORE_ERROR_light.png in Resources */,
				D29FFB2128F5AF0100AF6FF7 /* FEED_WITH_FAILED_IMAGE_LOADING_dark.png in Resources */,
				D226886028F570C600942613 /* LIST_WITH_ERROR_MESSAGE_light.png in Resources */,
				D29FFB2A28F5B08200AF6FF7 /* FEED_WITH_LOAD_MORE_INDICATOR_light.png in Resources */,
				D226885F28F570C600942613 /* LIST_WITH_ERROR_MESSAGE_dark.png in Resources */,
				D29FFB2228F5AF0100AF6FF7 /* FEED_WITH_FAILED_IMAGE_LOADING_light.png in Resources */,
				D226886128F570C600942613 /* LIST_WITH_ERROR_MESSAGE_light_extraExtraExtraLarge.png in Resources */,
				D29FFB1828F5AC4E00AF6FF7 /* FEED_WITH_CONTENT_light.png in Resources */,
				D29FFB2928F5B08200AF6FF7 /* FEED_WITH_LOAD_MORE_INDICATOR_dark.png in Resources */,
				D226884B28F56E8B00942613 /* EMPTY_LIST_dark.png in Resources */,
			);
			runOnlyForDeploymentPostprocessing = 0;
		};
		D2BA8BE328EC755600C09910 /* Resources */ = {
			isa = PBXResourcesBuildPhase;
			buildActionMask = 2147483647;
			files = (
			);
			runOnlyForDeploymentPostprocessing = 0;
		};
/* End PBXResourcesBuildPhase section */

/* Begin PBXSourcesBuildPhase section */
		D218D9B228F0642B0085B6A9 /* Sources */ = {
			isa = PBXSourcesBuildPhase;
			buildActionMask = 2147483647;
			files = (
				D2D7303D28F0665300AFC6D7 /* FeedCacheTestHelpers.swift in Sources */,
				D2D7303B28F065A400AFC6D7 /* EssentialFeedCacheIntegrationTests.swift in Sources */,
				D2D7303928F0654D00AFC6D7 /* XCTestCase+MemoryLeakTracking.swift in Sources */,
				D2D7303C28F0664500AFC6D7 /* SharedTestHelpers.swift in Sources */,
			);
			runOnlyForDeploymentPostprocessing = 0;
		};
		D25BB79628EB24EF00CC1118 /* Sources */ = {
			isa = PBXSourcesBuildPhase;
			buildActionMask = 2147483647;
			files = (
				D274AC6C28EDDE3F0012EAEF /* CoreDataHelpers.swift in Sources */,
				D226885828F5701000942613 /* ResourceErrorView.swift in Sources */,
				D2D5362A28FEE9A0008DE452 /* FeedEndpoint.swift in Sources */,
				D25BB7BA28EB27B000CC1118 /* FeedImage.swift in Sources */,
				D2BA8BD528EC713100C09910 /* HTTPClient.swift in Sources */,
				D2F7A14328F5BD7400146C90 /* FeedImagePresenter.swift in Sources */,
				D274AC5328EDCF8A0012EAEF /* ManagedCache.swift in Sources */,
				D2F7A13528F5BC0200146C90 /* FeedPresenter.swift in Sources */,
				D2D7304B28F0740900AFC6D7 /* FeedImageDataCache.swift in Sources */,
				D226885228F56FCE00942613 /* ResourceLoadingViewModel.swift in Sources */,
				D2D7304728F0734800AFC6D7 /* LocalFeedImageDataLoader.swift in Sources */,
				D274AC4928EDCA3B0012EAEF /* LocalFeedImage.swift in Sources */,
				D25BB7C028EB281B00CC1118 /* HTTPURLResponse+StatusCode.swift in Sources */,
				D274AC4728EDCA280012EAEF /* FeedStore.swift in Sources */,
				D2D7303F28F070F100AFC6D7 /* FeedImageDataStore.swift in Sources */,
				D274AC4228EDC9C50012EAEF /* LocalFeedLoader.swift in Sources */,
				D2BA8BC428EC6C3A00C09910 /* FeedImageDataMapper.swift in Sources */,
				D29FFB0D28F5A9B300AF6FF7 /* FeedImageViewModel.swift in Sources */,
				D226885428F56FE500942613 /* ResourceErrorViewModel.swift in Sources */,
				D274AC6A28EDDCFA0012EAEF /* CoreDataFeedStore+FeedStore.swift in Sources */,
				D274AC5528EDD2770012EAEF /* FeedCachePolicy.swift in Sources */,
				D2D7304328F071E200AFC6D7 /* CoreDataFeedStore+FeedImageDataStore.swift in Sources */,
				D29FFAED28F59FB700AF6FF7 /* LoadResourcePresenter.swift in Sources */,
				D2F7A14C28F5BF3000146C90 /* Paginated.swift in Sources */,
				D25BB7BC28EB27C600CC1118 /* FeedItemsMapper.swift in Sources */,
				D274AC4D28EDCB4F0012EAEF /* FeedCache.swift in Sources */,
				D2BA8BE028EC72B000C09910 /* URLSessionHTTPClient.swift in Sources */,
				D274AC6828EDDC940012EAEF /* CoreDataFeedStore.swift in Sources */,
				D22FA24E28F05A6800810C1C /* FeedStore.xcdatamodeld in Sources */,
				D226885628F56FFD00942613 /* ResourceLoadingView.swift in Sources */,
				D2D7304F28F074FE00AFC6D7 /* FeedImageDataLoader.swift in Sources */,
				D22FA25028F05BE700810C1C /* ManagedFeedImage.swift in Sources */,
			);
			runOnlyForDeploymentPostprocessing = 0;
		};
		D25BB79E28EB24EF00CC1118 /* Sources */ = {
			isa = PBXSourcesBuildPhase;
			buildActionMask = 2147483647;
			files = (
				D29FFAEA28F59F7500AF6FF7 /* LoadResourcePresenterTests.swift in Sources */,
				D29FFAF928F5A4EC00AF6FF7 /* SharedLocalizationTestHelpers.swift in Sources */,
				D25BB7B728EB277800CC1118 /* SharedTestHelpers.swift in Sources */,
				D274AC5C28EDDA6D0012EAEF /* CoreDataFeedStoreTests.swift in Sources */,
				D2BA8BC228EC6C0F00C09910 /* FeedImageDataMapperTests.swift in Sources */,
				D2F7A13328F5BBEA00146C90 /* FeedPresenterTests.swift in Sources */,
				D274AC4528EDCA040012EAEF /* FeedStoreSpy.swift in Sources */,
				D274AC6628EDDC540012EAEF /* FailableDeleteFeedStoreSpecs.swift in Sources */,
				D2F7A13928F5BC9200146C90 /* FeedLocalizationTests.swift in Sources */,
				D274AC5728EDD51D0012EAEF /* ValidateFeedCacheUseCaseTests.swift in Sources */,
				D2D5362828FEE982008DE452 /* FeedEndpointTests.swift in Sources */,
				D274AC5E28EDDB1A0012EAEF /* XCTestCase+FeedStoreSpecs.swift in Sources */,
				D25BB7B428EB271500CC1118 /* FeedItemsMapperTests.swift in Sources */,
				D2D7304D28F074B000AFC6D7 /* LoadFeedImageDataFromCacheUseCaseTests.swift in Sources */,
				D274AC6228EDDBDC0012EAEF /* XCTestCase+FailableRetrieveFeedStoreSpecs.swift in Sources */,
				D274AC4B28EDCAFC0012EAEF /* FeedCacheTestHelpers.swift in Sources */,
				D2D7304128F0714E00AFC6D7 /* CoreDataFeedImageDataStoreTests.swift in Sources */,
				D2BA8BD828EC71B100C09910 /* URLSessionHTTPClientTests.swift in Sources */,
				D2D7304928F0737700AFC6D7 /* FeedImageDataStoreSpy.swift in Sources */,
				D2BA8BDB28EC720A00C09910 /* URLProtocolStub.swift in Sources */,
				D2BA8BDD28EC726C00C09910 /* XCTestCase+MemoryLeakTracking.swift in Sources */,
				D274AC4F28EDCD830012EAEF /* LoadFeedFromCacheUseCaseTests.swift in Sources */,
				D274AC5A28EDD95C0012EAEF /* FeedStoreSpecs.swift in Sources */,
				D2F7A14128F5BD4F00146C90 /* FeedImagePresenterTests.swift in Sources */,
				D274AC6428EDDC270012EAEF /* XCTestCase+FailableInsertFeedStoreSpecs.swift in Sources */,
				D274AC3F28EDC9530012EAEF /* CacheFeedUseCaseTests.swift in Sources */,
				D2D7304528F0731000AFC6D7 /* CacheFeedImageDataUseCaseTests.swift in Sources */,
				D29FFAF728F5A4C200AF6FF7 /* SharedLocalizationTests.swift in Sources */,
			);
			runOnlyForDeploymentPostprocessing = 0;
		};
		D2B0C4A428F1761F0022ECC0 /* Sources */ = {
			isa = PBXSourcesBuildPhase;
			buildActionMask = 2147483647;
			files = (
				D226884528F56DFC00942613 /* ListViewController.swift in Sources */,
				D29FFB0828F5A8F900AF6FF7 /* UIView+Shimmering.swift in Sources */,
				D226885B28F5708400942613 /* UIRefreshControl+Helpers.swift in Sources */,
				D226884F28F56F5200942613 /* ErrorView.swift in Sources */,
				D29FFB0628F5A8EA00AF6FF7 /* UIImageView+Animations.swift in Sources */,
				D29FFB0028F5A82700AF6FF7 /* FeedImageCellController.swift in Sources */,
				D29FFB2428F5AF5000AF6FF7 /* LoadMoreCellController.swift in Sources */,
				D226884728F56E2100942613 /* CellController.swift in Sources */,
				D29FFB1E28F5ACDA00AF6FF7 /* UITableView+Dequeueing.swift in Sources */,
				D29FFB0328F5A88E00AF6FF7 /* FeedImageCell.swift in Sources */,
				D29FFADC28F597E700AF6FF7 /* UIView+Container.swift in Sources */,
				D226886328F5736000942613 /* UITableView+HeaderSizing.swift in Sources */,
				D29FFB2628F5AFAB00AF6FF7 /* LoadMoreCell.swift in Sources */,
			);
			runOnlyForDeploymentPostprocessing = 0;
		};
		D2B0C4AB28F1761F0022ECC0 /* Sources */ = {
			isa = PBXSourcesBuildPhase;
			buildActionMask = 2147483647;
			files = (
				D2A83C5528F4628300952442 /* XCTestCase+Snapshot.swift in Sources */,
				D29FFAFC28F5A7E900AF6FF7 /* FeedSnapshotTests.swift in Sources */,
				D226884028F56D5D00942613 /* ListSnapshotTests.swift in Sources */,
				D29FFB0A28F5A95B00AF6FF7 /* UIImage+TestHelpers.swift in Sources */,
				D2A83C5328F4623E00952442 /* UIViewController+Snapshot.swift in Sources */,
			);
			runOnlyForDeploymentPostprocessing = 0;
		};
		D2BA8BE128EC755600C09910 /* Sources */ = {
			isa = PBXSourcesBuildPhase;
			buildActionMask = 2147483647;
			files = (
				D2BA8BE828EC755600C09910 /* EssentialFeedAPIEndToEndTests.swift in Sources */,
				D2BA8BEF28EC75B000C09910 /* XCTestCase+MemoryLeakTracking.swift in Sources */,
			);
			runOnlyForDeploymentPostprocessing = 0;
		};
/* End PBXSourcesBuildPhase section */

/* Begin PBXTargetDependency section */
		D218D9BC28F0642B0085B6A9 /* PBXTargetDependency */ = {
			isa = PBXTargetDependency;
			target = D25BB79928EB24EF00CC1118 /* EssentialFeed */;
			targetProxy = D218D9BB28F0642B0085B6A9 /* PBXContainerItemProxy */;
		};
		D226883D28F56CF800942613 /* PBXTargetDependency */ = {
			isa = PBXTargetDependency;
			target = D25BB79928EB24EF00CC1118 /* EssentialFeed */;
			targetProxy = D226883C28F56CF800942613 /* PBXContainerItemProxy */;
		};
		D25BB7A528EB24EF00CC1118 /* PBXTargetDependency */ = {
			isa = PBXTargetDependency;
			target = D25BB79928EB24EF00CC1118 /* EssentialFeed */;
			targetProxy = D25BB7A428EB24EF00CC1118 /* PBXContainerItemProxy */;
		};
		D2B0C4B228F1761F0022ECC0 /* PBXTargetDependency */ = {
			isa = PBXTargetDependency;
			target = D2B0C4A728F1761F0022ECC0 /* EssentialFeediOS */;
			targetProxy = D2B0C4B128F1761F0022ECC0 /* PBXContainerItemProxy */;
		};
		D2BA8BEB28EC755600C09910 /* PBXTargetDependency */ = {
			isa = PBXTargetDependency;
			target = D25BB79928EB24EF00CC1118 /* EssentialFeed */;
			targetProxy = D2BA8BEA28EC755600C09910 /* PBXContainerItemProxy */;
		};
/* End PBXTargetDependency section */

/* Begin PBXVariantGroup section */
		D29FFAF228F5A35100AF6FF7 /* Shared.strings */ = {
			isa = PBXVariantGroup;
			children = (
				D29FFAF128F5A35100AF6FF7 /* en */,
				D29FFAF328F5A45300AF6FF7 /* el */,
				D29FFAF428F5A45900AF6FF7 /* pt-BR */,
				D29FFAF528F5A45F00AF6FF7 /* nl */,
			);
			name = Shared.strings;
			sourceTree = "<group>";
		};
		D2F7A13C28F5BCB700146C90 /* Feed.strings */ = {
			isa = PBXVariantGroup;
			children = (
				D2F7A13B28F5BCB700146C90 /* en */,
				D2F7A13D28F5BCBF00146C90 /* pt-BR */,
				D2F7A13E28F5BCC000146C90 /* el */,
				D2F7A13F28F5BCC100146C90 /* nl */,
			);
			name = Feed.strings;
			sourceTree = "<group>";
		};
/* End PBXVariantGroup section */

/* Begin XCBuildConfiguration section */
		D218D9BD28F0642B0085B6A9 /* Debug */ = {
			isa = XCBuildConfiguration;
			buildSettings = {
				CODE_SIGN_STYLE = Automatic;
				CURRENT_PROJECT_VERSION = 1;
				DEVELOPMENT_TEAM = Q637DVLY4Q;
				GENERATE_INFOPLIST_FILE = YES;
				IPHONEOS_DEPLOYMENT_TARGET = 16.0;
				MARKETING_VERSION = 1.0;
				PRODUCT_BUNDLE_IDENTIFIER = com.keepitswift.EssentialFeedCacheIntegrationTests;
				PRODUCT_NAME = "$(TARGET_NAME)";
				SUPPORTED_PLATFORMS = "iphoneos iphonesimulator macosx";
				SUPPORTS_MACCATALYST = NO;
				SUPPORTS_MAC_DESIGNED_FOR_IPHONE_IPAD = NO;
				SWIFT_EMIT_LOC_STRINGS = NO;
				SWIFT_VERSION = 5.0;
				TARGETED_DEVICE_FAMILY = 1;
			};
			name = Debug;
		};
		D218D9BE28F0642B0085B6A9 /* Release */ = {
			isa = XCBuildConfiguration;
			buildSettings = {
				CODE_SIGN_STYLE = Automatic;
				CURRENT_PROJECT_VERSION = 1;
				DEVELOPMENT_TEAM = Q637DVLY4Q;
				GENERATE_INFOPLIST_FILE = YES;
				IPHONEOS_DEPLOYMENT_TARGET = 16.0;
				MARKETING_VERSION = 1.0;
				PRODUCT_BUNDLE_IDENTIFIER = com.keepitswift.EssentialFeedCacheIntegrationTests;
				PRODUCT_NAME = "$(TARGET_NAME)";
				SUPPORTED_PLATFORMS = "iphoneos iphonesimulator macosx";
				SUPPORTS_MACCATALYST = NO;
				SUPPORTS_MAC_DESIGNED_FOR_IPHONE_IPAD = NO;
				SWIFT_EMIT_LOC_STRINGS = NO;
				SWIFT_VERSION = 5.0;
				TARGETED_DEVICE_FAMILY = 1;
			};
			name = Release;
		};
		D25BB7AA28EB24EF00CC1118 /* Debug */ = {
			isa = XCBuildConfiguration;
			buildSettings = {
				ALWAYS_SEARCH_USER_PATHS = NO;
				CLANG_ANALYZER_LOCALIZABILITY_NONLOCALIZED = YES;
				CLANG_ANALYZER_NONNULL = YES;
				CLANG_ANALYZER_NUMBER_OBJECT_CONVERSION = YES_AGGRESSIVE;
				CLANG_CXX_LANGUAGE_STANDARD = "gnu++20";
				CLANG_ENABLE_MODULES = YES;
				CLANG_ENABLE_OBJC_ARC = YES;
				CLANG_ENABLE_OBJC_WEAK = YES;
				CLANG_WARN_BLOCK_CAPTURE_AUTORELEASING = YES;
				CLANG_WARN_BOOL_CONVERSION = YES;
				CLANG_WARN_COMMA = YES;
				CLANG_WARN_CONSTANT_CONVERSION = YES;
				CLANG_WARN_DEPRECATED_OBJC_IMPLEMENTATIONS = YES;
				CLANG_WARN_DIRECT_OBJC_ISA_USAGE = YES_ERROR;
				CLANG_WARN_DOCUMENTATION_COMMENTS = YES;
				CLANG_WARN_EMPTY_BODY = YES;
				CLANG_WARN_ENUM_CONVERSION = YES;
				CLANG_WARN_INFINITE_RECURSION = YES;
				CLANG_WARN_INT_CONVERSION = YES;
				CLANG_WARN_NON_LITERAL_NULL_CONVERSION = YES;
				CLANG_WARN_OBJC_IMPLICIT_RETAIN_SELF = YES;
				CLANG_WARN_OBJC_LITERAL_CONVERSION = YES;
				CLANG_WARN_OBJC_ROOT_CLASS = YES_ERROR;
				CLANG_WARN_QUOTED_INCLUDE_IN_FRAMEWORK_HEADER = YES;
				CLANG_WARN_RANGE_LOOP_ANALYSIS = YES;
				CLANG_WARN_STRICT_PROTOTYPES = YES;
				CLANG_WARN_SUSPICIOUS_MOVE = YES;
				CLANG_WARN_UNGUARDED_AVAILABILITY = YES_AGGRESSIVE;
				CLANG_WARN_UNREACHABLE_CODE = YES;
				CLANG_WARN__DUPLICATE_METHOD_MATCH = YES;
				COPY_PHASE_STRIP = NO;
				CURRENT_PROJECT_VERSION = 1;
				DEBUG_INFORMATION_FORMAT = dwarf;
				ENABLE_STRICT_OBJC_MSGSEND = YES;
				ENABLE_TESTABILITY = YES;
				GCC_C_LANGUAGE_STANDARD = gnu11;
				GCC_DYNAMIC_NO_PIC = NO;
				GCC_NO_COMMON_BLOCKS = YES;
				GCC_OPTIMIZATION_LEVEL = 0;
				GCC_PREPROCESSOR_DEFINITIONS = (
					"DEBUG=1",
					"$(inherited)",
				);
				GCC_WARN_64_TO_32_BIT_CONVERSION = YES;
				GCC_WARN_ABOUT_RETURN_TYPE = YES_ERROR;
				GCC_WARN_UNDECLARED_SELECTOR = YES;
				GCC_WARN_UNINITIALIZED_AUTOS = YES_AGGRESSIVE;
				GCC_WARN_UNUSED_FUNCTION = YES;
				GCC_WARN_UNUSED_VARIABLE = YES;
				MACOSX_DEPLOYMENT_TARGET = 12.3;
				MTL_ENABLE_DEBUG_INFO = INCLUDE_SOURCE;
				MTL_FAST_MATH = YES;
				ONLY_ACTIVE_ARCH = YES;
				SDKROOT = macosx;
				SWIFT_ACTIVE_COMPILATION_CONDITIONS = DEBUG;
				SWIFT_OPTIMIZATION_LEVEL = "-Onone";
				VERSIONING_SYSTEM = "apple-generic";
				VERSION_INFO_PREFIX = "";
			};
			name = Debug;
		};
		D25BB7AB28EB24EF00CC1118 /* Release */ = {
			isa = XCBuildConfiguration;
			buildSettings = {
				ALWAYS_SEARCH_USER_PATHS = NO;
				CLANG_ANALYZER_LOCALIZABILITY_NONLOCALIZED = YES;
				CLANG_ANALYZER_NONNULL = YES;
				CLANG_ANALYZER_NUMBER_OBJECT_CONVERSION = YES_AGGRESSIVE;
				CLANG_CXX_LANGUAGE_STANDARD = "gnu++20";
				CLANG_ENABLE_MODULES = YES;
				CLANG_ENABLE_OBJC_ARC = YES;
				CLANG_ENABLE_OBJC_WEAK = YES;
				CLANG_WARN_BLOCK_CAPTURE_AUTORELEASING = YES;
				CLANG_WARN_BOOL_CONVERSION = YES;
				CLANG_WARN_COMMA = YES;
				CLANG_WARN_CONSTANT_CONVERSION = YES;
				CLANG_WARN_DEPRECATED_OBJC_IMPLEMENTATIONS = YES;
				CLANG_WARN_DIRECT_OBJC_ISA_USAGE = YES_ERROR;
				CLANG_WARN_DOCUMENTATION_COMMENTS = YES;
				CLANG_WARN_EMPTY_BODY = YES;
				CLANG_WARN_ENUM_CONVERSION = YES;
				CLANG_WARN_INFINITE_RECURSION = YES;
				CLANG_WARN_INT_CONVERSION = YES;
				CLANG_WARN_NON_LITERAL_NULL_CONVERSION = YES;
				CLANG_WARN_OBJC_IMPLICIT_RETAIN_SELF = YES;
				CLANG_WARN_OBJC_LITERAL_CONVERSION = YES;
				CLANG_WARN_OBJC_ROOT_CLASS = YES_ERROR;
				CLANG_WARN_QUOTED_INCLUDE_IN_FRAMEWORK_HEADER = YES;
				CLANG_WARN_RANGE_LOOP_ANALYSIS = YES;
				CLANG_WARN_STRICT_PROTOTYPES = YES;
				CLANG_WARN_SUSPICIOUS_MOVE = YES;
				CLANG_WARN_UNGUARDED_AVAILABILITY = YES_AGGRESSIVE;
				CLANG_WARN_UNREACHABLE_CODE = YES;
				CLANG_WARN__DUPLICATE_METHOD_MATCH = YES;
				COPY_PHASE_STRIP = NO;
				CURRENT_PROJECT_VERSION = 1;
				DEBUG_INFORMATION_FORMAT = "dwarf-with-dsym";
				ENABLE_NS_ASSERTIONS = NO;
				ENABLE_STRICT_OBJC_MSGSEND = YES;
				GCC_C_LANGUAGE_STANDARD = gnu11;
				GCC_NO_COMMON_BLOCKS = YES;
				GCC_WARN_64_TO_32_BIT_CONVERSION = YES;
				GCC_WARN_ABOUT_RETURN_TYPE = YES_ERROR;
				GCC_WARN_UNDECLARED_SELECTOR = YES;
				GCC_WARN_UNINITIALIZED_AUTOS = YES_AGGRESSIVE;
				GCC_WARN_UNUSED_FUNCTION = YES;
				GCC_WARN_UNUSED_VARIABLE = YES;
				MACOSX_DEPLOYMENT_TARGET = 12.3;
				MTL_ENABLE_DEBUG_INFO = NO;
				MTL_FAST_MATH = YES;
				SDKROOT = macosx;
				SWIFT_COMPILATION_MODE = wholemodule;
				SWIFT_OPTIMIZATION_LEVEL = "-O";
				VERSIONING_SYSTEM = "apple-generic";
				VERSION_INFO_PREFIX = "";
			};
			name = Release;
		};
		D25BB7AD28EB24EF00CC1118 /* Debug */ = {
			isa = XCBuildConfiguration;
			buildSettings = {
				CLANG_ENABLE_MODULES = YES;
				CODE_SIGN_STYLE = Automatic;
				COMBINE_HIDPI_IMAGES = YES;
				CURRENT_PROJECT_VERSION = 1;
				DEFINES_MODULE = YES;
				DEVELOPMENT_TEAM = Q637DVLY4Q;
				DYLIB_COMPATIBILITY_VERSION = 1;
				DYLIB_CURRENT_VERSION = 1;
				DYLIB_INSTALL_NAME_BASE = "@rpath";
				GENERATE_INFOPLIST_FILE = YES;
				INFOPLIST_KEY_NSHumanReadableCopyright = "";
				INSTALL_PATH = "$(LOCAL_LIBRARY_DIR)/Frameworks";
				IPHONEOS_DEPLOYMENT_TARGET = 16.0;
				LD_RUNPATH_SEARCH_PATHS = (
					"$(inherited)",
					"@executable_path/../Frameworks",
					"@loader_path/Frameworks",
				);
				MARKETING_VERSION = 1.0;
				PRODUCT_BUNDLE_IDENTIFIER = com.keepitswift.EssentialFeed;
				PRODUCT_NAME = "$(TARGET_NAME:c99extidentifier)";
				SKIP_INSTALL = YES;
				SUPPORTED_PLATFORMS = "iphoneos iphonesimulator macosx";
				SUPPORTS_MACCATALYST = NO;
				SUPPORTS_MAC_DESIGNED_FOR_IPHONE_IPAD = NO;
				SWIFT_EMIT_LOC_STRINGS = YES;
				SWIFT_OPTIMIZATION_LEVEL = "-Onone";
				SWIFT_VERSION = 5.0;
				TARGETED_DEVICE_FAMILY = 1;
			};
			name = Debug;
		};
		D25BB7AE28EB24EF00CC1118 /* Release */ = {
			isa = XCBuildConfiguration;
			buildSettings = {
				CLANG_ENABLE_MODULES = YES;
				CODE_SIGN_STYLE = Automatic;
				COMBINE_HIDPI_IMAGES = YES;
				CURRENT_PROJECT_VERSION = 1;
				DEFINES_MODULE = YES;
				DEVELOPMENT_TEAM = Q637DVLY4Q;
				DYLIB_COMPATIBILITY_VERSION = 1;
				DYLIB_CURRENT_VERSION = 1;
				DYLIB_INSTALL_NAME_BASE = "@rpath";
				GENERATE_INFOPLIST_FILE = YES;
				INFOPLIST_KEY_NSHumanReadableCopyright = "";
				INSTALL_PATH = "$(LOCAL_LIBRARY_DIR)/Frameworks";
				IPHONEOS_DEPLOYMENT_TARGET = 16.0;
				LD_RUNPATH_SEARCH_PATHS = (
					"$(inherited)",
					"@executable_path/../Frameworks",
					"@loader_path/Frameworks",
				);
				MARKETING_VERSION = 1.0;
				PRODUCT_BUNDLE_IDENTIFIER = com.keepitswift.EssentialFeed;
				PRODUCT_NAME = "$(TARGET_NAME:c99extidentifier)";
				SKIP_INSTALL = YES;
				SUPPORTED_PLATFORMS = "iphoneos iphonesimulator macosx";
				SUPPORTS_MACCATALYST = NO;
				SUPPORTS_MAC_DESIGNED_FOR_IPHONE_IPAD = NO;
				SWIFT_EMIT_LOC_STRINGS = YES;
				SWIFT_VERSION = 5.0;
				TARGETED_DEVICE_FAMILY = 1;
			};
			name = Release;
		};
		D25BB7B028EB24EF00CC1118 /* Debug */ = {
			isa = XCBuildConfiguration;
			buildSettings = {
				ALWAYS_EMBED_SWIFT_STANDARD_LIBRARIES = YES;
				CLANG_ENABLE_MODULES = YES;
				CODE_SIGN_STYLE = Automatic;
				CURRENT_PROJECT_VERSION = 1;
				DEVELOPMENT_TEAM = Q637DVLY4Q;
				GENERATE_INFOPLIST_FILE = YES;
				IPHONEOS_DEPLOYMENT_TARGET = 16.0;
				LD_RUNPATH_SEARCH_PATHS = (
					"$(inherited)",
					"@executable_path/../Frameworks",
					"@loader_path/../Frameworks",
				);
				MARKETING_VERSION = 1.0;
				PRODUCT_BUNDLE_IDENTIFIER = com.keepitswift.EssentialFeedTests;
				PRODUCT_NAME = "$(TARGET_NAME)";
				SUPPORTED_PLATFORMS = "iphoneos iphonesimulator macosx";
				SUPPORTS_MACCATALYST = NO;
				SUPPORTS_MAC_DESIGNED_FOR_IPHONE_IPAD = NO;
				SWIFT_EMIT_LOC_STRINGS = NO;
				SWIFT_OPTIMIZATION_LEVEL = "-Onone";
				SWIFT_VERSION = 5.0;
				TARGETED_DEVICE_FAMILY = 1;
			};
			name = Debug;
		};
		D25BB7B128EB24EF00CC1118 /* Release */ = {
			isa = XCBuildConfiguration;
			buildSettings = {
				ALWAYS_EMBED_SWIFT_STANDARD_LIBRARIES = YES;
				CLANG_ENABLE_MODULES = YES;
				CODE_SIGN_STYLE = Automatic;
				CURRENT_PROJECT_VERSION = 1;
				DEVELOPMENT_TEAM = Q637DVLY4Q;
				GENERATE_INFOPLIST_FILE = YES;
				IPHONEOS_DEPLOYMENT_TARGET = 16.0;
				LD_RUNPATH_SEARCH_PATHS = (
					"$(inherited)",
					"@executable_path/../Frameworks",
					"@loader_path/../Frameworks",
				);
				MARKETING_VERSION = 1.0;
				PRODUCT_BUNDLE_IDENTIFIER = com.keepitswift.EssentialFeedTests;
				PRODUCT_NAME = "$(TARGET_NAME)";
				SUPPORTED_PLATFORMS = "iphoneos iphonesimulator macosx";
				SUPPORTS_MACCATALYST = NO;
				SUPPORTS_MAC_DESIGNED_FOR_IPHONE_IPAD = NO;
				SWIFT_EMIT_LOC_STRINGS = NO;
				SWIFT_VERSION = 5.0;
				TARGETED_DEVICE_FAMILY = 1;
			};
			name = Release;
		};
		D2B0C4B828F176200022ECC0 /* Debug */ = {
			isa = XCBuildConfiguration;
			buildSettings = {
				CLANG_ENABLE_MODULES = YES;
				CODE_SIGN_STYLE = Automatic;
				CURRENT_PROJECT_VERSION = 1;
				DEFINES_MODULE = YES;
				DEVELOPMENT_TEAM = Q637DVLY4Q;
				DYLIB_COMPATIBILITY_VERSION = 1;
				DYLIB_CURRENT_VERSION = 1;
				DYLIB_INSTALL_NAME_BASE = "@rpath";
				GENERATE_INFOPLIST_FILE = YES;
				INFOPLIST_KEY_NSHumanReadableCopyright = "";
				INSTALL_PATH = "$(LOCAL_LIBRARY_DIR)/Frameworks";
				IPHONEOS_DEPLOYMENT_TARGET = 16.0;
				LD_RUNPATH_SEARCH_PATHS = (
					"$(inherited)",
					"@executable_path/Frameworks",
					"@loader_path/Frameworks",
				);
				MARKETING_VERSION = 1.0;
				PRODUCT_BUNDLE_IDENTIFIER = com.keepitswift.EssentialFeediOS;
				PRODUCT_NAME = "$(TARGET_NAME:c99extidentifier)";
				SDKROOT = iphoneos;
				SKIP_INSTALL = YES;
				SUPPORTED_PLATFORMS = "iphoneos iphonesimulator";
				SUPPORTS_MACCATALYST = NO;
				SUPPORTS_MAC_DESIGNED_FOR_IPHONE_IPAD = NO;
				SWIFT_EMIT_LOC_STRINGS = YES;
				SWIFT_OPTIMIZATION_LEVEL = "-Onone";
				SWIFT_VERSION = 5.0;
				TARGETED_DEVICE_FAMILY = 1;
			};
			name = Debug;
		};
		D2B0C4B928F176200022ECC0 /* Release */ = {
			isa = XCBuildConfiguration;
			buildSettings = {
				CLANG_ENABLE_MODULES = YES;
				CODE_SIGN_STYLE = Automatic;
				CURRENT_PROJECT_VERSION = 1;
				DEFINES_MODULE = YES;
				DEVELOPMENT_TEAM = Q637DVLY4Q;
				DYLIB_COMPATIBILITY_VERSION = 1;
				DYLIB_CURRENT_VERSION = 1;
				DYLIB_INSTALL_NAME_BASE = "@rpath";
				GENERATE_INFOPLIST_FILE = YES;
				INFOPLIST_KEY_NSHumanReadableCopyright = "";
				INSTALL_PATH = "$(LOCAL_LIBRARY_DIR)/Frameworks";
				IPHONEOS_DEPLOYMENT_TARGET = 16.0;
				LD_RUNPATH_SEARCH_PATHS = (
					"$(inherited)",
					"@executable_path/Frameworks",
					"@loader_path/Frameworks",
				);
				MARKETING_VERSION = 1.0;
				PRODUCT_BUNDLE_IDENTIFIER = com.keepitswift.EssentialFeediOS;
				PRODUCT_NAME = "$(TARGET_NAME:c99extidentifier)";
				SDKROOT = iphoneos;
				SKIP_INSTALL = YES;
				SUPPORTED_PLATFORMS = "iphoneos iphonesimulator";
				SUPPORTS_MACCATALYST = NO;
				SUPPORTS_MAC_DESIGNED_FOR_IPHONE_IPAD = NO;
				SWIFT_EMIT_LOC_STRINGS = YES;
				SWIFT_VERSION = 5.0;
				TARGETED_DEVICE_FAMILY = 1;
				VALIDATE_PRODUCT = YES;
			};
			name = Release;
		};
		D2B0C4BB28F176200022ECC0 /* Debug */ = {
			isa = XCBuildConfiguration;
			buildSettings = {
				ALWAYS_EMBED_SWIFT_STANDARD_LIBRARIES = YES;
				CLANG_ENABLE_MODULES = YES;
				CODE_SIGN_STYLE = Automatic;
				CURRENT_PROJECT_VERSION = 1;
				DEVELOPMENT_TEAM = Q637DVLY4Q;
				GENERATE_INFOPLIST_FILE = YES;
				IPHONEOS_DEPLOYMENT_TARGET = 16.0;
				LD_RUNPATH_SEARCH_PATHS = (
					"$(inherited)",
					"@executable_path/Frameworks",
					"@loader_path/Frameworks",
				);
				MARKETING_VERSION = 1.0;
				PRODUCT_BUNDLE_IDENTIFIER = com.keepitswift.EssentialFeediOSTests;
				PRODUCT_NAME = "$(TARGET_NAME)";
				SDKROOT = iphoneos;
				SUPPORTED_PLATFORMS = "iphoneos iphonesimulator";
				SUPPORTS_MACCATALYST = NO;
				SUPPORTS_MAC_DESIGNED_FOR_IPHONE_IPAD = NO;
				SWIFT_EMIT_LOC_STRINGS = NO;
				SWIFT_OPTIMIZATION_LEVEL = "-Onone";
				SWIFT_VERSION = 5.0;
				TARGETED_DEVICE_FAMILY = 1;
			};
			name = Debug;
		};
		D2B0C4BC28F176200022ECC0 /* Release */ = {
			isa = XCBuildConfiguration;
			buildSettings = {
				ALWAYS_EMBED_SWIFT_STANDARD_LIBRARIES = YES;
				CLANG_ENABLE_MODULES = YES;
				CODE_SIGN_STYLE = Automatic;
				CURRENT_PROJECT_VERSION = 1;
				DEVELOPMENT_TEAM = Q637DVLY4Q;
				GENERATE_INFOPLIST_FILE = YES;
				IPHONEOS_DEPLOYMENT_TARGET = 16.0;
				LD_RUNPATH_SEARCH_PATHS = (
					"$(inherited)",
					"@executable_path/Frameworks",
					"@loader_path/Frameworks",
				);
				MARKETING_VERSION = 1.0;
				PRODUCT_BUNDLE_IDENTIFIER = com.keepitswift.EssentialFeediOSTests;
				PRODUCT_NAME = "$(TARGET_NAME)";
				SDKROOT = iphoneos;
				SUPPORTED_PLATFORMS = "iphoneos iphonesimulator";
				SUPPORTS_MACCATALYST = NO;
				SUPPORTS_MAC_DESIGNED_FOR_IPHONE_IPAD = NO;
				SWIFT_EMIT_LOC_STRINGS = NO;
				SWIFT_VERSION = 5.0;
				TARGETED_DEVICE_FAMILY = 1;
				VALIDATE_PRODUCT = YES;
			};
			name = Release;
		};
		D2BA8BED28EC755600C09910 /* Debug */ = {
			isa = XCBuildConfiguration;
			buildSettings = {
				CODE_SIGN_STYLE = Automatic;
				CURRENT_PROJECT_VERSION = 1;
				DEVELOPMENT_TEAM = Q637DVLY4Q;
				GENERATE_INFOPLIST_FILE = YES;
				IPHONEOS_DEPLOYMENT_TARGET = 16.0;
				MARKETING_VERSION = 1.0;
				PRODUCT_BUNDLE_IDENTIFIER = com.keepitswift.EssentialFeedAPIEndToEndTests;
				PRODUCT_NAME = "$(TARGET_NAME)";
				SUPPORTED_PLATFORMS = "iphoneos iphonesimulator macosx";
				SUPPORTS_MACCATALYST = NO;
				SUPPORTS_MAC_DESIGNED_FOR_IPHONE_IPAD = NO;
				SWIFT_EMIT_LOC_STRINGS = NO;
				SWIFT_VERSION = 5.0;
				TARGETED_DEVICE_FAMILY = 1;
			};
			name = Debug;
		};
		D2BA8BEE28EC755600C09910 /* Release */ = {
			isa = XCBuildConfiguration;
			buildSettings = {
				CODE_SIGN_STYLE = Automatic;
				CURRENT_PROJECT_VERSION = 1;
				DEVELOPMENT_TEAM = Q637DVLY4Q;
				GENERATE_INFOPLIST_FILE = YES;
				IPHONEOS_DEPLOYMENT_TARGET = 16.0;
				MARKETING_VERSION = 1.0;
				PRODUCT_BUNDLE_IDENTIFIER = com.keepitswift.EssentialFeedAPIEndToEndTests;
				PRODUCT_NAME = "$(TARGET_NAME)";
				SUPPORTED_PLATFORMS = "iphoneos iphonesimulator macosx";
				SUPPORTS_MACCATALYST = NO;
				SUPPORTS_MAC_DESIGNED_FOR_IPHONE_IPAD = NO;
				SWIFT_EMIT_LOC_STRINGS = NO;
				SWIFT_VERSION = 5.0;
				TARGETED_DEVICE_FAMILY = 1;
			};
			name = Release;
		};
/* End XCBuildConfiguration section */

/* Begin XCConfigurationList section */
		D218D9BF28F0642B0085B6A9 /* Build configuration list for PBXNativeTarget "EssentialFeedCacheIntegrationTests" */ = {
			isa = XCConfigurationList;
			buildConfigurations = (
				D218D9BD28F0642B0085B6A9 /* Debug */,
				D218D9BE28F0642B0085B6A9 /* Release */,
			);
			defaultConfigurationIsVisible = 0;
			defaultConfigurationName = Release;
		};
		D25BB79428EB24EF00CC1118 /* Build configuration list for PBXProject "EssentialFeed" */ = {
			isa = XCConfigurationList;
			buildConfigurations = (
				D25BB7AA28EB24EF00CC1118 /* Debug */,
				D25BB7AB28EB24EF00CC1118 /* Release */,
			);
			defaultConfigurationIsVisible = 0;
			defaultConfigurationName = Release;
		};
		D25BB7AC28EB24EF00CC1118 /* Build configuration list for PBXNativeTarget "EssentialFeed" */ = {
			isa = XCConfigurationList;
			buildConfigurations = (
				D25BB7AD28EB24EF00CC1118 /* Debug */,
				D25BB7AE28EB24EF00CC1118 /* Release */,
			);
			defaultConfigurationIsVisible = 0;
			defaultConfigurationName = Release;
		};
		D25BB7AF28EB24EF00CC1118 /* Build configuration list for PBXNativeTarget "EssentialFeedTests" */ = {
			isa = XCConfigurationList;
			buildConfigurations = (
				D25BB7B028EB24EF00CC1118 /* Debug */,
				D25BB7B128EB24EF00CC1118 /* Release */,
			);
			defaultConfigurationIsVisible = 0;
			defaultConfigurationName = Release;
		};
		D2B0C4B728F176200022ECC0 /* Build configuration list for PBXNativeTarget "EssentialFeediOS" */ = {
			isa = XCConfigurationList;
			buildConfigurations = (
				D2B0C4B828F176200022ECC0 /* Debug */,
				D2B0C4B928F176200022ECC0 /* Release */,
			);
			defaultConfigurationIsVisible = 0;
			defaultConfigurationName = Release;
		};
		D2B0C4BA28F176200022ECC0 /* Build configuration list for PBXNativeTarget "EssentialFeediOSTests" */ = {
			isa = XCConfigurationList;
			buildConfigurations = (
				D2B0C4BB28F176200022ECC0 /* Debug */,
				D2B0C4BC28F176200022ECC0 /* Release */,
			);
			defaultConfigurationIsVisible = 0;
			defaultConfigurationName = Release;
		};
		D2BA8BEC28EC755600C09910 /* Build configuration list for PBXNativeTarget "EssentialFeedAPIEndToEndTests" */ = {
			isa = XCConfigurationList;
			buildConfigurations = (
				D2BA8BED28EC755600C09910 /* Debug */,
				D2BA8BEE28EC755600C09910 /* Release */,
			);
			defaultConfigurationIsVisible = 0;
			defaultConfigurationName = Release;
		};
/* End XCConfigurationList section */

/* Begin XCVersionGroup section */
		D22FA24C28F05A6800810C1C /* FeedStore.xcdatamodeld */ = {
			isa = XCVersionGroup;
			children = (
				D22FA24D28F05A6800810C1C /* FeedStore.xcdatamodel */,
			);
			currentVersion = D22FA24D28F05A6800810C1C /* FeedStore.xcdatamodel */;
			path = FeedStore.xcdatamodeld;
			sourceTree = "<group>";
			versionGroupType = wrapper.xcdatamodel;
		};
/* End XCVersionGroup section */
	};
	rootObject = D25BB79128EB24EF00CC1118 /* Project object */;
}
