// !$*UTF8*$!
{
	archiveVersion = 1;
	classes = {
	};
	objectVersion = 56;
	objects = {

/* Begin PBXBuildFile section */
		D26BF2E028FEF01A006CAE11 /* UIRefreshControl+TestHelpers.swift in Sources */ = {isa = PBXBuildFile; fileRef = D26BF2DF28FEF01A006CAE11 /* UIRefreshControl+TestHelpers.swift */; };
		D26BF2E228FEF03B006CAE11 /* UIControl+TestHelpers.swift in Sources */ = {isa = PBXBuildFile; fileRef = D26BF2E128FEF03B006CAE11 /* UIControl+TestHelpers.swift */; };
		D29FFB7428F5B36400AF6FF7 /* AppDelegate.swift in Sources */ = {isa = PBXBuildFile; fileRef = D29FFB7328F5B36400AF6FF7 /* AppDelegate.swift */; };
		D29FFB7628F5B36400AF6FF7 /* SceneDelegate.swift in Sources */ = {isa = PBXBuildFile; fileRef = D29FFB7528F5B36400AF6FF7 /* SceneDelegate.swift */; };
		D29FFB7D28F5B36500AF6FF7 /* Assets.xcassets in Resources */ = {isa = PBXBuildFile; fileRef = D29FFB7C28F5B36500AF6FF7 /* Assets.xcassets */; };
		D29FFB8028F5B36500AF6FF7 /* LaunchScreen.storyboard in Resources */ = {isa = PBXBuildFile; fileRef = D29FFB7E28F5B36500AF6FF7 /* LaunchScreen.storyboard */; };
		D2D5362C28FEEAE5008DE452 /* NullStore.swift in Sources */ = {isa = PBXBuildFile; fileRef = D2D5362B28FEEAE5008DE452 /* NullStore.swift */; };
		D2F7A12928F5B78000146C90 /* EssentialFeed.framework in Frameworks */ = {isa = PBXBuildFile; fileRef = D2F7A12828F5B78000146C90 /* EssentialFeed.framework */; };
		D2F7A12A28F5B78000146C90 /* EssentialFeed.framework in Embed Frameworks */ = {isa = PBXBuildFile; fileRef = D2F7A12828F5B78000146C90 /* EssentialFeed.framework */; settings = {ATTRIBUTES = (CodeSignOnCopy, RemoveHeadersOnCopy, ); }; };
		D2F7A12D28F5B78500146C90 /* EssentialFeediOS.framework in Frameworks */ = {isa = PBXBuildFile; fileRef = D2F7A12C28F5B78500146C90 /* EssentialFeediOS.framework */; };
		D2F7A12E28F5B78500146C90 /* EssentialFeediOS.framework in Embed Frameworks */ = {isa = PBXBuildFile; fileRef = D2F7A12C28F5B78500146C90 /* EssentialFeediOS.framework */; settings = {ATTRIBUTES = (CodeSignOnCopy, RemoveHeadersOnCopy, ); }; };
		D2F7A13028F5B7F400146C90 /* SceneDelegateTests.swift in Sources */ = {isa = PBXBuildFile; fileRef = D2F7A12F28F5B7F400146C90 /* SceneDelegateTests.swift */; };
		D2F7A14528F5BE2300146C90 /* FeedUIIntegrationTests.swift in Sources */ = {isa = PBXBuildFile; fileRef = D2F7A14428F5BE2300146C90 /* FeedUIIntegrationTests.swift */; };
		D2F7A14828F5BED800146C90 /* XCTestCase+MemoryLeakTracking.swift in Sources */ = {isa = PBXBuildFile; fileRef = D2F7A14728F5BED800146C90 /* XCTestCase+MemoryLeakTracking.swift */; };
		D2F7A14A28F5BEF600146C90 /* FeedUIIntegrationTests+LoaderSpy.swift in Sources */ = {isa = PBXBuildFile; fileRef = D2F7A14928F5BEF600146C90 /* FeedUIIntegrationTests+LoaderSpy.swift */; };
		D2F7A14E28F5BF6500146C90 /* SharedTestHelpers.swift in Sources */ = {isa = PBXBuildFile; fileRef = D2F7A14D28F5BF6500146C90 /* SharedTestHelpers.swift */; };
		D2F7A15028F5BFB000146C90 /* FeedUIComposer.swift in Sources */ = {isa = PBXBuildFile; fileRef = D2F7A14F28F5BFB000146C90 /* FeedUIComposer.swift */; };
		D2F7A15428F5C00800146C90 /* WeakRefVirtualProxy.swift in Sources */ = {isa = PBXBuildFile; fileRef = D2F7A15328F5C00800146C90 /* WeakRefVirtualProxy.swift */; };
		D2F7A15728F5C03D00146C90 /* CombineHelpers.swift in Sources */ = {isa = PBXBuildFile; fileRef = D2F7A15628F5C03D00146C90 /* CombineHelpers.swift */; };
		D2F7A15928F5C08200146C90 /* FeedViewAdapter.swift in Sources */ = {isa = PBXBuildFile; fileRef = D2F7A15828F5C08200146C90 /* FeedViewAdapter.swift */; };
		D2F7A15B28F5C0BC00146C90 /* LoadResourcePresentationAdapter.swift in Sources */ = {isa = PBXBuildFile; fileRef = D2F7A15A28F5C0BC00146C90 /* LoadResourcePresentationAdapter.swift */; };
		D2F7A15D28F5C28C00146C90 /* ListViewController+TestHelpers.swift in Sources */ = {isa = PBXBuildFile; fileRef = D2F7A15C28F5C28C00146C90 /* ListViewController+TestHelpers.swift */; };
/* End PBXBuildFile section */

/* Begin PBXContainerItemProxy section */
		D29FFB8728F5B36500AF6FF7 /* PBXContainerItemProxy */ = {
			isa = PBXContainerItemProxy;
			containerPortal = D29FFB6828F5B36400AF6FF7 /* Project object */;
			proxyType = 1;
			remoteGlobalIDString = D29FFB6F28F5B36400AF6FF7;
			remoteInfo = EssentialApp;
		};
/* End PBXContainerItemProxy section */

/* Begin PBXCopyFilesBuildPhase section */
		D2F7A12B28F5B78000146C90 /* Embed Frameworks */ = {
			isa = PBXCopyFilesBuildPhase;
			buildActionMask = 2147483647;
			dstPath = "";
			dstSubfolderSpec = 10;
			files = (
				D2F7A12A28F5B78000146C90 /* EssentialFeed.framework in Embed Frameworks */,
				D2F7A12E28F5B78500146C90 /* EssentialFeediOS.framework in Embed Frameworks */,
			);
			name = "Embed Frameworks";
			runOnlyForDeploymentPostprocessing = 0;
		};
/* End PBXCopyFilesBuildPhase section */

/* Begin PBXFileReference section */
		D26BF2DF28FEF01A006CAE11 /* UIRefreshControl+TestHelpers.swift */ = {isa = PBXFileReference; lastKnownFileType = sourcecode.swift; path = "UIRefreshControl+TestHelpers.swift"; sourceTree = "<group>"; };
		D26BF2E128FEF03B006CAE11 /* UIControl+TestHelpers.swift */ = {isa = PBXFileReference; lastKnownFileType = sourcecode.swift; path = "UIControl+TestHelpers.swift"; sourceTree = "<group>"; };
		D29FFB7028F5B36400AF6FF7 /* EssentialApp.app */ = {isa = PBXFileReference; explicitFileType = wrapper.application; includeInIndex = 0; path = EssentialApp.app; sourceTree = BUILT_PRODUCTS_DIR; };
		D29FFB7328F5B36400AF6FF7 /* AppDelegate.swift */ = {isa = PBXFileReference; lastKnownFileType = sourcecode.swift; path = AppDelegate.swift; sourceTree = "<group>"; };
		D29FFB7528F5B36400AF6FF7 /* SceneDelegate.swift */ = {isa = PBXFileReference; lastKnownFileType = sourcecode.swift; path = SceneDelegate.swift; sourceTree = "<group>"; };
		D29FFB7C28F5B36500AF6FF7 /* Assets.xcassets */ = {isa = PBXFileReference; lastKnownFileType = folder.assetcatalog; path = Assets.xcassets; sourceTree = "<group>"; };
		D29FFB7F28F5B36500AF6FF7 /* Base */ = {isa = PBXFileReference; lastKnownFileType = file.storyboard; name = Base; path = Base.lproj/LaunchScreen.storyboard; sourceTree = "<group>"; };
		D29FFB8128F5B36500AF6FF7 /* Info.plist */ = {isa = PBXFileReference; lastKnownFileType = text.plist.xml; path = Info.plist; sourceTree = "<group>"; };
		D29FFB8628F5B36500AF6FF7 /* EssentialAppTests.xctest */ = {isa = PBXFileReference; explicitFileType = wrapper.cfbundle; includeInIndex = 0; path = EssentialAppTests.xctest; sourceTree = BUILT_PRODUCTS_DIR; };
		D2D5362B28FEEAE5008DE452 /* NullStore.swift */ = {isa = PBXFileReference; lastKnownFileType = sourcecode.swift; path = NullStore.swift; sourceTree = "<group>"; };
		D2F7A12828F5B78000146C90 /* EssentialFeed.framework */ = {isa = PBXFileReference; explicitFileType = wrapper.framework; path = EssentialFeed.framework; sourceTree = BUILT_PRODUCTS_DIR; };
		D2F7A12C28F5B78500146C90 /* EssentialFeediOS.framework */ = {isa = PBXFileReference; explicitFileType = wrapper.framework; path = EssentialFeediOS.framework; sourceTree = BUILT_PRODUCTS_DIR; };
		D2F7A12F28F5B7F400146C90 /* SceneDelegateTests.swift */ = {isa = PBXFileReference; lastKnownFileType = sourcecode.swift; path = SceneDelegateTests.swift; sourceTree = "<group>"; };
		D2F7A14428F5BE2300146C90 /* FeedUIIntegrationTests.swift */ = {isa = PBXFileReference; lastKnownFileType = sourcecode.swift; path = FeedUIIntegrationTests.swift; sourceTree = "<group>"; };
		D2F7A14728F5BED800146C90 /* XCTestCase+MemoryLeakTracking.swift */ = {isa = PBXFileReference; lastKnownFileType = sourcecode.swift; path = "XCTestCase+MemoryLeakTracking.swift"; sourceTree = "<group>"; };
		D2F7A14928F5BEF600146C90 /* FeedUIIntegrationTests+LoaderSpy.swift */ = {isa = PBXFileReference; lastKnownFileType = sourcecode.swift; path = "FeedUIIntegrationTests+LoaderSpy.swift"; sourceTree = "<group>"; };
		D2F7A14D28F5BF6500146C90 /* SharedTestHelpers.swift */ = {isa = PBXFileReference; lastKnownFileType = sourcecode.swift; path = SharedTestHelpers.swift; sourceTree = "<group>"; };
		D2F7A14F28F5BFB000146C90 /* FeedUIComposer.swift */ = {isa = PBXFileReference; lastKnownFileType = sourcecode.swift; path = FeedUIComposer.swift; sourceTree = "<group>"; };
		D2F7A15328F5C00800146C90 /* WeakRefVirtualProxy.swift */ = {isa = PBXFileReference; lastKnownFileType = sourcecode.swift; path = WeakRefVirtualProxy.swift; sourceTree = "<group>"; };
		D2F7A15628F5C03D00146C90 /* CombineHelpers.swift */ = {isa = PBXFileReference; lastKnownFileType = sourcecode.swift; path = CombineHelpers.swift; sourceTree = "<group>"; };
		D2F7A15828F5C08200146C90 /* FeedViewAdapter.swift */ = {isa = PBXFileReference; lastKnownFileType = sourcecode.swift; path = FeedViewAdapter.swift; sourceTree = "<group>"; };
		D2F7A15A28F5C0BC00146C90 /* LoadResourcePresentationAdapter.swift */ = {isa = PBXFileReference; lastKnownFileType = sourcecode.swift; path = LoadResourcePresentationAdapter.swift; sourceTree = "<group>"; };
		D2F7A15C28F5C28C00146C90 /* ListViewController+TestHelpers.swift */ = {isa = PBXFileReference; lastKnownFileType = sourcecode.swift; path = "ListViewController+TestHelpers.swift"; sourceTree = "<group>"; };
/* End PBXFileReference section */

/* Begin PBXFrameworksBuildPhase section */
		D29FFB6D28F5B36400AF6FF7 /* Frameworks */ = {
			isa = PBXFrameworksBuildPhase;
			buildActionMask = 2147483647;
			files = (
				D2F7A12928F5B78000146C90 /* EssentialFeed.framework in Frameworks */,
				D2F7A12D28F5B78500146C90 /* EssentialFeediOS.framework in Frameworks */,
			);
			runOnlyForDeploymentPostprocessing = 0;
		};
		D29FFB8328F5B36500AF6FF7 /* Frameworks */ = {
			isa = PBXFrameworksBuildPhase;
			buildActionMask = 2147483647;
			files = (
			);
			runOnlyForDeploymentPostprocessing = 0;
		};
/* End PBXFrameworksBuildPhase section */

/* Begin PBXGroup section */
		D29FFB6728F5B36400AF6FF7 = {
			isa = PBXGroup;
			children = (
				D29FFB7228F5B36400AF6FF7 /* EssentialApp */,
				D29FFB8928F5B36500AF6FF7 /* EssentialAppTests */,
				D29FFB7128F5B36400AF6FF7 /* Products */,
				D2F7A12728F5B78000146C90 /* Frameworks */,
			);
			sourceTree = "<group>";
		};
		D29FFB7128F5B36400AF6FF7 /* Products */ = {
			isa = PBXGroup;
			children = (
				D29FFB7028F5B36400AF6FF7 /* EssentialApp.app */,
				D29FFB8628F5B36500AF6FF7 /* EssentialAppTests.xctest */,
			);
			name = Products;
			sourceTree = "<group>";
		};
		D29FFB7228F5B36400AF6FF7 /* EssentialApp */ = {
			isa = PBXGroup;
			children = (
				D29FFB7328F5B36400AF6FF7 /* AppDelegate.swift */,
				D29FFB7528F5B36400AF6FF7 /* SceneDelegate.swift */,
				D2F7A15628F5C03D00146C90 /* CombineHelpers.swift */,
				D2F7A14F28F5BFB000146C90 /* FeedUIComposer.swift */,
				D2F7A15328F5C00800146C90 /* WeakRefVirtualProxy.swift */,
				D2F7A15828F5C08200146C90 /* FeedViewAdapter.swift */,
				D2F7A15A28F5C0BC00146C90 /* LoadResourcePresentationAdapter.swift */,
				D2D5362B28FEEAE5008DE452 /* NullStore.swift */,
				D29FFB7C28F5B36500AF6FF7 /* Assets.xcassets */,
				D29FFB7E28F5B36500AF6FF7 /* LaunchScreen.storyboard */,
				D29FFB8128F5B36500AF6FF7 /* Info.plist */,
			);
			path = EssentialApp;
			sourceTree = "<group>";
		};
		D29FFB8928F5B36500AF6FF7 /* EssentialAppTests */ = {
			isa = PBXGroup;
			children = (
				D2F7A14628F5BEC500146C90 /* Helpers */,
				D2F7A12F28F5B7F400146C90 /* SceneDelegateTests.swift */,
				D2F7A14428F5BE2300146C90 /* FeedUIIntegrationTests.swift */,
			);
			path = EssentialAppTests;
			sourceTree = "<group>";
		};
		D2F7A12728F5B78000146C90 /* Frameworks */ = {
			isa = PBXGroup;
			children = (
				D2F7A12C28F5B78500146C90 /* EssentialFeediOS.framework */,
				D2F7A12828F5B78000146C90 /* EssentialFeed.framework */,
			);
			name = Frameworks;
			sourceTree = "<group>";
		};
		D2F7A14628F5BEC500146C90 /* Helpers */ = {
			isa = PBXGroup;
			children = (
				D2F7A14928F5BEF600146C90 /* FeedUIIntegrationTests+LoaderSpy.swift */,
				D2F7A15C28F5C28C00146C90 /* ListViewController+TestHelpers.swift */,
				D2F7A14D28F5BF6500146C90 /* SharedTestHelpers.swift */,
				D26BF2E128FEF03B006CAE11 /* UIControl+TestHelpers.swift */,
				D26BF2DF28FEF01A006CAE11 /* UIRefreshControl+TestHelpers.swift */,
				D2F7A14728F5BED800146C90 /* XCTestCase+MemoryLeakTracking.swift */,
			);
			path = Helpers;
			sourceTree = "<group>";
		};
/* End PBXGroup section */

/* Begin PBXNativeTarget section */
		D29FFB6F28F5B36400AF6FF7 /* EssentialApp */ = {
			isa = PBXNativeTarget;
			buildConfigurationList = D29FFB9A28F5B36500AF6FF7 /* Build configuration list for PBXNativeTarget "EssentialApp" */;
			buildPhases = (
				D29FFB6C28F5B36400AF6FF7 /* Sources */,
				D29FFB6D28F5B36400AF6FF7 /* Frameworks */,
				D29FFB6E28F5B36400AF6FF7 /* Resources */,
				D2F7A12B28F5B78000146C90 /* Embed Frameworks */,
			);
			buildRules = (
			);
			dependencies = (
			);
			name = EssentialApp;
			productName = EssentialApp;
			productReference = D29FFB7028F5B36400AF6FF7 /* EssentialApp.app */;
			productType = "com.apple.product-type.application";
		};
		D29FFB8528F5B36500AF6FF7 /* EssentialAppTests */ = {
			isa = PBXNativeTarget;
			buildConfigurationList = D29FFB9D28F5B36500AF6FF7 /* Build configuration list for PBXNativeTarget "EssentialAppTests" */;
			buildPhases = (
				D29FFB8228F5B36500AF6FF7 /* Sources */,
				D29FFB8328F5B36500AF6FF7 /* Frameworks */,
				D29FFB8428F5B36500AF6FF7 /* Resources */,
			);
			buildRules = (
			);
			dependencies = (
				D29FFB8828F5B36500AF6FF7 /* PBXTargetDependency */,
			);
			name = EssentialAppTests;
			productName = EssentialAppTests;
			productReference = D29FFB8628F5B36500AF6FF7 /* EssentialAppTests.xctest */;
			productType = "com.apple.product-type.bundle.unit-test";
		};
/* End PBXNativeTarget section */

/* Begin PBXProject section */
		D29FFB6828F5B36400AF6FF7 /* Project object */ = {
			isa = PBXProject;
			attributes = {
				BuildIndependentTargetsInParallel = 1;
				LastSwiftUpdateCheck = 1400;
				LastUpgradeCheck = 1400;
				TargetAttributes = {
					D29FFB6F28F5B36400AF6FF7 = {
						CreatedOnToolsVersion = 14.0.1;
					};
					D29FFB8528F5B36500AF6FF7 = {
						CreatedOnToolsVersion = 14.0.1;
						LastSwiftMigration = 1400;
						TestTargetID = D29FFB6F28F5B36400AF6FF7;
					};
				};
			};
			buildConfigurationList = D29FFB6B28F5B36400AF6FF7 /* Build configuration list for PBXProject "EssentialApp" */;
			compatibilityVersion = "Xcode 14.0";
			developmentRegion = en;
			hasScannedForEncodings = 0;
			knownRegions = (
				en,
				Base,
			);
			mainGroup = D29FFB6728F5B36400AF6FF7;
			productRefGroup = D29FFB7128F5B36400AF6FF7 /* Products */;
			projectDirPath = "";
			projectRoot = "";
			targets = (
				D29FFB6F28F5B36400AF6FF7 /* EssentialApp */,
				D29FFB8528F5B36500AF6FF7 /* EssentialAppTests */,
			);
		};
/* End PBXProject section */

/* Begin PBXResourcesBuildPhase section */
		D29FFB6E28F5B36400AF6FF7 /* Resources */ = {
			isa = PBXResourcesBuildPhase;
			buildActionMask = 2147483647;
			files = (
				D29FFB8028F5B36500AF6FF7 /* LaunchScreen.storyboard in Resources */,
				D29FFB7D28F5B36500AF6FF7 /* Assets.xcassets in Resources */,
			);
			runOnlyForDeploymentPostprocessing = 0;
		};
		D29FFB8428F5B36500AF6FF7 /* Resources */ = {
			isa = PBXResourcesBuildPhase;
			buildActionMask = 2147483647;
			files = (
			);
			runOnlyForDeploymentPostprocessing = 0;
		};
/* End PBXResourcesBuildPhase section */

/* Begin PBXSourcesBuildPhase section */
		D29FFB6C28F5B36400AF6FF7 /* Sources */ = {
			isa = PBXSourcesBuildPhase;
			buildActionMask = 2147483647;
			files = (
				D29FFB7428F5B36400AF6FF7 /* AppDelegate.swift in Sources */,
				D2F7A15028F5BFB000146C90 /* FeedUIComposer.swift in Sources */,
				D2D5362C28FEEAE5008DE452 /* NullStore.swift in Sources */,
				D2F7A15428F5C00800146C90 /* WeakRefVirtualProxy.swift in Sources */,
				D2F7A15728F5C03D00146C90 /* CombineHelpers.swift in Sources */,
				D2F7A15B28F5C0BC00146C90 /* LoadResourcePresentationAdapter.swift in Sources */,
				D2F7A15928F5C08200146C90 /* FeedViewAdapter.swift in Sources */,
				D29FFB7628F5B36400AF6FF7 /* SceneDelegate.swift in Sources */,
			);
			runOnlyForDeploymentPostprocessing = 0;
		};
		D29FFB8228F5B36500AF6FF7 /* Sources */ = {
			isa = PBXSourcesBuildPhase;
			buildActionMask = 2147483647;
			files = (
				D2F7A15D28F5C28C00146C90 /* ListViewController+TestHelpers.swift in Sources */,
				D2F7A14A28F5BEF600146C90 /* FeedUIIntegrationTests+LoaderSpy.swift in Sources */,
				D2F7A14528F5BE2300146C90 /* FeedUIIntegrationTests.swift in Sources */,
				D26BF2E228FEF03B006CAE11 /* UIControl+TestHelpers.swift in Sources */,
				D2F7A14E28F5BF6500146C90 /* SharedTestHelpers.swift in Sources */,
				D26BF2E028FEF01A006CAE11 /* UIRefreshControl+TestHelpers.swift in Sources */,
				D2F7A13028F5B7F400146C90 /* SceneDelegateTests.swift in Sources */,
				D2F7A14828F5BED800146C90 /* XCTestCase+MemoryLeakTracking.swift in Sources */,
			);
			runOnlyForDeploymentPostprocessing = 0;
		};
/* End PBXSourcesBuildPhase section */

/* Begin PBXTargetDependency section */
		D29FFB8828F5B36500AF6FF7 /* PBXTargetDependency */ = {
			isa = PBXTargetDependency;
			target = D29FFB6F28F5B36400AF6FF7 /* EssentialApp */;
			targetProxy = D29FFB8728F5B36500AF6FF7 /* PBXContainerItemProxy */;
		};
/* End PBXTargetDependency section */

/* Begin PBXVariantGroup section */
		D29FFB7E28F5B36500AF6FF7 /* LaunchScreen.storyboard */ = {
			isa = PBXVariantGroup;
			children = (
				D29FFB7F28F5B36500AF6FF7 /* Base */,
			);
			name = LaunchScreen.storyboard;
			sourceTree = "<group>";
		};
/* End PBXVariantGroup section */

/* Begin XCBuildConfiguration section */
		D29FFB9828F5B36500AF6FF7 /* Debug */ = {
			isa = XCBuildConfiguration;
			buildSettings = {
				ALWAYS_SEARCH_USER_PATHS = NO;
				CLANG_ANALYZER_NONNULL = YES;
				CLANG_ANALYZER_NUMBER_OBJECT_CONVERSION = YES_AGGRESSIVE;
				CLANG_CXX_LANGUAGE_STANDARD = "gnu++20";
				CLANG_ENABLE_MODULES = YES;
				CLANG_ENABLE_OBJC_ARC = YES;
				CLANG_ENABLE_OBJC_WEAK = YES;
				CLANG_WARN_BLOCK_CAPTURE_AUTORELEASING = YES;
				CLANG_WARN_BOOL_CONVERSION = YES;
				CLANG_WARN_COMMA = YES;
				CLANG_WARN_CONSTANT_CONVERSION = YES;
				CLANG_WARN_DEPRECATED_OBJC_IMPLEMENTATIONS = YES;
				CLANG_WARN_DIRECT_OBJC_ISA_USAGE = YES_ERROR;
				CLANG_WARN_DOCUMENTATION_COMMENTS = YES;
				CLANG_WARN_EMPTY_BODY = YES;
				CLANG_WARN_ENUM_CONVERSION = YES;
				CLANG_WARN_INFINITE_RECURSION = YES;
				CLANG_WARN_INT_CONVERSION = YES;
				CLANG_WARN_NON_LITERAL_NULL_CONVERSION = YES;
				CLANG_WARN_OBJC_IMPLICIT_RETAIN_SELF = YES;
				CLANG_WARN_OBJC_LITERAL_CONVERSION = YES;
				CLANG_WARN_OBJC_ROOT_CLASS = YES_ERROR;
				CLANG_WARN_QUOTED_INCLUDE_IN_FRAMEWORK_HEADER = YES;
				CLANG_WARN_RANGE_LOOP_ANALYSIS = YES;
				CLANG_WARN_STRICT_PROTOTYPES = YES;
				CLANG_WARN_SUSPICIOUS_MOVE = YES;
				CLANG_WARN_UNGUARDED_AVAILABILITY = YES_AGGRESSIVE;
				CLANG_WARN_UNREACHABLE_CODE = YES;
				CLANG_WARN__DUPLICATE_METHOD_MATCH = YES;
				COPY_PHASE_STRIP = NO;
				DEBUG_INFORMATION_FORMAT = dwarf;
				ENABLE_STRICT_OBJC_MSGSEND = YES;
				ENABLE_TESTABILITY = YES;
				GCC_C_LANGUAGE_STANDARD = gnu11;
				GCC_DYNAMIC_NO_PIC = NO;
				GCC_NO_COMMON_BLOCKS = YES;
				GCC_OPTIMIZATION_LEVEL = 0;
				GCC_PREPROCESSOR_DEFINITIONS = (
					"DEBUG=1",
					"$(inherited)",
				);
				GCC_WARN_64_TO_32_BIT_CONVERSION = YES;
				GCC_WARN_ABOUT_RETURN_TYPE = YES_ERROR;
				GCC_WARN_UNDECLARED_SELECTOR = YES;
				GCC_WARN_UNINITIALIZED_AUTOS = YES_AGGRESSIVE;
				GCC_WARN_UNUSED_FUNCTION = YES;
				GCC_WARN_UNUSED_VARIABLE = YES;
				IPHONEOS_DEPLOYMENT_TARGET = 16.0;
				MTL_ENABLE_DEBUG_INFO = INCLUDE_SOURCE;
				MTL_FAST_MATH = YES;
				ONLY_ACTIVE_ARCH = YES;
				SDKROOT = iphoneos;
				SWIFT_ACTIVE_COMPILATION_CONDITIONS = DEBUG;
				SWIFT_OPTIMIZATION_LEVEL = "-Onone";
			};
			name = Debug;
		};
		D29FFB9928F5B36500AF6FF7 /* Release */ = {
			isa = XCBuildConfiguration;
			buildSettings = {
				ALWAYS_SEARCH_USER_PATHS = NO;
				CLANG_ANALYZER_NONNULL = YES;
				CLANG_ANALYZER_NUMBER_OBJECT_CONVERSION = YES_AGGRESSIVE;
				CLANG_CXX_LANGUAGE_STANDARD = "gnu++20";
				CLANG_ENABLE_MODULES = YES;
				CLANG_ENABLE_OBJC_ARC = YES;
				CLANG_ENABLE_OBJC_WEAK = YES;
				CLANG_WARN_BLOCK_CAPTURE_AUTORELEASING = YES;
				CLANG_WARN_BOOL_CONVERSION = YES;
				CLANG_WARN_COMMA = YES;
				CLANG_WARN_CONSTANT_CONVERSION = YES;
				CLANG_WARN_DEPRECATED_OBJC_IMPLEMENTATIONS = YES;
				CLANG_WARN_DIRECT_OBJC_ISA_USAGE = YES_ERROR;
				CLANG_WARN_DOCUMENTATION_COMMENTS = YES;
				CLANG_WARN_EMPTY_BODY = YES;
				CLANG_WARN_ENUM_CONVERSION = YES;
				CLANG_WARN_INFINITE_RECURSION = YES;
				CLANG_WARN_INT_CONVERSION = YES;
				CLANG_WARN_NON_LITERAL_NULL_CONVERSION = YES;
				CLANG_WARN_OBJC_IMPLICIT_RETAIN_SELF = YES;
				CLANG_WARN_OBJC_LITERAL_CONVERSION = YES;
				CLANG_WARN_OBJC_ROOT_CLASS = YES_ERROR;
				CLANG_WARN_QUOTED_INCLUDE_IN_FRAMEWORK_HEADER = YES;
				CLANG_WARN_RANGE_LOOP_ANALYSIS = YES;
				CLANG_WARN_STRICT_PROTOTYPES = YES;
				CLANG_WARN_SUSPICIOUS_MOVE = YES;
				CLANG_WARN_UNGUARDED_AVAILABILITY = YES_AGGRESSIVE;
				CLANG_WARN_UNREACHABLE_CODE = YES;
				CLANG_WARN__DUPLICATE_METHOD_MATCH = YES;
				COPY_PHASE_STRIP = NO;
				DEBUG_INFORMATION_FORMAT = "dwarf-with-dsym";
				ENABLE_NS_ASSERTIONS = NO;
				ENABLE_STRICT_OBJC_MSGSEND = YES;
				GCC_C_LANGUAGE_STANDARD = gnu11;
				GCC_NO_COMMON_BLOCKS = YES;
				GCC_WARN_64_TO_32_BIT_CONVERSION = YES;
				GCC_WARN_ABOUT_RETURN_TYPE = YES_ERROR;
				GCC_WARN_UNDECLARED_SELECTOR = YES;
				GCC_WARN_UNINITIALIZED_AUTOS = YES_AGGRESSIVE;
				GCC_WARN_UNUSED_FUNCTION = YES;
				GCC_WARN_UNUSED_VARIABLE = YES;
				IPHONEOS_DEPLOYMENT_TARGET = 16.0;
				MTL_ENABLE_DEBUG_INFO = NO;
				MTL_FAST_MATH = YES;
				SDKROOT = iphoneos;
				SWIFT_COMPILATION_MODE = wholemodule;
				SWIFT_OPTIMIZATION_LEVEL = "-O";
				VALIDATE_PRODUCT = YES;
			};
			name = Release;
		};
		D29FFB9B28F5B36500AF6FF7 /* Debug */ = {
			isa = XCBuildConfiguration;
			buildSettings = {
				ASSETCATALOG_COMPILER_APPICON_NAME = AppIcon;
				ASSETCATALOG_COMPILER_GLOBAL_ACCENT_COLOR_NAME = AccentColor;
				CODE_SIGN_STYLE = Automatic;
				CURRENT_PROJECT_VERSION = 1;
				DEVELOPMENT_TEAM = Q637DVLY4Q;
				GENERATE_INFOPLIST_FILE = YES;
				INFOPLIST_FILE = EssentialApp/Info.plist;
				INFOPLIST_KEY_UIApplicationSupportsIndirectInputEvents = YES;
				INFOPLIST_KEY_UILaunchStoryboardName = LaunchScreen;
				INFOPLIST_KEY_UISupportedInterfaceOrientations = UIInterfaceOrientationPortrait;
				INFOPLIST_KEY_UISupportedInterfaceOrientations_iPad = "UIInterfaceOrientationLandscapeLeft UIInterfaceOrientationLandscapeRight UIInterfaceOrientationPortrait UIInterfaceOrientationPortraitUpsideDown";
				LD_RUNPATH_SEARCH_PATHS = (
					"$(inherited)",
					"@executable_path/Frameworks",
				);
				MARKETING_VERSION = 1.0;
				PRODUCT_BUNDLE_IDENTIFIER = com.keepitswift.EssentialApp;
				PRODUCT_NAME = "$(TARGET_NAME)";
				SUPPORTED_PLATFORMS = "iphoneos iphonesimulator";
				SUPPORTS_MACCATALYST = NO;
				SUPPORTS_MAC_DESIGNED_FOR_IPHONE_IPAD = NO;
				SWIFT_EMIT_LOC_STRINGS = YES;
				SWIFT_VERSION = 5.0;
				TARGETED_DEVICE_FAMILY = 1;
			};
			name = Debug;
		};
		D29FFB9C28F5B36500AF6FF7 /* Release */ = {
			isa = XCBuildConfiguration;
			buildSettings = {
				ASSETCATALOG_COMPILER_APPICON_NAME = AppIcon;
				ASSETCATALOG_COMPILER_GLOBAL_ACCENT_COLOR_NAME = AccentColor;
				CODE_SIGN_STYLE = Automatic;
				CURRENT_PROJECT_VERSION = 1;
				DEVELOPMENT_TEAM = Q637DVLY4Q;
				GENERATE_INFOPLIST_FILE = YES;
				INFOPLIST_FILE = EssentialApp/Info.plist;
				INFOPLIST_KEY_UIApplicationSupportsIndirectInputEvents = YES;
				INFOPLIST_KEY_UILaunchStoryboardName = LaunchScreen;
				INFOPLIST_KEY_UISupportedInterfaceOrientations = UIInterfaceOrientationPortrait;
				INFOPLIST_KEY_UISupportedInterfaceOrientations_iPad = "UIInterfaceOrientationLandscapeLeft UIInterfaceOrientationLandscapeRight UIInterfaceOrientationPortrait UIInterfaceOrientationPortraitUpsideDown";
				LD_RUNPATH_SEARCH_PATHS = (
					"$(inherited)",
					"@executable_path/Frameworks",
				);
				MARKETING_VERSION = 1.0;
				PRODUCT_BUNDLE_IDENTIFIER = com.keepitswift.EssentialApp;
				PRODUCT_NAME = "$(TARGET_NAME)";
				SUPPORTED_PLATFORMS = "iphoneos iphonesimulator";
				SUPPORTS_MACCATALYST = NO;
				SUPPORTS_MAC_DESIGNED_FOR_IPHONE_IPAD = NO;
				SWIFT_EMIT_LOC_STRINGS = YES;
				SWIFT_VERSION = 5.0;
				TARGETED_DEVICE_FAMILY = 1;
			};
			name = Release;
		};
		D29FFB9E28F5B36500AF6FF7 /* Debug */ = {
			isa = XCBuildConfiguration;
			buildSettings = {
				ALWAYS_EMBED_SWIFT_STANDARD_LIBRARIES = YES;
				BUNDLE_LOADER = "$(TEST_HOST)";
				CLANG_ENABLE_MODULES = YES;
				CODE_SIGN_STYLE = Automatic;
				CURRENT_PROJECT_VERSION = 1;
				DEVELOPMENT_TEAM = Q637DVLY4Q;
				GENERATE_INFOPLIST_FILE = YES;
				IPHONEOS_DEPLOYMENT_TARGET = 16.0;
				LD_RUNPATH_SEARCH_PATHS = (
					"$(inherited)",
					"@executable_path/Frameworks",
					"@loader_path/Frameworks",
				);
				MARKETING_VERSION = 1.0;
				PRODUCT_BUNDLE_IDENTIFIER = com.keepitswift.EssentialAppTests;
				PRODUCT_NAME = "$(TARGET_NAME)";
				SWIFT_EMIT_LOC_STRINGS = NO;
				SWIFT_OPTIMIZATION_LEVEL = "-Onone";
				SWIFT_VERSION = 5.0;
				TARGETED_DEVICE_FAMILY = "1,2";
				TEST_HOST = "$(BUILT_PRODUCTS_DIR)/EssentialApp.app/$(BUNDLE_EXECUTABLE_FOLDER_PATH)/EssentialApp";
			};
			name = Debug;
		};
		D29FFB9F28F5B36500AF6FF7 /* Release */ = {
			isa = XCBuildConfiguration;
			buildSettings = {
				ALWAYS_EMBED_SWIFT_STANDARD_LIBRARIES = YES;
				BUNDLE_LOADER = "$(TEST_HOST)";
				CLANG_ENABLE_MODULES = YES;
				CODE_SIGN_STYLE = Automatic;
				CURRENT_PROJECT_VERSION = 1;
				DEVELOPMENT_TEAM = Q637DVLY4Q;
				GENERATE_INFOPLIST_FILE = YES;
				IPHONEOS_DEPLOYMENT_TARGET = 16.0;
				LD_RUNPATH_SEARCH_PATHS = (
					"$(inherited)",
					"@executable_path/Frameworks",
					"@loader_path/Frameworks",
				);
				MARKETING_VERSION = 1.0;
				PRODUCT_BUNDLE_IDENTIFIER = com.keepitswift.EssentialAppTests;
				PRODUCT_NAME = "$(TARGET_NAME)";
				SWIFT_EMIT_LOC_STRINGS = NO;
				SWIFT_VERSION = 5.0;
				TARGETED_DEVICE_FAMILY = "1,2";
				TEST_HOST = "$(BUILT_PRODUCTS_DIR)/EssentialApp.app/$(BUNDLE_EXECUTABLE_FOLDER_PATH)/EssentialApp";
			};
			name = Release;
		};
/* End XCBuildConfiguration section */

/* Begin XCConfigurationList section */
		D29FFB6B28F5B36400AF6FF7 /* Build configuration list for PBXProject "EssentialApp" */ = {
			isa = XCConfigurationList;
			buildConfigurations = (
				D29FFB9828F5B36500AF6FF7 /* Debug */,
				D29FFB9928F5B36500AF6FF7 /* Release */,
			);
			defaultConfigurationIsVisible = 0;
			defaultConfigurationName = Release;
		};
		D29FFB9A28F5B36500AF6FF7 /* Build configuration list for PBXNativeTarget "EssentialApp" */ = {
			isa = XCConfigurationList;
			buildConfigurations = (
				D29FFB9B28F5B36500AF6FF7 /* Debug */,
				D29FFB9C28F5B36500AF6FF7 /* Release */,
			);
			defaultConfigurationIsVisible = 0;
			defaultConfigurationName = Release;
		};
		D29FFB9D28F5B36500AF6FF7 /* Build configuration list for PBXNativeTarget "EssentialAppTests" */ = {
			isa = XCConfigurationList;
			buildConfigurations = (
				D29FFB9E28F5B36500AF6FF7 /* Debug */,
				D29FFB9F28F5B36500AF6FF7 /* Release */,
			);
			defaultConfigurationIsVisible = 0;
			defaultConfigurationName = Release;
		};
/* End XCConfigurationList section */
	};
	rootObject = D29FFB6828F5B36400AF6FF7 /* Project object */;
}
